{
  "version": 4,
  "terraform_version": "1.13.4",
  "serial": 112,
  "lineage": "5d256681-d572-a547-bfe5-8356682cbf72",
  "outputs": {
    "application_url": {
      "value": "https://credentialmate.com",
      "type": "string"
    },
    "cloudwatch_dashboard_url": {
      "value": "https://console.aws.amazon.com/cloudwatch/home?region=us-east-1#dashboards:name=credentialmate-production-dashboard",
      "type": "string"
    },
    "deployment_info": {
      "value": "============================================\r\nCredentialMate Infrastructure Deployed!\r\n============================================\r\n\r\nApplication URL: https://credentialmate.com\r\nEC2 Elastic IP: 34.237.12.133\r\nEC2 Instance: i-094c40dd6e5872ceb\r\nRDS Endpoint: credentialmate-production-db.cm1ksgqm0c00.us-east-1.rds.amazonaws.com:5432\r\n\r\nNext Steps:\r\n1. Verify DNS points to EC2:\r\n   - Domain should resolve to 34.237.12.133\r\n\r\n2. Setup Let's Encrypt SSL:\r\n   - SSH to EC2 and run certbot\r\n   - certbot certonly --standalone -d credentialmate.com -d www.credentialmate.com\r\n\r\n3. Deploy application:\r\n   - SSH to EC2: ssh -i \u003ckey\u003e.pem ec2-user@34.237.12.133\r\n   - Run deployment: /opt/credentialmate/deploy.sh --seed\r\n\r\n4. Monitor application:\r\n   - Dashboard: credentialmate-production-dashboard\r\n   - Logs: /aws/credentialmate/production/application\r\n\r\n5. Access Secrets Manager:\r\n   - Database: credentialmate/production/database\r\n   - App Secrets: credentialmate/production/app\r\n\r\nCost Estimate:\r\n- EC2 t3.micro: ~$7.66/month\r\n- RDS t4g.micro: ~$11.05/month\r\n- NAT Gateway: ~$32/month (optional, can disable)\r\n- Total: ~$20-50/month for 10 users\r\n\r\n============================================\r\n",
      "type": "string"
    },
    "domain_name": {
      "value": "credentialmate.com",
      "type": "string"
    },
    "ec2_instance_id": {
      "value": "i-094c40dd6e5872ceb",
      "type": "string"
    },
    "ec2_instance_public_dns": {
      "value": "ec2-34-230-13-92.compute-1.amazonaws.com",
      "type": "string"
    },
    "ec2_private_ip": {
      "value": "10.0.1.164",
      "type": "string"
    },
    "ec2_public_ip": {
      "value": "34.237.12.133",
      "type": "string"
    },
    "kms_key_ids": {
      "value": {
        "rds": "5c2ccc6a-54b2-454a-8342-849ffd5330a0",
        "s3": "95c2172c-1edf-4424-8549-d13158bca5c2"
      },
      "type": [
        "object",
        {
          "rds": "string",
          "s3": "string"
        }
      ],
      "sensitive": true
    },
    "monitoring_dashboard": {
      "value": "credentialmate-production-dashboard",
      "type": "string"
    },
    "nameservers_instructions": {
      "value": "Using existing Route53 hosted zone",
      "type": "string"
    },
    "private_subnet_ids": {
      "value": [
        "subnet-0cb2c348da91d59dd",
        "subnet-071034a9d6ecbba3c"
      ],
      "type": [
        "tuple",
        [
          "string",
          "string"
        ]
      ]
    },
    "public_subnet_ids": {
      "value": [
        "subnet-02fbb6a2b6ba799e1",
        "subnet-099fe69e264deb069"
      ],
      "type": [
        "tuple",
        [
          "string",
          "string"
        ]
      ]
    },
    "rds_connection_string": {
      "value": "postgresql://credentialmate:EpYaiJvMCWEsuFBoSsbAW29zi6a+20TJ@credentialmate-production-db.cm1ksgqm0c00.us-east-1.rds.amazonaws.com:5432/credentialmate",
      "type": "string",
      "sensitive": true
    },
    "rds_database_name": {
      "value": "credentialmate",
      "type": "string"
    },
    "rds_endpoint": {
      "value": "credentialmate-production-db.cm1ksgqm0c00.us-east-1.rds.amazonaws.com:5432",
      "type": "string",
      "sensitive": true
    },
    "rds_instance_id": {
      "value": "db-AETFDG3S25LKL3OXQNWXPHAHGI",
      "type": "string"
    },
    "route53_nameservers": {
      "value": [
        "Using existing zone"
      ],
      "type": [
        "tuple",
        [
          "string"
        ]
      ]
    },
    "route53_zone_id": {
      "value": "Z00320409BFWAM57MKQD",
      "type": "string"
    },
    "s3_bucket_region": {
      "value": "us-east-1",
      "type": "string"
    },
    "s3_documents_bucket_arn": {
      "value": "arn:aws:s3:::credentialmate-production-documents",
      "type": "string"
    },
    "s3_documents_bucket_name": {
      "value": "credentialmate-production-documents",
      "type": "string"
    },
    "sns_topic_arn": {
      "value": "No alarm email configured",
      "type": "string"
    },
    "vpc_id": {
      "value": "vpc-009c7a92b2822fd82",
      "type": "string"
    }
  },
  "resources": [
    {
      "mode": "data",
      "type": "aws_ami",
      "name": "amazon_linux_2023",
      "provider": "provider[\"registry.terraform.io/hashicorp/aws\"]",
      "instances": [
        {
          "schema_version": 0,
          "attributes": {
            "architecture": "x86_64",
            "arn": "arn:aws:ec2:us-east-1::image/ami-03f4588dde8fcd614",
            "block_device_mappings": [
              {
                "device_name": "/dev/xvda",
                "ebs": {
                  "delete_on_termination": "true",
                  "encrypted": "false",
                  "iops": "3000",
                  "snapshot_id": "snap-071f0fdc44648c098",
                  "throughput": "125",
                  "volume_initialization_rate": "0",
                  "volume_size": "2",
                  "volume_type": "gp3"
                },
                "no_device": "",
                "virtual_name": ""
              }
            ],
            "boot_mode": "uefi-preferred",
            "creation_date": "2025-11-17T16:58:07.000Z",
            "deprecation_time": "2026-02-15T00:00:00.000Z",
            "description": "Amazon Linux 2023 AMI 2023.9.20251117.1 x86_64 Minimal HVM kernel-6.12",
            "ena_support": true,
            "executable_users": null,
            "filter": [
              {
                "name": "name",
                "values": [
                  "al2023-ami-*-x86_64"
                ]
              },
              {
                "name": "virtualization-type",
                "values": [
                  "hvm"
                ]
              }
            ],
            "hypervisor": "xen",
            "id": "ami-03f4588dde8fcd614",
            "image_id": "ami-03f4588dde8fcd614",
            "image_location": "amazon/al2023-ami-minimal-2023.9.20251117.1-kernel-6.12-x86_64",
            "image_owner_alias": "amazon",
            "image_type": "machine",
            "imds_support": "v2.0",
            "include_deprecated": false,
            "kernel_id": "",
            "last_launched_time": "",
            "most_recent": true,
            "name": "al2023-ami-minimal-2023.9.20251117.1-kernel-6.12-x86_64",
            "name_regex": null,
            "owner_id": "137112412989",
            "owners": [
              "amazon"
            ],
            "platform": "",
            "platform_details": "Linux/UNIX",
            "product_codes": [],
            "public": true,
            "ramdisk_id": "",
            "root_device_name": "/dev/xvda",
            "root_device_type": "ebs",
            "root_snapshot_id": "snap-071f0fdc44648c098",
            "sriov_net_support": "simple",
            "state": "available",
            "state_reason": {
              "code": "UNSET",
              "message": "UNSET"
            },
            "tags": {},
            "timeouts": null,
            "tpm_support": "",
            "uefi_data": null,
            "usage_operation": "RunInstances",
            "virtualization_type": "hvm"
          },
          "sensitive_attributes": [],
          "identity_schema_version": 0
        }
      ]
    },
    {
      "mode": "data",
      "type": "aws_route53_zone",
      "name": "main",
      "provider": "provider[\"registry.terraform.io/hashicorp/aws\"]",
      "instances": [
        {
          "index_key": 0,
          "schema_version": 0,
          "attributes": {
            "arn": "arn:aws:route53:::hostedzone/Z00320409BFWAM57MKQD",
            "caller_reference": "credentialmate-20251109-205910",
            "comment": "CredentialMate production domain",
            "id": "Z00320409BFWAM57MKQD",
            "linked_service_description": null,
            "linked_service_principal": null,
            "name": "credentialmate.com",
            "name_servers": [
              "ns-1549.awsdns-01.co.uk",
              "ns-1230.awsdns-25.org",
              "ns-640.awsdns-16.net",
              "ns-234.awsdns-29.com"
            ],
            "primary_name_server": "ns-1549.awsdns-01.co.uk",
            "private_zone": false,
            "resource_record_set_count": 6,
            "tags": {},
            "vpc_id": null,
            "zone_id": "Z00320409BFWAM57MKQD"
          },
          "sensitive_attributes": [],
          "identity_schema_version": 0
        }
      ]
    },
    {
      "mode": "data",
      "type": "template_file",
      "name": "user_data",
      "provider": "provider[\"registry.terraform.io/hashicorp/template\"]",
      "instances": [
        {
          "schema_version": 0,
          "attributes": {
            "filename": null,
            "id": "6a594048815f9b7f1054ae2fea36935832a0cf738aa241183f001903643665e1",
            "rendered": "#!/bin/bash\r\n# ============================================\r\n# EC2 User Data Script\r\n# CredentialMate - Application Server Initialization\r\n# ============================================\r\n\r\nset -e\r\n\r\n# Update system\r\necho \"Updating system packages...\"\r\nyum update -y\r\n\r\n# Install Docker\r\necho \"Installing Docker...\"\r\nyum install -y docker\r\nsystemctl start docker\r\nsystemctl enable docker\r\nusermod -aG docker ec2-user\r\n\r\n# Install Docker Compose\r\necho \"Installing Docker Compose...\"\r\ncurl -L \"https://github.com/docker/compose/releases/latest/download/docker-compose-$(uname -s)-$(uname -m)\" -o /usr/local/bin/docker-compose\r\nchmod +x /usr/local/bin/docker-compose\r\nln -s /usr/local/bin/docker-compose /usr/bin/docker-compose\r\n\r\n# Install Git\r\necho \"Installing Git...\"\r\nyum install -y git\r\n\r\n# Install SSM Agent (for remote management)\r\necho \"Installing SSM Agent...\"\r\nyum install -y amazon-ssm-agent\r\nsystemctl enable amazon-ssm-agent\r\nsystemctl start amazon-ssm-agent\r\n\r\n# Install Certbot for Let's Encrypt SSL\r\necho \"Installing Certbot...\"\r\nyum install -y certbot\r\n\r\n# Install AWS CLI v2\r\necho \"Installing AWS CLI...\"\r\ncurl \"https://awscli.amazonaws.com/awscli-exe-linux-x86_64.zip\" -o \"awscliv2.zip\"\r\nunzip awscliv2.zip\r\n./aws/install\r\nrm -rf aws awscliv2.zip\r\n\r\n# Install CloudWatch Agent\r\necho \"Installing CloudWatch Agent...\"\r\nwget https://s3.amazonaws.com/amazoncloudwatch-agent/amazon_linux/amd64/latest/amazon-cloudwatch-agent.rpm\r\nrpm -U ./amazon-cloudwatch-agent.rpm\r\nrm amazon-cloudwatch-agent.rpm\r\n\r\n# Create application directory\r\necho \"Creating application directory...\"\r\nmkdir -p /opt/credentialmate\r\ncd /opt/credentialmate\r\n\r\n# Create CloudWatch agent configuration\r\necho \"Configuring CloudWatch agent...\"\r\ncat \u003e /opt/aws/amazon-cloudwatch-agent/etc/config.json \u003c\u003c'EOF'\r\n{\r\n  \"agent\": {\r\n    \"metrics_collection_interval\": 60,\r\n    \"run_as_user\": \"root\"\r\n  },\r\n  \"logs\": {\r\n    \"logs_collected\": {\r\n      \"files\": {\r\n        \"collect_list\": [\r\n          {\r\n            \"file_path\": \"/var/log/credentialmate/app.log\",\r\n            \"log_group_name\": \"/aws/credentialmate/production/application\",\r\n            \"log_stream_name\": \"{instance_id}/app.log\"\r\n          },\r\n          {\r\n            \"file_path\": \"/var/log/docker\",\r\n            \"log_group_name\": \"/aws/credentialmate/production/docker\",\r\n            \"log_stream_name\": \"{instance_id}/docker.log\"\r\n          }\r\n        ]\r\n      }\r\n    }\r\n  },\r\n  \"metrics\": {\r\n    \"namespace\": \"CredentialMate/production\",\r\n    \"metrics_collected\": {\r\n      \"cpu\": {\r\n        \"measurement\": [\r\n          {\r\n            \"name\": \"cpu_usage_idle\",\r\n            \"rename\": \"CPU_IDLE\",\r\n            \"unit\": \"Percent\"\r\n          },\r\n          \"cpu_usage_iowait\"\r\n        ],\r\n        \"metrics_collection_interval\": 60,\r\n        \"totalcpu\": false\r\n      },\r\n      \"disk\": {\r\n        \"measurement\": [\r\n          {\r\n            \"name\": \"used_percent\",\r\n            \"rename\": \"DISK_USED\",\r\n            \"unit\": \"Percent\"\r\n          }\r\n        ],\r\n        \"metrics_collection_interval\": 60,\r\n        \"resources\": [\r\n          \"*\"\r\n        ]\r\n      },\r\n      \"diskio\": {\r\n        \"measurement\": [\r\n          \"io_time\"\r\n        ],\r\n        \"metrics_collection_interval\": 60\r\n      },\r\n      \"mem\": {\r\n        \"measurement\": [\r\n          {\r\n            \"name\": \"mem_used_percent\",\r\n            \"rename\": \"MEM_USED\",\r\n            \"unit\": \"Percent\"\r\n          }\r\n        ],\r\n        \"metrics_collection_interval\": 60\r\n      }\r\n    }\r\n  }\r\n}\r\nEOF\r\n\r\n# Start CloudWatch agent\r\n/opt/aws/amazon-cloudwatch-agent/bin/amazon-cloudwatch-agent-ctl \\\r\n    -a fetch-config \\\r\n    -m ec2 \\\r\n    -s \\\r\n    -c file:/opt/aws/amazon-cloudwatch-agent/etc/config.json\r\n\r\n# Create log directory\r\nmkdir -p /var/log/credentialmate\r\n\r\n# Set up deployment script (will be called by CI/CD)\r\ncat \u003e /opt/credentialmate/deploy.sh \u003c\u003c'DEPLOY_SCRIPT'\r\n#!/bin/bash\r\nset -e\r\n\r\necho \"Starting deployment...\"\r\n\r\n# Get secrets from AWS Secrets Manager\r\nexport AWS_REGION=us-east-1\r\nexport DATABASE_URL=$(aws secretsmanager get-secret-value --secret-id credentialmate/production/database --query SecretString --output text | jq -r '.connection_string')\r\nexport SECRET_KEY=$(aws secretsmanager get-secret-value --secret-id credentialmate/production/app --query SecretString --output text | jq -r '.secret_key')\r\nexport JWT_SECRET_KEY=$(aws secretsmanager get-secret-value --secret-id credentialmate/production/app --query SecretString --output text | jq -r '.jwt_secret_key')\r\nexport ENCRYPTION_KEY=$(aws secretsmanager get-secret-value --secret-id credentialmate/production/app --query SecretString --output text | jq -r '.encryption_key')\r\n\r\n# Pull latest code\r\ncd /opt/credentialmate\r\ngit pull origin main\r\n\r\n# Build and start containers\r\ndocker-compose down\r\ndocker-compose up -d --build\r\n\r\n# Run database migrations\r\ndocker-compose exec -T backend alembic upgrade head\r\n\r\n# Optional: Run seed data on first deployment\r\nif [ \"$1\" == \"--seed\" ]; then\r\n  echo \"Running seed data...\"\r\n  docker-compose exec -T backend python -m app.scripts.seed_all_data\r\nfi\r\n\r\necho \"Deployment complete!\"\r\nDEPLOY_SCRIPT\r\n\r\nchmod +x /opt/credentialmate/deploy.sh\r\n\r\necho \"EC2 initialization complete!\"\r\n",
            "template": "#!/bin/bash\r\n# ============================================\r\n# EC2 User Data Script\r\n# CredentialMate - Application Server Initialization\r\n# ============================================\r\n\r\nset -e\r\n\r\n# Update system\r\necho \"Updating system packages...\"\r\nyum update -y\r\n\r\n# Install Docker\r\necho \"Installing Docker...\"\r\nyum install -y docker\r\nsystemctl start docker\r\nsystemctl enable docker\r\nusermod -aG docker ec2-user\r\n\r\n# Install Docker Compose\r\necho \"Installing Docker Compose...\"\r\ncurl -L \"https://github.com/docker/compose/releases/latest/download/docker-compose-$(uname -s)-$(uname -m)\" -o /usr/local/bin/docker-compose\r\nchmod +x /usr/local/bin/docker-compose\r\nln -s /usr/local/bin/docker-compose /usr/bin/docker-compose\r\n\r\n# Install Git\r\necho \"Installing Git...\"\r\nyum install -y git\r\n\r\n# Install SSM Agent (for remote management)\r\necho \"Installing SSM Agent...\"\r\nyum install -y amazon-ssm-agent\r\nsystemctl enable amazon-ssm-agent\r\nsystemctl start amazon-ssm-agent\r\n\r\n# Install Certbot for Let's Encrypt SSL\r\necho \"Installing Certbot...\"\r\nyum install -y certbot\r\n\r\n# Install AWS CLI v2\r\necho \"Installing AWS CLI...\"\r\ncurl \"https://awscli.amazonaws.com/awscli-exe-linux-x86_64.zip\" -o \"awscliv2.zip\"\r\nunzip awscliv2.zip\r\n./aws/install\r\nrm -rf aws awscliv2.zip\r\n\r\n# Install CloudWatch Agent\r\necho \"Installing CloudWatch Agent...\"\r\nwget https://s3.amazonaws.com/amazoncloudwatch-agent/amazon_linux/amd64/latest/amazon-cloudwatch-agent.rpm\r\nrpm -U ./amazon-cloudwatch-agent.rpm\r\nrm amazon-cloudwatch-agent.rpm\r\n\r\n# Create application directory\r\necho \"Creating application directory...\"\r\nmkdir -p /opt/credentialmate\r\ncd /opt/credentialmate\r\n\r\n# Create CloudWatch agent configuration\r\necho \"Configuring CloudWatch agent...\"\r\ncat \u003e /opt/aws/amazon-cloudwatch-agent/etc/config.json \u003c\u003c'EOF'\r\n{\r\n  \"agent\": {\r\n    \"metrics_collection_interval\": 60,\r\n    \"run_as_user\": \"root\"\r\n  },\r\n  \"logs\": {\r\n    \"logs_collected\": {\r\n      \"files\": {\r\n        \"collect_list\": [\r\n          {\r\n            \"file_path\": \"/var/log/credentialmate/app.log\",\r\n            \"log_group_name\": \"/aws/${project_name}/${environment}/application\",\r\n            \"log_stream_name\": \"{instance_id}/app.log\"\r\n          },\r\n          {\r\n            \"file_path\": \"/var/log/docker\",\r\n            \"log_group_name\": \"/aws/${project_name}/${environment}/docker\",\r\n            \"log_stream_name\": \"{instance_id}/docker.log\"\r\n          }\r\n        ]\r\n      }\r\n    }\r\n  },\r\n  \"metrics\": {\r\n    \"namespace\": \"CredentialMate/${environment}\",\r\n    \"metrics_collected\": {\r\n      \"cpu\": {\r\n        \"measurement\": [\r\n          {\r\n            \"name\": \"cpu_usage_idle\",\r\n            \"rename\": \"CPU_IDLE\",\r\n            \"unit\": \"Percent\"\r\n          },\r\n          \"cpu_usage_iowait\"\r\n        ],\r\n        \"metrics_collection_interval\": 60,\r\n        \"totalcpu\": false\r\n      },\r\n      \"disk\": {\r\n        \"measurement\": [\r\n          {\r\n            \"name\": \"used_percent\",\r\n            \"rename\": \"DISK_USED\",\r\n            \"unit\": \"Percent\"\r\n          }\r\n        ],\r\n        \"metrics_collection_interval\": 60,\r\n        \"resources\": [\r\n          \"*\"\r\n        ]\r\n      },\r\n      \"diskio\": {\r\n        \"measurement\": [\r\n          \"io_time\"\r\n        ],\r\n        \"metrics_collection_interval\": 60\r\n      },\r\n      \"mem\": {\r\n        \"measurement\": [\r\n          {\r\n            \"name\": \"mem_used_percent\",\r\n            \"rename\": \"MEM_USED\",\r\n            \"unit\": \"Percent\"\r\n          }\r\n        ],\r\n        \"metrics_collection_interval\": 60\r\n      }\r\n    }\r\n  }\r\n}\r\nEOF\r\n\r\n# Start CloudWatch agent\r\n/opt/aws/amazon-cloudwatch-agent/bin/amazon-cloudwatch-agent-ctl \\\r\n    -a fetch-config \\\r\n    -m ec2 \\\r\n    -s \\\r\n    -c file:/opt/aws/amazon-cloudwatch-agent/etc/config.json\r\n\r\n# Create log directory\r\nmkdir -p /var/log/credentialmate\r\n\r\n# Set up deployment script (will be called by CI/CD)\r\ncat \u003e /opt/credentialmate/deploy.sh \u003c\u003c'DEPLOY_SCRIPT'\r\n#!/bin/bash\r\nset -e\r\n\r\necho \"Starting deployment...\"\r\n\r\n# Get secrets from AWS Secrets Manager\r\nexport AWS_REGION=${aws_region}\r\nexport DATABASE_URL=$(aws secretsmanager get-secret-value --secret-id ${project_name}/${environment}/database --query SecretString --output text | jq -r '.connection_string')\r\nexport SECRET_KEY=$(aws secretsmanager get-secret-value --secret-id ${project_name}/${environment}/app --query SecretString --output text | jq -r '.secret_key')\r\nexport JWT_SECRET_KEY=$(aws secretsmanager get-secret-value --secret-id ${project_name}/${environment}/app --query SecretString --output text | jq -r '.jwt_secret_key')\r\nexport ENCRYPTION_KEY=$(aws secretsmanager get-secret-value --secret-id ${project_name}/${environment}/app --query SecretString --output text | jq -r '.encryption_key')\r\n\r\n# Pull latest code\r\ncd /opt/credentialmate\r\ngit pull origin main\r\n\r\n# Build and start containers\r\ndocker-compose down\r\ndocker-compose up -d --build\r\n\r\n# Run database migrations\r\ndocker-compose exec -T backend alembic upgrade head\r\n\r\n# Optional: Run seed data on first deployment\r\nif [ \"$1\" == \"--seed\" ]; then\r\n  echo \"Running seed data...\"\r\n  docker-compose exec -T backend python -m app.scripts.seed_all_data\r\nfi\r\n\r\necho \"Deployment complete!\"\r\nDEPLOY_SCRIPT\r\n\r\nchmod +x /opt/credentialmate/deploy.sh\r\n\r\necho \"EC2 initialization complete!\"\r\n",
            "vars": {
              "aws_region": "us-east-1",
              "environment": "production",
              "project_name": "credentialmate"
            }
          },
          "sensitive_attributes": [],
          "identity_schema_version": 0
        }
      ]
    },
    {
      "mode": "managed",
      "type": "aws_cloudwatch_dashboard",
      "name": "main",
      "provider": "provider[\"registry.terraform.io/hashicorp/aws\"]",
      "instances": [
        {
          "schema_version": 0,
          "attributes": {
            "dashboard_arn": "arn:aws:cloudwatch::051826703172:dashboard/credentialmate-production-dashboard",
            "dashboard_body": "{\"widgets\":[{\"height\":6,\"properties\":{\"metrics\":[[\"AWS/EC2\",\"CPUUtilization\",\"InstanceId\",\"i-094c40dd6e5872ceb\"],[\"AWS/RDS\",\"CPUUtilization\",\"DBInstanceIdentifier\",\"db-AETFDG3S25LKL3OXQNWXPHAHGI\"]],\"period\":300,\"region\":\"us-east-1\",\"stat\":\"Average\",\"title\":\"CPU Utilization\",\"yAxis\":{\"left\":{\"max\":100,\"min\":0}}},\"type\":\"metric\",\"width\":12,\"x\":0,\"y\":0},{\"height\":6,\"properties\":{\"metrics\":[[\"AWS/EC2\",\"NetworkIn\",\"InstanceId\",\"i-094c40dd6e5872ceb\"],[\"AWS/EC2\",\"NetworkOut\",\"InstanceId\",\"i-094c40dd6e5872ceb\"]],\"period\":300,\"region\":\"us-east-1\",\"stat\":\"Sum\",\"title\":\"EC2 Network Traffic\"},\"type\":\"metric\",\"width\":12,\"x\":12,\"y\":0},{\"height\":6,\"properties\":{\"metrics\":[[\"AWS/RDS\",\"DatabaseConnections\",\"DBInstanceIdentifier\",\"db-AETFDG3S25LKL3OXQNWXPHAHGI\"],[\"AWS/RDS\",\"FreeStorageSpace\",\"DBInstanceIdentifier\",\"db-AETFDG3S25LKL3OXQNWXPHAHGI\"]],\"period\":300,\"region\":\"us-east-1\",\"stat\":\"Average\",\"title\":\"RDS Connections \u0026 Storage\"},\"type\":\"metric\",\"width\":12,\"x\":0,\"y\":6},{\"height\":6,\"properties\":{\"query\":\"SOURCE '/aws/credentialmate/production/application' | fields @timestamp, @message | filter level = 'ERROR' | sort @timestamp desc | limit 20\",\"region\":\"us-east-1\",\"title\":\"Recent Application Errors\"},\"type\":\"log\",\"width\":12,\"x\":12,\"y\":6}]}",
            "dashboard_name": "credentialmate-production-dashboard",
            "id": "credentialmate-production-dashboard"
          },
          "sensitive_attributes": [],
          "identity_schema_version": 0,
          "private": "bnVsbA==",
          "dependencies": [
            "aws_cloudwatch_log_group.application",
            "aws_db_instance.main",
            "aws_db_parameter_group.main",
            "aws_db_subnet_group.main",
            "aws_iam_instance_profile.ec2_app",
            "aws_iam_role.ec2_app",
            "aws_iam_role.rds_monitoring",
            "aws_instance.app",
            "aws_kms_key.rds",
            "aws_launch_template.app",
            "aws_security_group.ec2_app",
            "aws_security_group.rds",
            "aws_subnet.private",
            "aws_subnet.public",
            "aws_vpc.main",
            "data.aws_ami.amazon_linux_2023",
            "data.template_file.user_data"
          ]
        }
      ]
    },
    {
      "mode": "managed",
      "type": "aws_cloudwatch_log_group",
      "name": "application",
      "provider": "provider[\"registry.terraform.io/hashicorp/aws\"]",
      "instances": [
        {
          "schema_version": 0,
          "attributes": {
            "arn": "arn:aws:logs:us-east-1:051826703172:log-group:/aws/credentialmate/production/application",
            "id": "/aws/credentialmate/production/application",
            "kms_key_id": "",
            "log_group_class": "STANDARD",
            "name": "/aws/credentialmate/production/application",
            "name_prefix": "",
            "retention_in_days": 90,
            "skip_destroy": false,
            "tags": {
              "Name": "credentialmate-production-application-logs"
            },
            "tags_all": {
              "CostCenter": "Infrastructure",
              "Environment": "production",
              "HIPAA": "true",
              "ManagedBy": "Terraform",
              "Name": "credentialmate-production-application-logs",
              "Project": "CredentialMate"
            }
          },
          "sensitive_attributes": [],
          "identity_schema_version": 0,
          "private": "bnVsbA=="
        }
      ]
    },
    {
      "mode": "managed",
      "type": "aws_cloudwatch_log_group",
      "name": "docker",
      "provider": "provider[\"registry.terraform.io/hashicorp/aws\"]",
      "instances": [
        {
          "schema_version": 0,
          "attributes": {
            "arn": "arn:aws:logs:us-east-1:051826703172:log-group:/aws/credentialmate/production/docker",
            "id": "/aws/credentialmate/production/docker",
            "kms_key_id": "",
            "log_group_class": "STANDARD",
            "name": "/aws/credentialmate/production/docker",
            "name_prefix": "",
            "retention_in_days": 30,
            "skip_destroy": false,
            "tags": {
              "Name": "credentialmate-production-docker-logs"
            },
            "tags_all": {
              "CostCenter": "Infrastructure",
              "Environment": "production",
              "HIPAA": "true",
              "ManagedBy": "Terraform",
              "Name": "credentialmate-production-docker-logs",
              "Project": "CredentialMate"
            }
          },
          "sensitive_attributes": [],
          "identity_schema_version": 0,
          "private": "bnVsbA=="
        }
      ]
    },
    {
      "mode": "managed",
      "type": "aws_cloudwatch_log_group",
      "name": "rds_postgresql",
      "provider": "provider[\"registry.terraform.io/hashicorp/aws\"]",
      "instances": [
        {
          "schema_version": 0,
          "attributes": {
            "arn": "arn:aws:logs:us-east-1:051826703172:log-group:/aws/rds/instance/credentialmate-production-db/postgresql",
            "id": "/aws/rds/instance/credentialmate-production-db/postgresql",
            "kms_key_id": "",
            "log_group_class": "STANDARD",
            "name": "/aws/rds/instance/credentialmate-production-db/postgresql",
            "name_prefix": "",
            "retention_in_days": 90,
            "skip_destroy": false,
            "tags": {
              "Name": "credentialmate-production-rds-postgresql-logs"
            },
            "tags_all": {
              "CostCenter": "Infrastructure",
              "Environment": "production",
              "HIPAA": "true",
              "ManagedBy": "Terraform",
              "Name": "credentialmate-production-rds-postgresql-logs",
              "Project": "CredentialMate"
            }
          },
          "sensitive_attributes": [],
          "identity_schema_version": 0,
          "private": "bnVsbA=="
        }
      ]
    },
    {
      "mode": "managed",
      "type": "aws_cloudwatch_log_group",
      "name": "rds_upgrade",
      "provider": "provider[\"registry.terraform.io/hashicorp/aws\"]",
      "instances": [
        {
          "schema_version": 0,
          "attributes": {
            "arn": "arn:aws:logs:us-east-1:051826703172:log-group:/aws/rds/instance/credentialmate-production-db/upgrade",
            "id": "/aws/rds/instance/credentialmate-production-db/upgrade",
            "kms_key_id": "",
            "log_group_class": "STANDARD",
            "name": "/aws/rds/instance/credentialmate-production-db/upgrade",
            "name_prefix": "",
            "retention_in_days": 90,
            "skip_destroy": false,
            "tags": {
              "Name": "credentialmate-production-rds-upgrade-logs"
            },
            "tags_all": {
              "CostCenter": "Infrastructure",
              "Environment": "production",
              "HIPAA": "true",
              "ManagedBy": "Terraform",
              "Name": "credentialmate-production-rds-upgrade-logs",
              "Project": "CredentialMate"
            }
          },
          "sensitive_attributes": [],
          "identity_schema_version": 0,
          "private": "bnVsbA=="
        }
      ]
    },
    {
      "mode": "managed",
      "type": "aws_cloudwatch_log_group",
      "name": "vpc_flow_log",
      "provider": "provider[\"registry.terraform.io/hashicorp/aws\"]",
      "instances": [
        {
          "schema_version": 0,
          "attributes": {
            "arn": "arn:aws:logs:us-east-1:051826703172:log-group:/aws/vpc/credentialmate-production",
            "id": "/aws/vpc/credentialmate-production",
            "kms_key_id": "",
            "log_group_class": "STANDARD",
            "name": "/aws/vpc/credentialmate-production",
            "name_prefix": "",
            "retention_in_days": 90,
            "skip_destroy": false,
            "tags": {
              "Name": "credentialmate-production-vpc-flow-log"
            },
            "tags_all": {
              "CostCenter": "Infrastructure",
              "Environment": "production",
              "HIPAA": "true",
              "ManagedBy": "Terraform",
              "Name": "credentialmate-production-vpc-flow-log",
              "Project": "CredentialMate"
            }
          },
          "sensitive_attributes": [],
          "identity_schema_version": 0,
          "private": "bnVsbA=="
        }
      ]
    },
    {
      "mode": "managed",
      "type": "aws_cloudwatch_log_metric_filter",
      "name": "application_errors",
      "provider": "provider[\"registry.terraform.io/hashicorp/aws\"]",
      "instances": [
        {
          "schema_version": 0,
          "attributes": {
            "id": "credentialmate-production-application-errors",
            "log_group_name": "/aws/credentialmate/production/application",
            "metric_transformation": [
              {
                "default_value": "",
                "dimensions": {},
                "name": "ApplicationErrors",
                "namespace": "CredentialMate/production",
                "unit": "Count",
                "value": "1"
              }
            ],
            "name": "credentialmate-production-application-errors",
            "pattern": "[time, request_id, level=ERROR, ...]"
          },
          "sensitive_attributes": [],
          "identity_schema_version": 0,
          "private": "bnVsbA==",
          "dependencies": [
            "aws_cloudwatch_log_group.application"
          ]
        }
      ]
    },
    {
      "mode": "managed",
      "type": "aws_cloudwatch_log_metric_filter",
      "name": "failed_logins",
      "provider": "provider[\"registry.terraform.io/hashicorp/aws\"]",
      "instances": [
        {
          "schema_version": 0,
          "attributes": {
            "id": "credentialmate-production-failed-logins",
            "log_group_name": "/aws/credentialmate/production/application",
            "metric_transformation": [
              {
                "default_value": "",
                "dimensions": {},
                "name": "FailedLoginAttempts",
                "namespace": "CredentialMate/production",
                "unit": "Count",
                "value": "1"
              }
            ],
            "name": "credentialmate-production-failed-logins",
            "pattern": "[time, request_id, level=ERROR, msg=\"Login failed*\"]"
          },
          "sensitive_attributes": [],
          "identity_schema_version": 0,
          "private": "bnVsbA==",
          "dependencies": [
            "aws_cloudwatch_log_group.application"
          ]
        }
      ]
    },
    {
      "mode": "managed",
      "type": "aws_cloudwatch_metric_alarm",
      "name": "application_errors",
      "provider": "provider[\"registry.terraform.io/hashicorp/aws\"]",
      "instances": [
        {
          "schema_version": 1,
          "attributes": {
            "actions_enabled": true,
            "alarm_actions": [],
            "alarm_description": "This metric monitors application errors",
            "alarm_name": "credentialmate-production-application-errors-high",
            "arn": "arn:aws:cloudwatch:us-east-1:051826703172:alarm:credentialmate-production-application-errors-high",
            "comparison_operator": "GreaterThanThreshold",
            "datapoints_to_alarm": 0,
            "dimensions": {},
            "evaluate_low_sample_count_percentiles": "",
            "evaluation_periods": 1,
            "extended_statistic": "",
            "id": "credentialmate-production-application-errors-high",
            "insufficient_data_actions": [],
            "metric_name": "ApplicationErrors",
            "metric_query": [],
            "namespace": "CredentialMate/production",
            "ok_actions": [],
            "period": 300,
            "statistic": "Sum",
            "tags": {},
            "tags_all": {
              "CostCenter": "Infrastructure",
              "Environment": "production",
              "HIPAA": "true",
              "ManagedBy": "Terraform",
              "Project": "CredentialMate"
            },
            "threshold": 20,
            "threshold_metric_id": "",
            "treat_missing_data": "notBreaching",
            "unit": ""
          },
          "sensitive_attributes": [],
          "identity_schema_version": 0,
          "private": "eyJzY2hlbWFfdmVyc2lvbiI6IjEifQ==",
          "dependencies": [
            "aws_sns_topic.alerts"
          ]
        }
      ]
    },
    {
      "mode": "managed",
      "type": "aws_cloudwatch_metric_alarm",
      "name": "ec2_cpu_high",
      "provider": "provider[\"registry.terraform.io/hashicorp/aws\"]",
      "instances": [
        {
          "schema_version": 1,
          "attributes": {
            "actions_enabled": true,
            "alarm_actions": [],
            "alarm_description": "This metric monitors EC2 CPU utilization",
            "alarm_name": "credentialmate-production-ec2-cpu-high",
            "arn": "arn:aws:cloudwatch:us-east-1:051826703172:alarm:credentialmate-production-ec2-cpu-high",
            "comparison_operator": "GreaterThanThreshold",
            "datapoints_to_alarm": 0,
            "dimensions": {
              "InstanceId": "i-094c40dd6e5872ceb"
            },
            "evaluate_low_sample_count_percentiles": "",
            "evaluation_periods": 2,
            "extended_statistic": "",
            "id": "credentialmate-production-ec2-cpu-high",
            "insufficient_data_actions": [],
            "metric_name": "CPUUtilization",
            "metric_query": [],
            "namespace": "AWS/EC2",
            "ok_actions": [],
            "period": 300,
            "statistic": "Average",
            "tags": {},
            "tags_all": {
              "CostCenter": "Infrastructure",
              "Environment": "production",
              "HIPAA": "true",
              "ManagedBy": "Terraform",
              "Project": "CredentialMate"
            },
            "threshold": 80,
            "threshold_metric_id": "",
            "treat_missing_data": "notBreaching",
            "unit": ""
          },
          "sensitive_attributes": [],
          "identity_schema_version": 0,
          "private": "eyJzY2hlbWFfdmVyc2lvbiI6IjEifQ==",
          "dependencies": [
            "aws_iam_instance_profile.ec2_app",
            "aws_iam_role.ec2_app",
            "aws_instance.app",
            "aws_launch_template.app",
            "aws_security_group.ec2_app",
            "aws_sns_topic.alerts",
            "aws_subnet.public",
            "aws_vpc.main",
            "data.aws_ami.amazon_linux_2023",
            "data.template_file.user_data"
          ]
        }
      ]
    },
    {
      "mode": "managed",
      "type": "aws_cloudwatch_metric_alarm",
      "name": "ec2_status_check",
      "provider": "provider[\"registry.terraform.io/hashicorp/aws\"]",
      "instances": [
        {
          "schema_version": 1,
          "attributes": {
            "actions_enabled": true,
            "alarm_actions": [],
            "alarm_description": "This metric monitors EC2 instance status checks",
            "alarm_name": "credentialmate-production-ec2-status-check-failed",
            "arn": "arn:aws:cloudwatch:us-east-1:051826703172:alarm:credentialmate-production-ec2-status-check-failed",
            "comparison_operator": "GreaterThanThreshold",
            "datapoints_to_alarm": 0,
            "dimensions": {
              "InstanceId": "i-094c40dd6e5872ceb"
            },
            "evaluate_low_sample_count_percentiles": "",
            "evaluation_periods": 2,
            "extended_statistic": "",
            "id": "credentialmate-production-ec2-status-check-failed",
            "insufficient_data_actions": [],
            "metric_name": "StatusCheckFailed",
            "metric_query": [],
            "namespace": "AWS/EC2",
            "ok_actions": [],
            "period": 60,
            "statistic": "Maximum",
            "tags": {},
            "tags_all": {
              "CostCenter": "Infrastructure",
              "Environment": "production",
              "HIPAA": "true",
              "ManagedBy": "Terraform",
              "Project": "CredentialMate"
            },
            "threshold": 0,
            "threshold_metric_id": "",
            "treat_missing_data": "notBreaching",
            "unit": ""
          },
          "sensitive_attributes": [],
          "identity_schema_version": 0,
          "private": "eyJzY2hlbWFfdmVyc2lvbiI6IjEifQ==",
          "dependencies": [
            "aws_iam_instance_profile.ec2_app",
            "aws_iam_role.ec2_app",
            "aws_instance.app",
            "aws_launch_template.app",
            "aws_security_group.ec2_app",
            "aws_sns_topic.alerts",
            "aws_subnet.public",
            "aws_vpc.main",
            "data.aws_ami.amazon_linux_2023",
            "data.template_file.user_data"
          ]
        }
      ]
    },
    {
      "mode": "managed",
      "type": "aws_cloudwatch_metric_alarm",
      "name": "failed_logins",
      "provider": "provider[\"registry.terraform.io/hashicorp/aws\"]",
      "instances": [
        {
          "schema_version": 1,
          "attributes": {
            "actions_enabled": true,
            "alarm_actions": [],
            "alarm_description": "This metric monitors failed login attempts (potential brute force)",
            "alarm_name": "credentialmate-production-failed-logins-high",
            "arn": "arn:aws:cloudwatch:us-east-1:051826703172:alarm:credentialmate-production-failed-logins-high",
            "comparison_operator": "GreaterThanThreshold",
            "datapoints_to_alarm": 0,
            "dimensions": {},
            "evaluate_low_sample_count_percentiles": "",
            "evaluation_periods": 1,
            "extended_statistic": "",
            "id": "credentialmate-production-failed-logins-high",
            "insufficient_data_actions": [],
            "metric_name": "FailedLoginAttempts",
            "metric_query": [],
            "namespace": "CredentialMate/production",
            "ok_actions": [],
            "period": 300,
            "statistic": "Sum",
            "tags": {},
            "tags_all": {
              "CostCenter": "Infrastructure",
              "Environment": "production",
              "HIPAA": "true",
              "ManagedBy": "Terraform",
              "Project": "CredentialMate"
            },
            "threshold": 10,
            "threshold_metric_id": "",
            "treat_missing_data": "notBreaching",
            "unit": ""
          },
          "sensitive_attributes": [],
          "identity_schema_version": 0,
          "private": "eyJzY2hlbWFfdmVyc2lvbiI6IjEifQ==",
          "dependencies": [
            "aws_sns_topic.alerts"
          ]
        }
      ]
    },
    {
      "mode": "managed",
      "type": "aws_cloudwatch_metric_alarm",
      "name": "health_check",
      "provider": "provider[\"registry.terraform.io/hashicorp/aws\"]",
      "instances": [
        {
          "schema_version": 1,
          "attributes": {
            "actions_enabled": true,
            "alarm_actions": [],
            "alarm_description": "This metric monitors whether the application health check is passing",
            "alarm_name": "credentialmate-production-health-check-failed",
            "arn": "arn:aws:cloudwatch:us-east-1:051826703172:alarm:credentialmate-production-health-check-failed",
            "comparison_operator": "LessThanThreshold",
            "datapoints_to_alarm": 0,
            "dimensions": {
              "HealthCheckId": "20bda30a-110f-461b-84b9-02fde3fbc7e7"
            },
            "evaluate_low_sample_count_percentiles": "",
            "evaluation_periods": 2,
            "extended_statistic": "",
            "id": "credentialmate-production-health-check-failed",
            "insufficient_data_actions": [],
            "metric_name": "HealthCheckStatus",
            "metric_query": [],
            "namespace": "AWS/Route53",
            "ok_actions": [],
            "period": 60,
            "statistic": "Minimum",
            "tags": {},
            "tags_all": {
              "CostCenter": "Infrastructure",
              "Environment": "production",
              "HIPAA": "true",
              "ManagedBy": "Terraform",
              "Project": "CredentialMate"
            },
            "threshold": 1,
            "threshold_metric_id": "",
            "treat_missing_data": "breaching",
            "unit": ""
          },
          "sensitive_attributes": [],
          "identity_schema_version": 0,
          "private": "eyJzY2hlbWFfdmVyc2lvbiI6IjEifQ==",
          "dependencies": [
            "aws_route53_health_check.main",
            "aws_sns_topic.alerts"
          ]
        }
      ]
    },
    {
      "mode": "managed",
      "type": "aws_cloudwatch_metric_alarm",
      "name": "rds_connections_high",
      "provider": "provider[\"registry.terraform.io/hashicorp/aws\"]",
      "instances": [
        {
          "schema_version": 1,
          "attributes": {
            "actions_enabled": true,
            "alarm_actions": [],
            "alarm_description": "This metric monitors RDS database connections",
            "alarm_name": "credentialmate-production-rds-connections-high",
            "arn": "arn:aws:cloudwatch:us-east-1:051826703172:alarm:credentialmate-production-rds-connections-high",
            "comparison_operator": "GreaterThanThreshold",
            "datapoints_to_alarm": 0,
            "dimensions": {
              "DBInstanceIdentifier": "db-AETFDG3S25LKL3OXQNWXPHAHGI"
            },
            "evaluate_low_sample_count_percentiles": "",
            "evaluation_periods": 2,
            "extended_statistic": "",
            "id": "credentialmate-production-rds-connections-high",
            "insufficient_data_actions": [],
            "metric_name": "DatabaseConnections",
            "metric_query": [],
            "namespace": "AWS/RDS",
            "ok_actions": [],
            "period": 300,
            "statistic": "Average",
            "tags": {},
            "tags_all": {
              "CostCenter": "Infrastructure",
              "Environment": "production",
              "HIPAA": "true",
              "ManagedBy": "Terraform",
              "Project": "CredentialMate"
            },
            "threshold": 50,
            "threshold_metric_id": "",
            "treat_missing_data": "notBreaching",
            "unit": ""
          },
          "sensitive_attributes": [],
          "identity_schema_version": 0,
          "private": "eyJzY2hlbWFfdmVyc2lvbiI6IjEifQ==",
          "dependencies": [
            "aws_db_instance.main",
            "aws_db_parameter_group.main",
            "aws_db_subnet_group.main",
            "aws_iam_role.rds_monitoring",
            "aws_kms_key.rds",
            "aws_security_group.ec2_app",
            "aws_security_group.rds",
            "aws_sns_topic.alerts",
            "aws_subnet.private",
            "aws_vpc.main"
          ]
        }
      ]
    },
    {
      "mode": "managed",
      "type": "aws_cloudwatch_metric_alarm",
      "name": "rds_cpu_high",
      "provider": "provider[\"registry.terraform.io/hashicorp/aws\"]",
      "instances": [
        {
          "schema_version": 1,
          "attributes": {
            "actions_enabled": true,
            "alarm_actions": [],
            "alarm_description": "This metric monitors RDS CPU utilization",
            "alarm_name": "credentialmate-production-rds-cpu-high",
            "arn": "arn:aws:cloudwatch:us-east-1:051826703172:alarm:credentialmate-production-rds-cpu-high",
            "comparison_operator": "GreaterThanThreshold",
            "datapoints_to_alarm": 0,
            "dimensions": {
              "DBInstanceIdentifier": "db-AETFDG3S25LKL3OXQNWXPHAHGI"
            },
            "evaluate_low_sample_count_percentiles": "",
            "evaluation_periods": 2,
            "extended_statistic": "",
            "id": "credentialmate-production-rds-cpu-high",
            "insufficient_data_actions": [],
            "metric_name": "CPUUtilization",
            "metric_query": [],
            "namespace": "AWS/RDS",
            "ok_actions": [],
            "period": 300,
            "statistic": "Average",
            "tags": {},
            "tags_all": {
              "CostCenter": "Infrastructure",
              "Environment": "production",
              "HIPAA": "true",
              "ManagedBy": "Terraform",
              "Project": "CredentialMate"
            },
            "threshold": 80,
            "threshold_metric_id": "",
            "treat_missing_data": "notBreaching",
            "unit": ""
          },
          "sensitive_attributes": [],
          "identity_schema_version": 0,
          "private": "eyJzY2hlbWFfdmVyc2lvbiI6IjEifQ==",
          "dependencies": [
            "aws_db_instance.main",
            "aws_db_parameter_group.main",
            "aws_db_subnet_group.main",
            "aws_iam_role.rds_monitoring",
            "aws_kms_key.rds",
            "aws_security_group.ec2_app",
            "aws_security_group.rds",
            "aws_sns_topic.alerts",
            "aws_subnet.private",
            "aws_vpc.main"
          ]
        }
      ]
    },
    {
      "mode": "managed",
      "type": "aws_cloudwatch_metric_alarm",
      "name": "rds_storage_low",
      "provider": "provider[\"registry.terraform.io/hashicorp/aws\"]",
      "instances": [
        {
          "schema_version": 1,
          "attributes": {
            "actions_enabled": true,
            "alarm_actions": [],
            "alarm_description": "This metric monitors RDS free storage space",
            "alarm_name": "credentialmate-production-rds-storage-low",
            "arn": "arn:aws:cloudwatch:us-east-1:051826703172:alarm:credentialmate-production-rds-storage-low",
            "comparison_operator": "LessThanThreshold",
            "datapoints_to_alarm": 0,
            "dimensions": {
              "DBInstanceIdentifier": "db-AETFDG3S25LKL3OXQNWXPHAHGI"
            },
            "evaluate_low_sample_count_percentiles": "",
            "evaluation_periods": 1,
            "extended_statistic": "",
            "id": "credentialmate-production-rds-storage-low",
            "insufficient_data_actions": [],
            "metric_name": "FreeStorageSpace",
            "metric_query": [],
            "namespace": "AWS/RDS",
            "ok_actions": [],
            "period": 300,
            "statistic": "Average",
            "tags": {},
            "tags_all": {
              "CostCenter": "Infrastructure",
              "Environment": "production",
              "HIPAA": "true",
              "ManagedBy": "Terraform",
              "Project": "CredentialMate"
            },
            "threshold": 2147483648,
            "threshold_metric_id": "",
            "treat_missing_data": "notBreaching",
            "unit": ""
          },
          "sensitive_attributes": [],
          "identity_schema_version": 0,
          "private": "eyJzY2hlbWFfdmVyc2lvbiI6IjEifQ==",
          "dependencies": [
            "aws_db_instance.main",
            "aws_db_parameter_group.main",
            "aws_db_subnet_group.main",
            "aws_iam_role.rds_monitoring",
            "aws_kms_key.rds",
            "aws_security_group.ec2_app",
            "aws_security_group.rds",
            "aws_sns_topic.alerts",
            "aws_subnet.private",
            "aws_vpc.main"
          ]
        }
      ]
    },
    {
      "mode": "managed",
      "type": "aws_db_instance",
      "name": "main",
      "provider": "provider[\"registry.terraform.io/hashicorp/aws\"]",
      "instances": [
        {
          "schema_version": 2,
          "attributes": {
            "address": "credentialmate-production-db.cm1ksgqm0c00.us-east-1.rds.amazonaws.com",
            "allocated_storage": 20,
            "allow_major_version_upgrade": null,
            "apply_immediately": false,
            "arn": "arn:aws:rds:us-east-1:051826703172:db:credentialmate-production-db",
            "auto_minor_version_upgrade": true,
            "availability_zone": "us-east-1b",
            "backup_retention_period": 35,
            "backup_target": "region",
            "backup_window": "03:00-04:00",
            "blue_green_update": [],
            "ca_cert_identifier": "rds-ca-rsa2048-g1",
            "character_set_name": "",
            "copy_tags_to_snapshot": true,
            "custom_iam_instance_profile": "",
            "customer_owned_ip_enabled": false,
            "database_insights_mode": "standard",
            "db_name": "credentialmate",
            "db_subnet_group_name": "credentialmate-production-db-subnet-group",
            "dedicated_log_volume": false,
            "delete_automated_backups": true,
            "deletion_protection": true,
            "domain": "",
            "domain_auth_secret_arn": "",
            "domain_dns_ips": [],
            "domain_fqdn": "",
            "domain_iam_role_name": "",
            "domain_ou": "",
            "enabled_cloudwatch_logs_exports": [
              "postgresql",
              "upgrade"
            ],
            "endpoint": "credentialmate-production-db.cm1ksgqm0c00.us-east-1.rds.amazonaws.com:5432",
            "engine": "postgres",
            "engine_lifecycle_support": "open-source-rds-extended-support",
            "engine_version": "15.15",
            "engine_version_actual": "15.15",
            "final_snapshot_identifier": "credentialmate-production-final-snapshot-2025-11-20-0131",
            "hosted_zone_id": "Z2R2ITUGPM61AM",
            "iam_database_authentication_enabled": false,
            "id": "db-AETFDG3S25LKL3OXQNWXPHAHGI",
            "identifier": "credentialmate-production-db",
            "identifier_prefix": "",
            "instance_class": "db.t4g.micro",
            "iops": 3000,
            "kms_key_id": "arn:aws:kms:us-east-1:051826703172:key/5c2ccc6a-54b2-454a-8342-849ffd5330a0",
            "latest_restorable_time": "2025-11-20T01:26:46Z",
            "license_model": "postgresql-license",
            "listener_endpoint": [],
            "maintenance_window": "mon:04:00-mon:05:00",
            "manage_master_user_password": null,
            "master_user_secret": [],
            "master_user_secret_kms_key_id": null,
            "max_allocated_storage": 100,
            "monitoring_interval": 60,
            "monitoring_role_arn": "arn:aws:iam::051826703172:role/credentialmate-production-rds-monitoring-role",
            "multi_az": false,
            "nchar_character_set_name": "",
            "network_type": "IPV4",
            "option_group_name": "default:postgres-15",
            "parameter_group_name": "credentialmate-production-pg15-params",
            "password": "EpYaiJvMCWEsuFBoSsbAW29zi6a+20TJ",
            "password_wo": null,
            "password_wo_version": null,
            "performance_insights_enabled": true,
            "performance_insights_kms_key_id": "arn:aws:kms:us-east-1:051826703172:key/7c6b6e5a-b9cd-4e2b-b9a5-2f1501cb2727",
            "performance_insights_retention_period": 7,
            "port": 5432,
            "publicly_accessible": false,
            "replica_mode": "",
            "replicas": [],
            "replicate_source_db": "",
            "resource_id": "db-AETFDG3S25LKL3OXQNWXPHAHGI",
            "restore_to_point_in_time": [],
            "s3_import": [],
            "skip_final_snapshot": false,
            "snapshot_identifier": null,
            "status": "available",
            "storage_encrypted": true,
            "storage_throughput": 125,
            "storage_type": "gp3",
            "tags": {
              "Backup": "Required",
              "Compliance": "HIPAA",
              "Encryption": "AES-256",
              "Name": "credentialmate-production-db"
            },
            "tags_all": {
              "Backup": "Required",
              "Compliance": "HIPAA",
              "CostCenter": "Infrastructure",
              "Encryption": "AES-256",
              "Environment": "production",
              "HIPAA": "true",
              "ManagedBy": "Terraform",
              "Name": "credentialmate-production-db",
              "Project": "CredentialMate"
            },
            "timeouts": null,
            "timezone": "",
            "upgrade_storage_config": null,
            "username": "credentialmate",
            "vpc_security_group_ids": [
              "sg-0d83b4b0337c84200"
            ]
          },
          "sensitive_attributes": [
            [
              {
                "type": "get_attr",
                "value": "password"
              }
            ],
            [
              {
                "type": "get_attr",
                "value": "password_wo"
              }
            ],
            [
              {
                "type": "get_attr",
                "value": "username"
              }
            ]
          ],
          "identity_schema_version": 0,
          "private": "eyJlMmJmYjczMC1lY2FhLTExZTYtOGY4OC0zNDM2M2JjN2M0YzAiOnsiY3JlYXRlIjozMDAwMDAwMDAwMDAwLCJkZWxldGUiOjM2MDAwMDAwMDAwMDAsInVwZGF0ZSI6NDgwMDAwMDAwMDAwMH0sInNjaGVtYV92ZXJzaW9uIjoiMiJ9",
          "dependencies": [
            "aws_db_parameter_group.main",
            "aws_db_subnet_group.main",
            "aws_iam_role.rds_monitoring",
            "aws_kms_key.rds",
            "aws_security_group.ec2_app",
            "aws_security_group.rds",
            "aws_subnet.private",
            "aws_vpc.main"
          ]
        }
      ]
    },
    {
      "mode": "managed",
      "type": "aws_db_parameter_group",
      "name": "main",
      "provider": "provider[\"registry.terraform.io/hashicorp/aws\"]",
      "instances": [
        {
          "schema_version": 0,
          "attributes": {
            "arn": "arn:aws:rds:us-east-1:051826703172:pg:credentialmate-production-pg15-params",
            "description": "Managed by Terraform",
            "family": "postgres15",
            "id": "credentialmate-production-pg15-params",
            "name": "credentialmate-production-pg15-params",
            "name_prefix": "",
            "parameter": [
              {
                "apply_method": "immediate",
                "name": "effective_cache_size",
                "value": "{DBInstanceClassMemory/16384}"
              },
              {
                "apply_method": "immediate",
                "name": "log_connections",
                "value": "1"
              },
              {
                "apply_method": "immediate",
                "name": "log_disconnections",
                "value": "1"
              },
              {
                "apply_method": "immediate",
                "name": "log_duration",
                "value": "1"
              },
              {
                "apply_method": "immediate",
                "name": "log_statement",
                "value": "all"
              },
              {
                "apply_method": "immediate",
                "name": "rds.force_ssl",
                "value": "1"
              },
              {
                "apply_method": "immediate",
                "name": "shared_buffers",
                "value": "{DBInstanceClassMemory/32768}"
              }
            ],
            "skip_destroy": false,
            "tags": {
              "Name": "credentialmate-production-pg15-params"
            },
            "tags_all": {
              "CostCenter": "Infrastructure",
              "Environment": "production",
              "HIPAA": "true",
              "ManagedBy": "Terraform",
              "Name": "credentialmate-production-pg15-params",
              "Project": "CredentialMate"
            }
          },
          "sensitive_attributes": [],
          "identity_schema_version": 0,
          "private": "bnVsbA=="
        }
      ]
    },
    {
      "mode": "managed",
      "type": "aws_db_subnet_group",
      "name": "main",
      "provider": "provider[\"registry.terraform.io/hashicorp/aws\"]",
      "instances": [
        {
          "schema_version": 0,
          "attributes": {
            "arn": "arn:aws:rds:us-east-1:051826703172:subgrp:credentialmate-production-db-subnet-group",
            "description": "Managed by Terraform",
            "id": "credentialmate-production-db-subnet-group",
            "name": "credentialmate-production-db-subnet-group",
            "name_prefix": "",
            "subnet_ids": [
              "subnet-071034a9d6ecbba3c",
              "subnet-0cb2c348da91d59dd"
            ],
            "supported_network_types": [
              "IPV4"
            ],
            "tags": {
              "Name": "credentialmate-production-db-subnet-group"
            },
            "tags_all": {
              "CostCenter": "Infrastructure",
              "Environment": "production",
              "HIPAA": "true",
              "ManagedBy": "Terraform",
              "Name": "credentialmate-production-db-subnet-group",
              "Project": "CredentialMate"
            },
            "vpc_id": "vpc-009c7a92b2822fd82"
          },
          "sensitive_attributes": [],
          "identity_schema_version": 0,
          "private": "bnVsbA==",
          "dependencies": [
            "aws_subnet.private",
            "aws_vpc.main"
          ]
        }
      ]
    },
    {
      "mode": "managed",
      "type": "aws_eip",
      "name": "app",
      "provider": "provider[\"registry.terraform.io/hashicorp/aws\"]",
      "instances": [
        {
          "schema_version": 0,
          "attributes": {
            "address": null,
            "allocation_id": "eipalloc-03a1dd14acf10118e",
            "arn": "arn:aws:ec2:us-east-1:051826703172:elastic-ip/eipalloc-03a1dd14acf10118e",
            "associate_with_private_ip": null,
            "association_id": "eipassoc-00ee821dbf7c7f36b",
            "carrier_ip": "",
            "customer_owned_ip": "",
            "customer_owned_ipv4_pool": "",
            "domain": "vpc",
            "id": "eipalloc-03a1dd14acf10118e",
            "instance": "i-094c40dd6e5872ceb",
            "ipam_pool_id": null,
            "network_border_group": "us-east-1",
            "network_interface": "eni-051318d487c6d5cda",
            "private_dns": "ip-10-0-1-164.ec2.internal",
            "private_ip": "10.0.1.164",
            "ptr_record": "",
            "public_dns": "ec2-34-237-12-133.compute-1.amazonaws.com",
            "public_ip": "34.237.12.133",
            "public_ipv4_pool": "amazon",
            "tags": {
              "Name": "credentialmate-production-app-eip"
            },
            "tags_all": {
              "CostCenter": "Infrastructure",
              "Environment": "production",
              "HIPAA": "true",
              "ManagedBy": "Terraform",
              "Name": "credentialmate-production-app-eip",
              "Project": "CredentialMate"
            },
            "timeouts": null,
            "vpc": true
          },
          "sensitive_attributes": [],
          "identity_schema_version": 0,
          "private": "eyJlMmJmYjczMC1lY2FhLTExZTYtOGY4OC0zNDM2M2JjN2M0YzAiOnsiZGVsZXRlIjoxODAwMDAwMDAwMDAsInJlYWQiOjkwMDAwMDAwMDAwMCwidXBkYXRlIjozMDAwMDAwMDAwMDB9fQ==",
          "dependencies": [
            "aws_iam_instance_profile.ec2_app",
            "aws_iam_role.ec2_app",
            "aws_instance.app",
            "aws_internet_gateway.main",
            "aws_launch_template.app",
            "aws_security_group.ec2_app",
            "aws_subnet.public",
            "aws_vpc.main",
            "data.aws_ami.amazon_linux_2023",
            "data.template_file.user_data"
          ]
        }
      ]
    },
    {
      "mode": "managed",
      "type": "aws_flow_log",
      "name": "main",
      "provider": "provider[\"registry.terraform.io/hashicorp/aws\"]",
      "instances": [
        {
          "schema_version": 0,
          "attributes": {
            "arn": "arn:aws:ec2:us-east-1:051826703172:vpc-flow-log/fl-01c5a498ef3bdf008",
            "deliver_cross_account_role": "",
            "destination_options": [],
            "eni_id": null,
            "iam_role_arn": "arn:aws:iam::051826703172:role/credentialmate-production-vpc-flow-log-role",
            "id": "fl-01c5a498ef3bdf008",
            "log_destination": "arn:aws:logs:us-east-1:051826703172:log-group:/aws/vpc/credentialmate-production",
            "log_destination_type": "cloud-watch-logs",
            "log_format": "${version} ${account-id} ${interface-id} ${srcaddr} ${dstaddr} ${srcport} ${dstport} ${protocol} ${packets} ${bytes} ${start} ${end} ${action} ${log-status}",
            "log_group_name": "/aws/vpc/credentialmate-production",
            "max_aggregation_interval": 600,
            "subnet_id": null,
            "tags": {
              "Name": "credentialmate-production-vpc-flow-log"
            },
            "tags_all": {
              "CostCenter": "Infrastructure",
              "Environment": "production",
              "HIPAA": "true",
              "ManagedBy": "Terraform",
              "Name": "credentialmate-production-vpc-flow-log",
              "Project": "CredentialMate"
            },
            "traffic_type": "ALL",
            "transit_gateway_attachment_id": null,
            "transit_gateway_id": null,
            "vpc_id": "vpc-009c7a92b2822fd82"
          },
          "sensitive_attributes": [],
          "identity_schema_version": 0,
          "private": "bnVsbA==",
          "dependencies": [
            "aws_cloudwatch_log_group.vpc_flow_log",
            "aws_iam_role.vpc_flow_log",
            "aws_vpc.main"
          ]
        }
      ]
    },
    {
      "mode": "managed",
      "type": "aws_iam_instance_profile",
      "name": "ec2_app",
      "provider": "provider[\"registry.terraform.io/hashicorp/aws\"]",
      "instances": [
        {
          "schema_version": 0,
          "attributes": {
            "arn": "arn:aws:iam::051826703172:instance-profile/credentialmate-production-ec2-app-profile",
            "create_date": "2025-11-20T01:07:13Z",
            "id": "credentialmate-production-ec2-app-profile",
            "name": "credentialmate-production-ec2-app-profile",
            "name_prefix": "",
            "path": "/",
            "role": "credentialmate-production-ec2-app-role",
            "tags": {
              "Name": "credentialmate-production-ec2-app-profile"
            },
            "tags_all": {
              "CostCenter": "Infrastructure",
              "Environment": "production",
              "HIPAA": "true",
              "ManagedBy": "Terraform",
              "Name": "credentialmate-production-ec2-app-profile",
              "Project": "CredentialMate"
            },
            "unique_id": "AIPAQYEI4XNCCX56IUBYB"
          },
          "sensitive_attributes": [],
          "identity_schema_version": 0,
          "private": "bnVsbA==",
          "dependencies": [
            "aws_iam_role.ec2_app"
          ],
          "create_before_destroy": true
        }
      ]
    },
    {
      "mode": "managed",
      "type": "aws_iam_policy",
      "name": "bedrock_access",
      "provider": "provider[\"registry.terraform.io/hashicorp/aws\"]",
      "instances": [
        {
          "schema_version": 0,
          "attributes": {
            "arn": "arn:aws:iam::051826703172:policy/credentialmate-production-bedrock-access",
            "attachment_count": 1,
            "description": "Allow EC2 to invoke Bedrock models",
            "id": "arn:aws:iam::051826703172:policy/credentialmate-production-bedrock-access",
            "name": "credentialmate-production-bedrock-access",
            "name_prefix": "",
            "path": "/",
            "policy": "{\"Statement\":[{\"Action\":[\"bedrock:InvokeModel\",\"bedrock:InvokeModelWithResponseStream\"],\"Effect\":\"Allow\",\"Resource\":[\"arn:aws:bedrock:us-east-1::foundation-model/anthropic.claude-3-haiku-20240307-v1:0\",\"arn:aws:bedrock:us-east-1::foundation-model/anthropic.claude-3-5-sonnet-20240620-v1:0\"]}],\"Version\":\"2012-10-17\"}",
            "policy_id": "ANPAQYEI4XNCLNDUOB5WX",
            "tags": {
              "Name": "credentialmate-production-bedrock-access-policy"
            },
            "tags_all": {
              "CostCenter": "Infrastructure",
              "Environment": "production",
              "HIPAA": "true",
              "ManagedBy": "Terraform",
              "Name": "credentialmate-production-bedrock-access-policy",
              "Project": "CredentialMate"
            }
          },
          "sensitive_attributes": [],
          "identity_schema_version": 0,
          "private": "bnVsbA=="
        }
      ]
    },
    {
      "mode": "managed",
      "type": "aws_iam_policy",
      "name": "cloudwatch_logs",
      "provider": "provider[\"registry.terraform.io/hashicorp/aws\"]",
      "instances": [
        {
          "schema_version": 0,
          "attributes": {
            "arn": "arn:aws:iam::051826703172:policy/credentialmate-production-cloudwatch-logs",
            "attachment_count": 1,
            "description": "Allow EC2 to write to CloudWatch Logs",
            "id": "arn:aws:iam::051826703172:policy/credentialmate-production-cloudwatch-logs",
            "name": "credentialmate-production-cloudwatch-logs",
            "name_prefix": "",
            "path": "/",
            "policy": "{\"Statement\":[{\"Action\":[\"logs:CreateLogGroup\",\"logs:CreateLogStream\",\"logs:PutLogEvents\",\"logs:DescribeLogStreams\"],\"Effect\":\"Allow\",\"Resource\":\"arn:aws:logs:us-east-1:*:log-group:/aws/credentialmate/*\"}],\"Version\":\"2012-10-17\"}",
            "policy_id": "ANPAQYEI4XNCDSGWVLYLI",
            "tags": {
              "Name": "credentialmate-production-cloudwatch-logs-policy"
            },
            "tags_all": {
              "CostCenter": "Infrastructure",
              "Environment": "production",
              "HIPAA": "true",
              "ManagedBy": "Terraform",
              "Name": "credentialmate-production-cloudwatch-logs-policy",
              "Project": "CredentialMate"
            }
          },
          "sensitive_attributes": [],
          "identity_schema_version": 0,
          "private": "bnVsbA=="
        }
      ]
    },
    {
      "mode": "managed",
      "type": "aws_iam_policy",
      "name": "s3_documents_access",
      "provider": "provider[\"registry.terraform.io/hashicorp/aws\"]",
      "instances": [
        {
          "schema_version": 0,
          "attributes": {
            "arn": "arn:aws:iam::051826703172:policy/credentialmate-production-s3-documents-access",
            "attachment_count": 1,
            "description": "Allow EC2 to access S3 documents bucket",
            "id": "arn:aws:iam::051826703172:policy/credentialmate-production-s3-documents-access",
            "name": "credentialmate-production-s3-documents-access",
            "name_prefix": "",
            "path": "/",
            "policy": "{\"Statement\":[{\"Action\":[\"s3:GetObject\",\"s3:PutObject\",\"s3:DeleteObject\",\"s3:ListBucket\",\"s3:PutObjectAcl\"],\"Effect\":\"Allow\",\"Resource\":[\"arn:aws:s3:::credentialmate-production-documents\",\"arn:aws:s3:::credentialmate-production-documents/*\"]}],\"Version\":\"2012-10-17\"}",
            "policy_id": "ANPAQYEI4XNCKBWIOYQIM",
            "tags": {
              "Name": "credentialmate-production-s3-documents-access-policy"
            },
            "tags_all": {
              "CostCenter": "Infrastructure",
              "Environment": "production",
              "HIPAA": "true",
              "ManagedBy": "Terraform",
              "Name": "credentialmate-production-s3-documents-access-policy",
              "Project": "CredentialMate"
            }
          },
          "sensitive_attributes": [],
          "identity_schema_version": 0,
          "private": "bnVsbA==",
          "dependencies": [
            "aws_s3_bucket.documents"
          ]
        }
      ]
    },
    {
      "mode": "managed",
      "type": "aws_iam_policy",
      "name": "secrets_read",
      "provider": "provider[\"registry.terraform.io/hashicorp/aws\"]",
      "instances": [
        {
          "schema_version": 0,
          "attributes": {
            "arn": "arn:aws:iam::051826703172:policy/credentialmate-production-secrets-read",
            "attachment_count": 1,
            "description": "Allow EC2 to read secrets from Secrets Manager",
            "id": "arn:aws:iam::051826703172:policy/credentialmate-production-secrets-read",
            "name": "credentialmate-production-secrets-read",
            "name_prefix": "",
            "path": "/",
            "policy": "{\"Statement\":[{\"Action\":[\"secretsmanager:GetSecretValue\",\"secretsmanager:DescribeSecret\"],\"Effect\":\"Allow\",\"Resource\":[\"arn:aws:secretsmanager:us-east-1:*:secret:credentialmate/production/*\"]}],\"Version\":\"2012-10-17\"}",
            "policy_id": "ANPAQYEI4XNCLNVE6CW65",
            "tags": {
              "Name": "credentialmate-production-secrets-read-policy"
            },
            "tags_all": {
              "CostCenter": "Infrastructure",
              "Environment": "production",
              "HIPAA": "true",
              "ManagedBy": "Terraform",
              "Name": "credentialmate-production-secrets-read-policy",
              "Project": "CredentialMate"
            }
          },
          "sensitive_attributes": [],
          "identity_schema_version": 0,
          "private": "bnVsbA=="
        }
      ]
    },
    {
      "mode": "managed",
      "type": "aws_iam_role",
      "name": "ec2_app",
      "provider": "provider[\"registry.terraform.io/hashicorp/aws\"]",
      "instances": [
        {
          "schema_version": 0,
          "attributes": {
            "arn": "arn:aws:iam::051826703172:role/credentialmate-production-ec2-app-role",
            "assume_role_policy": "{\"Statement\":[{\"Action\":\"sts:AssumeRole\",\"Effect\":\"Allow\",\"Principal\":{\"Service\":\"ec2.amazonaws.com\"}}],\"Version\":\"2012-10-17\"}",
            "create_date": "2025-11-20T01:07:13Z",
            "description": "",
            "force_detach_policies": false,
            "id": "credentialmate-production-ec2-app-role",
            "inline_policy": [],
            "managed_policy_arns": [
              "arn:aws:iam::051826703172:policy/credentialmate-production-bedrock-access",
              "arn:aws:iam::051826703172:policy/credentialmate-production-cloudwatch-logs",
              "arn:aws:iam::051826703172:policy/credentialmate-production-s3-documents-access",
              "arn:aws:iam::051826703172:policy/credentialmate-production-secrets-read",
              "arn:aws:iam::aws:policy/AmazonSSMManagedInstanceCore"
            ],
            "max_session_duration": 3600,
            "name": "credentialmate-production-ec2-app-role",
            "name_prefix": "",
            "path": "/",
            "permissions_boundary": "",
            "tags": {
              "Name": "credentialmate-production-ec2-app-role"
            },
            "tags_all": {
              "CostCenter": "Infrastructure",
              "Environment": "production",
              "HIPAA": "true",
              "ManagedBy": "Terraform",
              "Name": "credentialmate-production-ec2-app-role",
              "Project": "CredentialMate"
            },
            "unique_id": "AROAQYEI4XNCASCMWU62U"
          },
          "sensitive_attributes": [],
          "identity_schema_version": 0,
          "private": "bnVsbA==",
          "create_before_destroy": true
        }
      ]
    },
    {
      "mode": "managed",
      "type": "aws_iam_role",
      "name": "rds_monitoring",
      "provider": "provider[\"registry.terraform.io/hashicorp/aws\"]",
      "instances": [
        {
          "schema_version": 0,
          "attributes": {
            "arn": "arn:aws:iam::051826703172:role/credentialmate-production-rds-monitoring-role",
            "assume_role_policy": "{\"Statement\":[{\"Action\":\"sts:AssumeRole\",\"Effect\":\"Allow\",\"Principal\":{\"Service\":\"monitoring.rds.amazonaws.com\"}}],\"Version\":\"2012-10-17\"}",
            "create_date": "2025-11-20T01:07:13Z",
            "description": "",
            "force_detach_policies": false,
            "id": "credentialmate-production-rds-monitoring-role",
            "inline_policy": [],
            "managed_policy_arns": [
              "arn:aws:iam::aws:policy/service-role/AmazonRDSEnhancedMonitoringRole"
            ],
            "max_session_duration": 3600,
            "name": "credentialmate-production-rds-monitoring-role",
            "name_prefix": "",
            "path": "/",
            "permissions_boundary": "",
            "tags": {
              "Name": "credentialmate-production-rds-monitoring-role"
            },
            "tags_all": {
              "CostCenter": "Infrastructure",
              "Environment": "production",
              "HIPAA": "true",
              "ManagedBy": "Terraform",
              "Name": "credentialmate-production-rds-monitoring-role",
              "Project": "CredentialMate"
            },
            "unique_id": "AROAQYEI4XNCJKTTPOYA7"
          },
          "sensitive_attributes": [],
          "identity_schema_version": 0,
          "private": "bnVsbA=="
        }
      ]
    },
    {
      "mode": "managed",
      "type": "aws_iam_role",
      "name": "vpc_flow_log",
      "provider": "provider[\"registry.terraform.io/hashicorp/aws\"]",
      "instances": [
        {
          "schema_version": 0,
          "attributes": {
            "arn": "arn:aws:iam::051826703172:role/credentialmate-production-vpc-flow-log-role",
            "assume_role_policy": "{\"Statement\":[{\"Action\":\"sts:AssumeRole\",\"Effect\":\"Allow\",\"Principal\":{\"Service\":\"vpc-flow-logs.amazonaws.com\"}}],\"Version\":\"2012-10-17\"}",
            "create_date": "2025-11-20T01:07:13Z",
            "description": "",
            "force_detach_policies": false,
            "id": "credentialmate-production-vpc-flow-log-role",
            "inline_policy": [
              {
                "name": "credentialmate-production-vpc-flow-log-policy",
                "policy": "{\"Version\":\"2012-10-17\",\"Statement\":[{\"Action\":[\"logs:CreateLogGroup\",\"logs:CreateLogStream\",\"logs:PutLogEvents\",\"logs:DescribeLogGroups\",\"logs:DescribeLogStreams\"],\"Effect\":\"Allow\",\"Resource\":\"*\"}]}"
              }
            ],
            "managed_policy_arns": [],
            "max_session_duration": 3600,
            "name": "credentialmate-production-vpc-flow-log-role",
            "name_prefix": "",
            "path": "/",
            "permissions_boundary": "",
            "tags": {
              "Name": "credentialmate-production-vpc-flow-log-role"
            },
            "tags_all": {
              "CostCenter": "Infrastructure",
              "Environment": "production",
              "HIPAA": "true",
              "ManagedBy": "Terraform",
              "Name": "credentialmate-production-vpc-flow-log-role",
              "Project": "CredentialMate"
            },
            "unique_id": "AROAQYEI4XNCNHI7KJ3B6"
          },
          "sensitive_attributes": [],
          "identity_schema_version": 0,
          "private": "bnVsbA=="
        }
      ]
    },
    {
      "mode": "managed",
      "type": "aws_iam_role_policy",
      "name": "vpc_flow_log",
      "provider": "provider[\"registry.terraform.io/hashicorp/aws\"]",
      "instances": [
        {
          "schema_version": 0,
          "attributes": {
            "id": "credentialmate-production-vpc-flow-log-role:credentialmate-production-vpc-flow-log-policy",
            "name": "credentialmate-production-vpc-flow-log-policy",
            "name_prefix": "",
            "policy": "{\"Version\":\"2012-10-17\",\"Statement\":[{\"Action\":[\"logs:CreateLogGroup\",\"logs:CreateLogStream\",\"logs:PutLogEvents\",\"logs:DescribeLogGroups\",\"logs:DescribeLogStreams\"],\"Effect\":\"Allow\",\"Resource\":\"*\"}]}",
            "role": "credentialmate-production-vpc-flow-log-role"
          },
          "sensitive_attributes": [],
          "identity_schema_version": 0,
          "private": "bnVsbA==",
          "dependencies": [
            "aws_iam_role.vpc_flow_log"
          ]
        }
      ]
    },
    {
      "mode": "managed",
      "type": "aws_iam_role_policy_attachment",
      "name": "ec2_bedrock",
      "provider": "provider[\"registry.terraform.io/hashicorp/aws\"]",
      "instances": [
        {
          "schema_version": 0,
          "attributes": {
            "id": "credentialmate-production-ec2-app-role-20251120010713480100000002",
            "policy_arn": "arn:aws:iam::051826703172:policy/credentialmate-production-bedrock-access",
            "role": "credentialmate-production-ec2-app-role"
          },
          "sensitive_attributes": [],
          "identity_schema_version": 0,
          "private": "bnVsbA==",
          "dependencies": [
            "aws_iam_policy.bedrock_access",
            "aws_iam_role.ec2_app"
          ]
        }
      ]
    },
    {
      "mode": "managed",
      "type": "aws_iam_role_policy_attachment",
      "name": "ec2_cloudwatch",
      "provider": "provider[\"registry.terraform.io/hashicorp/aws\"]",
      "instances": [
        {
          "schema_version": 0,
          "attributes": {
            "id": "credentialmate-production-ec2-app-role-20251120010713503100000006",
            "policy_arn": "arn:aws:iam::051826703172:policy/credentialmate-production-cloudwatch-logs",
            "role": "credentialmate-production-ec2-app-role"
          },
          "sensitive_attributes": [],
          "identity_schema_version": 0,
          "private": "bnVsbA==",
          "dependencies": [
            "aws_iam_policy.cloudwatch_logs",
            "aws_iam_role.ec2_app"
          ]
        }
      ]
    },
    {
      "mode": "managed",
      "type": "aws_iam_role_policy_attachment",
      "name": "ec2_s3",
      "provider": "provider[\"registry.terraform.io/hashicorp/aws\"]",
      "instances": [
        {
          "schema_version": 0,
          "attributes": {
            "id": "credentialmate-production-ec2-app-role-20251120010713492300000004",
            "policy_arn": "arn:aws:iam::051826703172:policy/credentialmate-production-s3-documents-access",
            "role": "credentialmate-production-ec2-app-role"
          },
          "sensitive_attributes": [],
          "identity_schema_version": 0,
          "private": "bnVsbA==",
          "dependencies": [
            "aws_iam_policy.s3_documents_access",
            "aws_iam_role.ec2_app",
            "aws_s3_bucket.documents"
          ]
        }
      ]
    },
    {
      "mode": "managed",
      "type": "aws_iam_role_policy_attachment",
      "name": "ec2_secrets",
      "provider": "provider[\"registry.terraform.io/hashicorp/aws\"]",
      "instances": [
        {
          "schema_version": 0,
          "attributes": {
            "id": "credentialmate-production-ec2-app-role-20251120010713482900000003",
            "policy_arn": "arn:aws:iam::051826703172:policy/credentialmate-production-secrets-read",
            "role": "credentialmate-production-ec2-app-role"
          },
          "sensitive_attributes": [],
          "identity_schema_version": 0,
          "private": "bnVsbA==",
          "dependencies": [
            "aws_iam_policy.secrets_read",
            "aws_iam_role.ec2_app"
          ]
        }
      ]
    },
    {
      "mode": "managed",
      "type": "aws_iam_role_policy_attachment",
      "name": "ec2_ssm",
      "provider": "provider[\"registry.terraform.io/hashicorp/aws\"]",
      "instances": [
        {
          "schema_version": 0,
          "attributes": {
            "id": "credentialmate-production-ec2-app-role-20251120010713520500000007",
            "policy_arn": "arn:aws:iam::aws:policy/AmazonSSMManagedInstanceCore",
            "role": "credentialmate-production-ec2-app-role"
          },
          "sensitive_attributes": [],
          "identity_schema_version": 0,
          "private": "bnVsbA==",
          "dependencies": [
            "aws_iam_role.ec2_app"
          ]
        }
      ]
    },
    {
      "mode": "managed",
      "type": "aws_iam_role_policy_attachment",
      "name": "rds_monitoring",
      "provider": "provider[\"registry.terraform.io/hashicorp/aws\"]",
      "instances": [
        {
          "schema_version": 0,
          "attributes": {
            "id": "credentialmate-production-rds-monitoring-role-20251120010713498600000005",
            "policy_arn": "arn:aws:iam::aws:policy/service-role/AmazonRDSEnhancedMonitoringRole",
            "role": "credentialmate-production-rds-monitoring-role"
          },
          "sensitive_attributes": [],
          "identity_schema_version": 0,
          "private": "bnVsbA==",
          "dependencies": [
            "aws_iam_role.rds_monitoring"
          ]
        }
      ]
    },
    {
      "mode": "managed",
      "type": "aws_instance",
      "name": "app",
      "provider": "provider[\"registry.terraform.io/hashicorp/aws\"]",
      "instances": [
        {
          "status": "tainted",
          "schema_version": 1,
          "attributes": {
            "ami": "ami-03f4588dde8fcd614",
            "arn": "arn:aws:ec2:us-east-1:051826703172:instance/i-094c40dd6e5872ceb",
            "associate_public_ip_address": true,
            "availability_zone": "us-east-1a",
            "capacity_reservation_specification": [
              {
                "capacity_reservation_preference": "open",
                "capacity_reservation_target": []
              }
            ],
            "cpu_core_count": 1,
            "cpu_options": [
              {
                "amd_sev_snp": "",
                "core_count": 1,
                "threads_per_core": 2
              }
            ],
            "cpu_threads_per_core": 2,
            "credit_specification": [
              {
                "cpu_credits": "unlimited"
              }
            ],
            "disable_api_stop": false,
            "disable_api_termination": false,
            "ebs_block_device": [],
            "ebs_optimized": false,
            "enable_primary_ipv6": null,
            "enclave_options": [
              {
                "enabled": false
              }
            ],
            "ephemeral_block_device": [],
            "get_password_data": false,
            "hibernation": false,
            "host_id": "",
            "host_resource_group_arn": null,
            "iam_instance_profile": "credentialmate-production-ec2-app-profile",
            "id": "i-094c40dd6e5872ceb",
            "instance_initiated_shutdown_behavior": "stop",
            "instance_lifecycle": "",
            "instance_market_options": [],
            "instance_state": "running",
            "instance_type": "t3.micro",
            "ipv6_address_count": 0,
            "ipv6_addresses": [],
            "key_name": "credentialmate-prod-key-2025",
            "launch_template": [
              {
                "id": "lt-0e8870ca0485c1b1d",
                "name": "credentialmate-production-20251120010719301400000008",
                "version": "$Latest"
              }
            ],
            "maintenance_options": [
              {
                "auto_recovery": "default"
              }
            ],
            "metadata_options": [
              {
                "http_endpoint": "enabled",
                "http_protocol_ipv6": "disabled",
                "http_put_response_hop_limit": 1,
                "http_tokens": "required",
                "instance_metadata_tags": "enabled"
              }
            ],
            "monitoring": false,
            "network_interface": [],
            "outpost_arn": "",
            "password_data": "",
            "placement_group": "",
            "placement_partition_number": 0,
            "primary_network_interface_id": "eni-051318d487c6d5cda",
            "private_dns": "ip-10-0-1-164.ec2.internal",
            "private_dns_name_options": [
              {
                "enable_resource_name_dns_a_record": false,
                "enable_resource_name_dns_aaaa_record": false,
                "hostname_type": "ip-name"
              }
            ],
            "private_ip": "10.0.1.164",
            "public_dns": "ec2-34-230-13-92.compute-1.amazonaws.com",
            "public_ip": "34.230.13.92",
            "root_block_device": [
              {
                "delete_on_termination": true,
                "device_name": "/dev/xvda",
                "encrypted": false,
                "iops": 3000,
                "kms_key_id": "",
                "tags": {
                  "CostCenter": "Infrastructure",
                  "Environment": "production",
                  "HIPAA": "true",
                  "ManagedBy": "Terraform",
                  "Name": "credentialmate-production-app-volume",
                  "Project": "CredentialMate"
                },
                "tags_all": {
                  "CostCenter": "Infrastructure",
                  "Environment": "production",
                  "HIPAA": "true",
                  "ManagedBy": "Terraform",
                  "Name": "credentialmate-production-app-volume",
                  "Project": "CredentialMate"
                },
                "throughput": 125,
                "volume_id": "vol-0e73c70142933bd9c",
                "volume_size": 2,
                "volume_type": "gp3"
              }
            ],
            "secondary_private_ips": [],
            "security_groups": [],
            "source_dest_check": true,
            "spot_instance_request_id": "",
            "subnet_id": "subnet-02fbb6a2b6ba799e1",
            "tags": {
              "Backup": "Required",
              "Monitoring": "Enabled",
              "Name": "credentialmate-production-app-server"
            },
            "tags_all": {
              "Backup": "Required",
              "CostCenter": "Infrastructure",
              "Environment": "production",
              "HIPAA": "true",
              "ManagedBy": "Terraform",
              "Monitoring": "Enabled",
              "Name": "credentialmate-production-app-server",
              "Project": "CredentialMate"
            },
            "tenancy": "default",
            "timeouts": null,
            "user_data": "f295d2a3246a532d53fb7b893972bd5c168511e9",
            "user_data_base64": null,
            "user_data_replace_on_change": false,
            "volume_tags": null,
            "vpc_security_group_ids": [
              "sg-05856489359c5e1e2"
            ]
          },
          "sensitive_attributes": [],
          "identity_schema_version": 0,
          "private": "eyJlMmJmYjczMC1lY2FhLTExZTYtOGY4OC0zNDM2M2JjN2M0YzAiOnsiY3JlYXRlIjo2MDAwMDAwMDAwMDAsImRlbGV0ZSI6MTIwMDAwMDAwMDAwMCwicmVhZCI6OTAwMDAwMDAwMDAwLCJ1cGRhdGUiOjYwMDAwMDAwMDAwMH0sInNjaGVtYV92ZXJzaW9uIjoiMSJ9",
          "dependencies": [
            "aws_iam_instance_profile.ec2_app",
            "aws_iam_role.ec2_app",
            "aws_launch_template.app",
            "aws_security_group.ec2_app",
            "aws_subnet.public",
            "aws_vpc.main",
            "data.aws_ami.amazon_linux_2023",
            "data.template_file.user_data"
          ],
          "create_before_destroy": true
        }
      ]
    },
    {
      "mode": "managed",
      "type": "aws_internet_gateway",
      "name": "main",
      "provider": "provider[\"registry.terraform.io/hashicorp/aws\"]",
      "instances": [
        {
          "schema_version": 0,
          "attributes": {
            "arn": "arn:aws:ec2:us-east-1:051826703172:internet-gateway/igw-035b7e2cc0bd1f314",
            "id": "igw-035b7e2cc0bd1f314",
            "owner_id": "051826703172",
            "tags": {
              "Name": "credentialmate-production-igw"
            },
            "tags_all": {
              "CostCenter": "Infrastructure",
              "Environment": "production",
              "HIPAA": "true",
              "ManagedBy": "Terraform",
              "Name": "credentialmate-production-igw",
              "Project": "CredentialMate"
            },
            "timeouts": null,
            "vpc_id": "vpc-009c7a92b2822fd82"
          },
          "sensitive_attributes": [],
          "identity_schema_version": 0,
          "private": "eyJlMmJmYjczMC1lY2FhLTExZTYtOGY4OC0zNDM2M2JjN2M0YzAiOnsiY3JlYXRlIjoxMjAwMDAwMDAwMDAwLCJkZWxldGUiOjEyMDAwMDAwMDAwMDAsInVwZGF0ZSI6MTIwMDAwMDAwMDAwMH19",
          "dependencies": [
            "aws_vpc.main"
          ]
        }
      ]
    },
    {
      "mode": "managed",
      "type": "aws_kms_alias",
      "name": "rds",
      "provider": "provider[\"registry.terraform.io/hashicorp/aws\"]",
      "instances": [
        {
          "schema_version": 0,
          "attributes": {
            "arn": "arn:aws:kms:us-east-1:051826703172:alias/credentialmate-production-rds",
            "id": "alias/credentialmate-production-rds",
            "name": "alias/credentialmate-production-rds",
            "name_prefix": "",
            "target_key_arn": "arn:aws:kms:us-east-1:051826703172:key/5c2ccc6a-54b2-454a-8342-849ffd5330a0",
            "target_key_id": "5c2ccc6a-54b2-454a-8342-849ffd5330a0"
          },
          "sensitive_attributes": [],
          "identity_schema_version": 0,
          "private": "bnVsbA==",
          "dependencies": [
            "aws_kms_key.rds"
          ]
        }
      ]
    },
    {
      "mode": "managed",
      "type": "aws_kms_alias",
      "name": "s3",
      "provider": "provider[\"registry.terraform.io/hashicorp/aws\"]",
      "instances": [
        {
          "schema_version": 0,
          "attributes": {
            "arn": "arn:aws:kms:us-east-1:051826703172:alias/credentialmate-production-s3",
            "id": "alias/credentialmate-production-s3",
            "name": "alias/credentialmate-production-s3",
            "name_prefix": "",
            "target_key_arn": "arn:aws:kms:us-east-1:051826703172:key/95c2172c-1edf-4424-8549-d13158bca5c2",
            "target_key_id": "95c2172c-1edf-4424-8549-d13158bca5c2"
          },
          "sensitive_attributes": [],
          "identity_schema_version": 0,
          "private": "bnVsbA==",
          "dependencies": [
            "aws_kms_key.s3"
          ]
        }
      ]
    },
    {
      "mode": "managed",
      "type": "aws_kms_key",
      "name": "rds",
      "provider": "provider[\"registry.terraform.io/hashicorp/aws\"]",
      "instances": [
        {
          "schema_version": 0,
          "attributes": {
            "arn": "arn:aws:kms:us-east-1:051826703172:key/5c2ccc6a-54b2-454a-8342-849ffd5330a0",
            "bypass_policy_lockout_safety_check": false,
            "custom_key_store_id": "",
            "customer_master_key_spec": "SYMMETRIC_DEFAULT",
            "deletion_window_in_days": 30,
            "description": "KMS key for RDS encryption",
            "enable_key_rotation": true,
            "id": "5c2ccc6a-54b2-454a-8342-849ffd5330a0",
            "is_enabled": true,
            "key_id": "5c2ccc6a-54b2-454a-8342-849ffd5330a0",
            "key_usage": "ENCRYPT_DECRYPT",
            "multi_region": false,
            "policy": "{\"Id\":\"key-default-1\",\"Statement\":[{\"Action\":\"kms:*\",\"Effect\":\"Allow\",\"Principal\":{\"AWS\":\"arn:aws:iam::051826703172:root\"},\"Resource\":\"*\",\"Sid\":\"Enable IAM User Permissions\"}],\"Version\":\"2012-10-17\"}",
            "rotation_period_in_days": 365,
            "tags": {
              "Name": "credentialmate-production-rds-kms-key"
            },
            "tags_all": {
              "CostCenter": "Infrastructure",
              "Environment": "production",
              "HIPAA": "true",
              "ManagedBy": "Terraform",
              "Name": "credentialmate-production-rds-kms-key",
              "Project": "CredentialMate"
            },
            "timeouts": null,
            "xks_key_id": ""
          },
          "sensitive_attributes": [],
          "identity_schema_version": 0,
          "private": "eyJlMmJmYjczMC1lY2FhLTExZTYtOGY4OC0zNDM2M2JjN2M0YzAiOnsiY3JlYXRlIjoxMjAwMDAwMDAwMDB9fQ=="
        }
      ]
    },
    {
      "mode": "managed",
      "type": "aws_kms_key",
      "name": "s3",
      "provider": "provider[\"registry.terraform.io/hashicorp/aws\"]",
      "instances": [
        {
          "schema_version": 0,
          "attributes": {
            "arn": "arn:aws:kms:us-east-1:051826703172:key/95c2172c-1edf-4424-8549-d13158bca5c2",
            "bypass_policy_lockout_safety_check": false,
            "custom_key_store_id": "",
            "customer_master_key_spec": "SYMMETRIC_DEFAULT",
            "deletion_window_in_days": 30,
            "description": "KMS key for S3 bucket encryption",
            "enable_key_rotation": true,
            "id": "95c2172c-1edf-4424-8549-d13158bca5c2",
            "is_enabled": true,
            "key_id": "95c2172c-1edf-4424-8549-d13158bca5c2",
            "key_usage": "ENCRYPT_DECRYPT",
            "multi_region": false,
            "policy": "{\"Id\":\"key-default-1\",\"Statement\":[{\"Action\":\"kms:*\",\"Effect\":\"Allow\",\"Principal\":{\"AWS\":\"arn:aws:iam::051826703172:root\"},\"Resource\":\"*\",\"Sid\":\"Enable IAM User Permissions\"}],\"Version\":\"2012-10-17\"}",
            "rotation_period_in_days": 365,
            "tags": {
              "Name": "credentialmate-production-s3-kms-key"
            },
            "tags_all": {
              "CostCenter": "Infrastructure",
              "Environment": "production",
              "HIPAA": "true",
              "ManagedBy": "Terraform",
              "Name": "credentialmate-production-s3-kms-key",
              "Project": "CredentialMate"
            },
            "timeouts": null,
            "xks_key_id": ""
          },
          "sensitive_attributes": [],
          "identity_schema_version": 0,
          "private": "eyJlMmJmYjczMC1lY2FhLTExZTYtOGY4OC0zNDM2M2JjN2M0YzAiOnsiY3JlYXRlIjoxMjAwMDAwMDAwMDB9fQ=="
        }
      ]
    },
    {
      "mode": "managed",
      "type": "aws_launch_template",
      "name": "app",
      "provider": "provider[\"registry.terraform.io/hashicorp/aws\"]",
      "instances": [
        {
          "schema_version": 0,
          "attributes": {
            "arn": "arn:aws:ec2:us-east-1:051826703172:launch-template/lt-0e8870ca0485c1b1d",
            "block_device_mappings": [],
            "capacity_reservation_specification": [],
            "cpu_options": [],
            "credit_specification": [],
            "default_version": 1,
            "description": "",
            "disable_api_stop": false,
            "disable_api_termination": false,
            "ebs_optimized": "",
            "elastic_gpu_specifications": [],
            "elastic_inference_accelerator": [],
            "enclave_options": [],
            "hibernation_options": [],
            "iam_instance_profile": [
              {
                "arn": "",
                "name": "credentialmate-production-ec2-app-profile"
              }
            ],
            "id": "lt-0e8870ca0485c1b1d",
            "image_id": "ami-03f4588dde8fcd614",
            "instance_initiated_shutdown_behavior": "",
            "instance_market_options": [],
            "instance_requirements": [],
            "instance_type": "t3.micro",
            "kernel_id": "",
            "key_name": "credentialmate-prod-key-2025",
            "latest_version": 2,
            "license_specification": [],
            "maintenance_options": [],
            "metadata_options": [
              {
                "http_endpoint": "enabled",
                "http_protocol_ipv6": "",
                "http_put_response_hop_limit": 1,
                "http_tokens": "required",
                "instance_metadata_tags": "enabled"
              }
            ],
            "monitoring": [
              {
                "enabled": true
              }
            ],
            "name": "credentialmate-production-20251120010719301400000008",
            "name_prefix": "credentialmate-production-",
            "network_interfaces": [],
            "placement": [],
            "private_dns_name_options": [],
            "ram_disk_id": "",
            "security_group_names": [],
            "tag_specifications": [
              {
                "resource_type": "instance",
                "tags": {
                  "Name": "credentialmate-production-app-server"
                }
              },
              {
                "resource_type": "volume",
                "tags": {
                  "Name": "credentialmate-production-app-volume"
                }
              }
            ],
            "tags": {
              "Name": "credentialmate-production-launch-template"
            },
            "tags_all": {
              "CostCenter": "Infrastructure",
              "Environment": "production",
              "HIPAA": "true",
              "ManagedBy": "Terraform",
              "Name": "credentialmate-production-launch-template",
              "Project": "CredentialMate"
            },
            "update_default_version": null,
            "user_data": "IyEvYmluL2Jhc2gNCiMgPT09PT09PT09PT09PT09PT09PT09PT09PT09PT09PT09PT09PT09PT09PT0NCiMgRUMyIFVzZXIgRGF0YSBTY3JpcHQNCiMgQ3JlZGVudGlhbE1hdGUgLSBBcHBsaWNhdGlvbiBTZXJ2ZXIgSW5pdGlhbGl6YXRpb24NCiMgPT09PT09PT09PT09PT09PT09PT09PT09PT09PT09PT09PT09PT09PT09PT0NCg0Kc2V0IC1lDQoNCiMgVXBkYXRlIHN5c3RlbQ0KZWNobyAiVXBkYXRpbmcgc3lzdGVtIHBhY2thZ2VzLi4uIg0KeXVtIHVwZGF0ZSAteQ0KDQojIEluc3RhbGwgRG9ja2VyDQplY2hvICJJbnN0YWxsaW5nIERvY2tlci4uLiINCnl1bSBpbnN0YWxsIC15IGRvY2tlcg0Kc3lzdGVtY3RsIHN0YXJ0IGRvY2tlcg0Kc3lzdGVtY3RsIGVuYWJsZSBkb2NrZXINCnVzZXJtb2QgLWFHIGRvY2tlciBlYzItdXNlcg0KDQojIEluc3RhbGwgRG9ja2VyIENvbXBvc2UNCmVjaG8gIkluc3RhbGxpbmcgRG9ja2VyIENvbXBvc2UuLi4iDQpjdXJsIC1MICJodHRwczovL2dpdGh1Yi5jb20vZG9ja2VyL2NvbXBvc2UvcmVsZWFzZXMvbGF0ZXN0L2Rvd25sb2FkL2RvY2tlci1jb21wb3NlLSQodW5hbWUgLXMpLSQodW5hbWUgLW0pIiAtbyAvdXNyL2xvY2FsL2Jpbi9kb2NrZXItY29tcG9zZQ0KY2htb2QgK3ggL3Vzci9sb2NhbC9iaW4vZG9ja2VyLWNvbXBvc2UNCmxuIC1zIC91c3IvbG9jYWwvYmluL2RvY2tlci1jb21wb3NlIC91c3IvYmluL2RvY2tlci1jb21wb3NlDQoNCiMgSW5zdGFsbCBHaXQNCmVjaG8gIkluc3RhbGxpbmcgR2l0Li4uIg0KeXVtIGluc3RhbGwgLXkgZ2l0DQoNCiMgSW5zdGFsbCBTU00gQWdlbnQgKGZvciByZW1vdGUgbWFuYWdlbWVudCkNCmVjaG8gIkluc3RhbGxpbmcgU1NNIEFnZW50Li4uIg0KeXVtIGluc3RhbGwgLXkgYW1hem9uLXNzbS1hZ2VudA0Kc3lzdGVtY3RsIGVuYWJsZSBhbWF6b24tc3NtLWFnZW50DQpzeXN0ZW1jdGwgc3RhcnQgYW1hem9uLXNzbS1hZ2VudA0KDQojIEluc3RhbGwgQ2VydGJvdCBmb3IgTGV0J3MgRW5jcnlwdCBTU0wNCmVjaG8gIkluc3RhbGxpbmcgQ2VydGJvdC4uLiINCnl1bSBpbnN0YWxsIC15IGNlcnRib3QNCg0KIyBJbnN0YWxsIEFXUyBDTEkgdjINCmVjaG8gIkluc3RhbGxpbmcgQVdTIENMSS4uLiINCmN1cmwgImh0dHBzOi8vYXdzY2xpLmFtYXpvbmF3cy5jb20vYXdzY2xpLWV4ZS1saW51eC14ODZfNjQuemlwIiAtbyAiYXdzY2xpdjIuemlwIg0KdW56aXAgYXdzY2xpdjIuemlwDQouL2F3cy9pbnN0YWxsDQpybSAtcmYgYXdzIGF3c2NsaXYyLnppcA0KDQojIEluc3RhbGwgQ2xvdWRXYXRjaCBBZ2VudA0KZWNobyAiSW5zdGFsbGluZyBDbG91ZFdhdGNoIEFnZW50Li4uIg0Kd2dldCBodHRwczovL3MzLmFtYXpvbmF3cy5jb20vYW1hem9uY2xvdWR3YXRjaC1hZ2VudC9hbWF6b25fbGludXgvYW1kNjQvbGF0ZXN0L2FtYXpvbi1jbG91ZHdhdGNoLWFnZW50LnJwbQ0KcnBtIC1VIC4vYW1hem9uLWNsb3Vkd2F0Y2gtYWdlbnQucnBtDQpybSBhbWF6b24tY2xvdWR3YXRjaC1hZ2VudC5ycG0NCg0KIyBDcmVhdGUgYXBwbGljYXRpb24gZGlyZWN0b3J5DQplY2hvICJDcmVhdGluZyBhcHBsaWNhdGlvbiBkaXJlY3RvcnkuLi4iDQpta2RpciAtcCAvb3B0L2NyZWRlbnRpYWxtYXRlDQpjZCAvb3B0L2NyZWRlbnRpYWxtYXRlDQoNCiMgQ3JlYXRlIENsb3VkV2F0Y2ggYWdlbnQgY29uZmlndXJhdGlvbg0KZWNobyAiQ29uZmlndXJpbmcgQ2xvdWRXYXRjaCBhZ2VudC4uLiINCmNhdCA+IC9vcHQvYXdzL2FtYXpvbi1jbG91ZHdhdGNoLWFnZW50L2V0Yy9jb25maWcuanNvbiA8PCdFT0YnDQp7DQogICJhZ2VudCI6IHsNCiAgICAibWV0cmljc19jb2xsZWN0aW9uX2ludGVydmFsIjogNjAsDQogICAgInJ1bl9hc191c2VyIjogInJvb3QiDQogIH0sDQogICJsb2dzIjogew0KICAgICJsb2dzX2NvbGxlY3RlZCI6IHsNCiAgICAgICJmaWxlcyI6IHsNCiAgICAgICAgImNvbGxlY3RfbGlzdCI6IFsNCiAgICAgICAgICB7DQogICAgICAgICAgICAiZmlsZV9wYXRoIjogIi92YXIvbG9nL2NyZWRlbnRpYWxtYXRlL2FwcC5sb2ciLA0KICAgICAgICAgICAgImxvZ19ncm91cF9uYW1lIjogIi9hd3MvY3JlZGVudGlhbG1hdGUvcHJvZHVjdGlvbi9hcHBsaWNhdGlvbiIsDQogICAgICAgICAgICAibG9nX3N0cmVhbV9uYW1lIjogIntpbnN0YW5jZV9pZH0vYXBwLmxvZyINCiAgICAgICAgICB9LA0KICAgICAgICAgIHsNCiAgICAgICAgICAgICJmaWxlX3BhdGgiOiAiL3Zhci9sb2cvZG9ja2VyIiwNCiAgICAgICAgICAgICJsb2dfZ3JvdXBfbmFtZSI6ICIvYXdzL2NyZWRlbnRpYWxtYXRlL3Byb2R1Y3Rpb24vZG9ja2VyIiwNCiAgICAgICAgICAgICJsb2dfc3RyZWFtX25hbWUiOiAie2luc3RhbmNlX2lkfS9kb2NrZXIubG9nIg0KICAgICAgICAgIH0NCiAgICAgICAgXQ0KICAgICAgfQ0KICAgIH0NCiAgfSwNCiAgIm1ldHJpY3MiOiB7DQogICAgIm5hbWVzcGFjZSI6ICJDcmVkZW50aWFsTWF0ZS9wcm9kdWN0aW9uIiwNCiAgICAibWV0cmljc19jb2xsZWN0ZWQiOiB7DQogICAgICAiY3B1Ijogew0KICAgICAgICAibWVhc3VyZW1lbnQiOiBbDQogICAgICAgICAgew0KICAgICAgICAgICAgIm5hbWUiOiAiY3B1X3VzYWdlX2lkbGUiLA0KICAgICAgICAgICAgInJlbmFtZSI6ICJDUFVfSURMRSIsDQogICAgICAgICAgICAidW5pdCI6ICJQZXJjZW50Ig0KICAgICAgICAgIH0sDQogICAgICAgICAgImNwdV91c2FnZV9pb3dhaXQiDQogICAgICAgIF0sDQogICAgICAgICJtZXRyaWNzX2NvbGxlY3Rpb25faW50ZXJ2YWwiOiA2MCwNCiAgICAgICAgInRvdGFsY3B1IjogZmFsc2UNCiAgICAgIH0sDQogICAgICAiZGlzayI6IHsNCiAgICAgICAgIm1lYXN1cmVtZW50IjogWw0KICAgICAgICAgIHsNCiAgICAgICAgICAgICJuYW1lIjogInVzZWRfcGVyY2VudCIsDQogICAgICAgICAgICAicmVuYW1lIjogIkRJU0tfVVNFRCIsDQogICAgICAgICAgICAidW5pdCI6ICJQZXJjZW50Ig0KICAgICAgICAgIH0NCiAgICAgICAgXSwNCiAgICAgICAgIm1ldHJpY3NfY29sbGVjdGlvbl9pbnRlcnZhbCI6IDYwLA0KICAgICAgICAicmVzb3VyY2VzIjogWw0KICAgICAgICAgICIqIg0KICAgICAgICBdDQogICAgICB9LA0KICAgICAgImRpc2tpbyI6IHsNCiAgICAgICAgIm1lYXN1cmVtZW50IjogWw0KICAgICAgICAgICJpb190aW1lIg0KICAgICAgICBdLA0KICAgICAgICAibWV0cmljc19jb2xsZWN0aW9uX2ludGVydmFsIjogNjANCiAgICAgIH0sDQogICAgICAibWVtIjogew0KICAgICAgICAibWVhc3VyZW1lbnQiOiBbDQogICAgICAgICAgew0KICAgICAgICAgICAgIm5hbWUiOiAibWVtX3VzZWRfcGVyY2VudCIsDQogICAgICAgICAgICAicmVuYW1lIjogIk1FTV9VU0VEIiwNCiAgICAgICAgICAgICJ1bml0IjogIlBlcmNlbnQiDQogICAgICAgICAgfQ0KICAgICAgICBdLA0KICAgICAgICAibWV0cmljc19jb2xsZWN0aW9uX2ludGVydmFsIjogNjANCiAgICAgIH0NCiAgICB9DQogIH0NCn0NCkVPRg0KDQojIFN0YXJ0IENsb3VkV2F0Y2ggYWdlbnQNCi9vcHQvYXdzL2FtYXpvbi1jbG91ZHdhdGNoLWFnZW50L2Jpbi9hbWF6b24tY2xvdWR3YXRjaC1hZ2VudC1jdGwgXA0KICAgIC1hIGZldGNoLWNvbmZpZyBcDQogICAgLW0gZWMyIFwNCiAgICAtcyBcDQogICAgLWMgZmlsZTovb3B0L2F3cy9hbWF6b24tY2xvdWR3YXRjaC1hZ2VudC9ldGMvY29uZmlnLmpzb24NCg0KIyBDcmVhdGUgbG9nIGRpcmVjdG9yeQ0KbWtkaXIgLXAgL3Zhci9sb2cvY3JlZGVudGlhbG1hdGUNCg0KIyBTZXQgdXAgZGVwbG95bWVudCBzY3JpcHQgKHdpbGwgYmUgY2FsbGVkIGJ5IENJL0NEKQ0KY2F0ID4gL29wdC9jcmVkZW50aWFsbWF0ZS9kZXBsb3kuc2ggPDwnREVQTE9ZX1NDUklQVCcNCiMhL2Jpbi9iYXNoDQpzZXQgLWUNCg0KZWNobyAiU3RhcnRpbmcgZGVwbG95bWVudC4uLiINCg0KIyBHZXQgc2VjcmV0cyBmcm9tIEFXUyBTZWNyZXRzIE1hbmFnZXINCmV4cG9ydCBBV1NfUkVHSU9OPXVzLWVhc3QtMQ0KZXhwb3J0IERBVEFCQVNFX1VSTD0kKGF3cyBzZWNyZXRzbWFuYWdlciBnZXQtc2VjcmV0LXZhbHVlIC0tc2VjcmV0LWlkIGNyZWRlbnRpYWxtYXRlL3Byb2R1Y3Rpb24vZGF0YWJhc2UgLS1xdWVyeSBTZWNyZXRTdHJpbmcgLS1vdXRwdXQgdGV4dCB8IGpxIC1yICcuY29ubmVjdGlvbl9zdHJpbmcnKQ0KZXhwb3J0IFNFQ1JFVF9LRVk9JChhd3Mgc2VjcmV0c21hbmFnZXIgZ2V0LXNlY3JldC12YWx1ZSAtLXNlY3JldC1pZCBjcmVkZW50aWFsbWF0ZS9wcm9kdWN0aW9uL2FwcCAtLXF1ZXJ5IFNlY3JldFN0cmluZyAtLW91dHB1dCB0ZXh0IHwganEgLXIgJy5zZWNyZXRfa2V5JykNCmV4cG9ydCBKV1RfU0VDUkVUX0tFWT0kKGF3cyBzZWNyZXRzbWFuYWdlciBnZXQtc2VjcmV0LXZhbHVlIC0tc2VjcmV0LWlkIGNyZWRlbnRpYWxtYXRlL3Byb2R1Y3Rpb24vYXBwIC0tcXVlcnkgU2VjcmV0U3RyaW5nIC0tb3V0cHV0IHRleHQgfCBqcSAtciAnLmp3dF9zZWNyZXRfa2V5JykNCmV4cG9ydCBFTkNSWVBUSU9OX0tFWT0kKGF3cyBzZWNyZXRzbWFuYWdlciBnZXQtc2VjcmV0LXZhbHVlIC0tc2VjcmV0LWlkIGNyZWRlbnRpYWxtYXRlL3Byb2R1Y3Rpb24vYXBwIC0tcXVlcnkgU2VjcmV0U3RyaW5nIC0tb3V0cHV0IHRleHQgfCBqcSAtciAnLmVuY3J5cHRpb25fa2V5JykNCg0KIyBQdWxsIGxhdGVzdCBjb2RlDQpjZCAvb3B0L2NyZWRlbnRpYWxtYXRlDQpnaXQgcHVsbCBvcmlnaW4gbWFpbg0KDQojIEJ1aWxkIGFuZCBzdGFydCBjb250YWluZXJzDQpkb2NrZXItY29tcG9zZSBkb3duDQpkb2NrZXItY29tcG9zZSB1cCAtZCAtLWJ1aWxkDQoNCiMgUnVuIGRhdGFiYXNlIG1pZ3JhdGlvbnMNCmRvY2tlci1jb21wb3NlIGV4ZWMgLVQgYmFja2VuZCBhbGVtYmljIHVwZ3JhZGUgaGVhZA0KDQojIE9wdGlvbmFsOiBSdW4gc2VlZCBkYXRhIG9uIGZpcnN0IGRlcGxveW1lbnQNCmlmIFsgIiQxIiA9PSAiLS1zZWVkIiBdOyB0aGVuDQogIGVjaG8gIlJ1bm5pbmcgc2VlZCBkYXRhLi4uIg0KICBkb2NrZXItY29tcG9zZSBleGVjIC1UIGJhY2tlbmQgcHl0aG9uIC1tIGFwcC5zY3JpcHRzLnNlZWRfYWxsX2RhdGENCmZpDQoNCmVjaG8gIkRlcGxveW1lbnQgY29tcGxldGUhIg0KREVQTE9ZX1NDUklQVA0KDQpjaG1vZCAreCAvb3B0L2NyZWRlbnRpYWxtYXRlL2RlcGxveS5zaA0KDQplY2hvICJFQzIgaW5pdGlhbGl6YXRpb24gY29tcGxldGUhIg0K",
            "vpc_security_group_ids": [
              "sg-05856489359c5e1e2"
            ]
          },
          "sensitive_attributes": [],
          "identity_schema_version": 0,
          "private": "bnVsbA==",
          "dependencies": [
            "aws_iam_instance_profile.ec2_app",
            "aws_iam_role.ec2_app",
            "aws_security_group.ec2_app",
            "aws_vpc.main",
            "data.aws_ami.amazon_linux_2023",
            "data.template_file.user_data"
          ],
          "create_before_destroy": true
        }
      ]
    },
    {
      "mode": "managed",
      "type": "aws_route53_health_check",
      "name": "main",
      "provider": "provider[\"registry.terraform.io/hashicorp/aws\"]",
      "instances": [
        {
          "schema_version": 0,
          "attributes": {
            "arn": "arn:aws:route53:::healthcheck/20bda30a-110f-461b-84b9-02fde3fbc7e7",
            "child_health_threshold": 0,
            "child_healthchecks": [],
            "cloudwatch_alarm_name": null,
            "cloudwatch_alarm_region": null,
            "disabled": false,
            "enable_sni": true,
            "failure_threshold": 3,
            "fqdn": "credentialmate.com",
            "id": "20bda30a-110f-461b-84b9-02fde3fbc7e7",
            "insufficient_data_health_status": "",
            "invert_healthcheck": false,
            "ip_address": "",
            "measure_latency": false,
            "port": 443,
            "reference_name": null,
            "regions": [],
            "request_interval": 30,
            "resource_path": "/health",
            "routing_control_arn": "",
            "search_string": "",
            "tags": {
              "Name": "credentialmate-production-health-check"
            },
            "tags_all": {
              "CostCenter": "Infrastructure",
              "Environment": "production",
              "HIPAA": "true",
              "ManagedBy": "Terraform",
              "Name": "credentialmate-production-health-check",
              "Project": "CredentialMate"
            },
            "triggers": {},
            "type": "HTTPS"
          },
          "sensitive_attributes": [],
          "identity_schema_version": 0,
          "private": "bnVsbA=="
        }
      ]
    },
    {
      "mode": "managed",
      "type": "aws_route53_record",
      "name": "root",
      "provider": "provider[\"registry.terraform.io/hashicorp/aws\"]",
      "instances": [
        {
          "schema_version": 2,
          "attributes": {
            "alias": [],
            "allow_overwrite": null,
            "cidr_routing_policy": [],
            "failover_routing_policy": [],
            "fqdn": "credentialmate.com",
            "geolocation_routing_policy": [],
            "geoproximity_routing_policy": [],
            "health_check_id": "",
            "id": "Z00320409BFWAM57MKQD_credentialmate.com_A",
            "latency_routing_policy": [],
            "multivalue_answer_routing_policy": false,
            "name": "credentialmate.com",
            "records": [
              "34.237.12.133"
            ],
            "set_identifier": "",
            "timeouts": null,
            "ttl": 300,
            "type": "A",
            "weighted_routing_policy": [],
            "zone_id": "Z00320409BFWAM57MKQD"
          },
          "sensitive_attributes": [],
          "identity_schema_version": 0,
          "private": "eyJlMmJmYjczMC1lY2FhLTExZTYtOGY4OC0zNDM2M2JjN2M0YzAiOnsiY3JlYXRlIjoxODAwMDAwMDAwMDAwLCJkZWxldGUiOjE4MDAwMDAwMDAwMDAsInVwZGF0ZSI6MTgwMDAwMDAwMDAwMH0sInNjaGVtYV92ZXJzaW9uIjoiMiJ9",
          "dependencies": [
            "aws_eip.app",
            "aws_iam_instance_profile.ec2_app",
            "aws_iam_role.ec2_app",
            "aws_instance.app",
            "aws_internet_gateway.main",
            "aws_launch_template.app",
            "aws_route53_zone.main",
            "aws_security_group.ec2_app",
            "aws_subnet.public",
            "aws_vpc.main",
            "data.aws_ami.amazon_linux_2023",
            "data.aws_route53_zone.main",
            "data.template_file.user_data"
          ]
        }
      ]
    },
    {
      "mode": "managed",
      "type": "aws_route53_record",
      "name": "www",
      "provider": "provider[\"registry.terraform.io/hashicorp/aws\"]",
      "instances": [
        {
          "schema_version": 2,
          "attributes": {
            "alias": [],
            "allow_overwrite": null,
            "cidr_routing_policy": [],
            "failover_routing_policy": [],
            "fqdn": "www.credentialmate.com",
            "geolocation_routing_policy": [],
            "geoproximity_routing_policy": [],
            "health_check_id": "",
            "id": "Z00320409BFWAM57MKQD_www.credentialmate.com_A",
            "latency_routing_policy": [],
            "multivalue_answer_routing_policy": false,
            "name": "www.credentialmate.com",
            "records": [
              "34.237.12.133"
            ],
            "set_identifier": "",
            "timeouts": null,
            "ttl": 300,
            "type": "A",
            "weighted_routing_policy": [],
            "zone_id": "Z00320409BFWAM57MKQD"
          },
          "sensitive_attributes": [],
          "identity_schema_version": 0,
          "private": "eyJlMmJmYjczMC1lY2FhLTExZTYtOGY4OC0zNDM2M2JjN2M0YzAiOnsiY3JlYXRlIjoxODAwMDAwMDAwMDAwLCJkZWxldGUiOjE4MDAwMDAwMDAwMDAsInVwZGF0ZSI6MTgwMDAwMDAwMDAwMH0sInNjaGVtYV92ZXJzaW9uIjoiMiJ9",
          "dependencies": [
            "aws_eip.app",
            "aws_iam_instance_profile.ec2_app",
            "aws_iam_role.ec2_app",
            "aws_instance.app",
            "aws_internet_gateway.main",
            "aws_launch_template.app",
            "aws_route53_zone.main",
            "aws_security_group.ec2_app",
            "aws_subnet.public",
            "aws_vpc.main",
            "data.aws_ami.amazon_linux_2023",
            "data.aws_route53_zone.main",
            "data.template_file.user_data"
          ]
        }
      ]
    },
    {
      "mode": "managed",
      "type": "aws_route_table",
      "name": "private",
      "provider": "provider[\"registry.terraform.io/hashicorp/aws\"]",
      "instances": [
        {
          "schema_version": 0,
          "attributes": {
            "arn": "arn:aws:ec2:us-east-1:051826703172:route-table/rtb-0a8a5152ed66b132e",
            "id": "rtb-0a8a5152ed66b132e",
            "owner_id": "051826703172",
            "propagating_vgws": [],
            "route": [],
            "tags": {
              "Name": "credentialmate-production-private-rt"
            },
            "tags_all": {
              "CostCenter": "Infrastructure",
              "Environment": "production",
              "HIPAA": "true",
              "ManagedBy": "Terraform",
              "Name": "credentialmate-production-private-rt",
              "Project": "CredentialMate"
            },
            "timeouts": null,
            "vpc_id": "vpc-009c7a92b2822fd82"
          },
          "sensitive_attributes": [],
          "identity_schema_version": 0,
          "private": "eyJlMmJmYjczMC1lY2FhLTExZTYtOGY4OC0zNDM2M2JjN2M0YzAiOnsiY3JlYXRlIjozMDAwMDAwMDAwMDAsImRlbGV0ZSI6MzAwMDAwMDAwMDAwLCJ1cGRhdGUiOjEyMDAwMDAwMDAwMH19",
          "dependencies": [
            "aws_eip.nat",
            "aws_internet_gateway.main",
            "aws_nat_gateway.main",
            "aws_subnet.public",
            "aws_vpc.main"
          ]
        }
      ]
    },
    {
      "mode": "managed",
      "type": "aws_route_table",
      "name": "public",
      "provider": "provider[\"registry.terraform.io/hashicorp/aws\"]",
      "instances": [
        {
          "schema_version": 0,
          "attributes": {
            "arn": "arn:aws:ec2:us-east-1:051826703172:route-table/rtb-0b5b1aaa944ef7f2b",
            "id": "rtb-0b5b1aaa944ef7f2b",
            "owner_id": "051826703172",
            "propagating_vgws": [],
            "route": [
              {
                "carrier_gateway_id": "",
                "cidr_block": "0.0.0.0/0",
                "core_network_arn": "",
                "destination_prefix_list_id": "",
                "egress_only_gateway_id": "",
                "gateway_id": "igw-035b7e2cc0bd1f314",
                "ipv6_cidr_block": "",
                "local_gateway_id": "",
                "nat_gateway_id": "",
                "network_interface_id": "",
                "transit_gateway_id": "",
                "vpc_endpoint_id": "",
                "vpc_peering_connection_id": ""
              }
            ],
            "tags": {
              "Name": "credentialmate-production-public-rt"
            },
            "tags_all": {
              "CostCenter": "Infrastructure",
              "Environment": "production",
              "HIPAA": "true",
              "ManagedBy": "Terraform",
              "Name": "credentialmate-production-public-rt",
              "Project": "CredentialMate"
            },
            "timeouts": null,
            "vpc_id": "vpc-009c7a92b2822fd82"
          },
          "sensitive_attributes": [],
          "identity_schema_version": 0,
          "private": "eyJlMmJmYjczMC1lY2FhLTExZTYtOGY4OC0zNDM2M2JjN2M0YzAiOnsiY3JlYXRlIjozMDAwMDAwMDAwMDAsImRlbGV0ZSI6MzAwMDAwMDAwMDAwLCJ1cGRhdGUiOjEyMDAwMDAwMDAwMH19",
          "dependencies": [
            "aws_internet_gateway.main",
            "aws_vpc.main"
          ]
        }
      ]
    },
    {
      "mode": "managed",
      "type": "aws_route_table_association",
      "name": "private",
      "provider": "provider[\"registry.terraform.io/hashicorp/aws\"]",
      "instances": [
        {
          "index_key": 0,
          "schema_version": 0,
          "attributes": {
            "gateway_id": "",
            "id": "rtbassoc-0898739d0ca3de128",
            "route_table_id": "rtb-0a8a5152ed66b132e",
            "subnet_id": "subnet-0cb2c348da91d59dd",
            "timeouts": null
          },
          "sensitive_attributes": [],
          "identity_schema_version": 0,
          "private": "eyJlMmJmYjczMC1lY2FhLTExZTYtOGY4OC0zNDM2M2JjN2M0YzAiOnsiY3JlYXRlIjozMDAwMDAwMDAwMDAsImRlbGV0ZSI6MzAwMDAwMDAwMDAwLCJ1cGRhdGUiOjEyMDAwMDAwMDAwMH19",
          "dependencies": [
            "aws_eip.nat",
            "aws_internet_gateway.main",
            "aws_nat_gateway.main",
            "aws_route_table.private",
            "aws_subnet.private",
            "aws_subnet.public",
            "aws_vpc.main"
          ]
        },
        {
          "index_key": 1,
          "schema_version": 0,
          "attributes": {
            "gateway_id": "",
            "id": "rtbassoc-097feaecfac2626fa",
            "route_table_id": "rtb-0a8a5152ed66b132e",
            "subnet_id": "subnet-071034a9d6ecbba3c",
            "timeouts": null
          },
          "sensitive_attributes": [],
          "identity_schema_version": 0,
          "private": "eyJlMmJmYjczMC1lY2FhLTExZTYtOGY4OC0zNDM2M2JjN2M0YzAiOnsiY3JlYXRlIjozMDAwMDAwMDAwMDAsImRlbGV0ZSI6MzAwMDAwMDAwMDAwLCJ1cGRhdGUiOjEyMDAwMDAwMDAwMH19",
          "dependencies": [
            "aws_eip.nat",
            "aws_internet_gateway.main",
            "aws_nat_gateway.main",
            "aws_route_table.private",
            "aws_subnet.private",
            "aws_subnet.public",
            "aws_vpc.main"
          ]
        }
      ]
    },
    {
      "mode": "managed",
      "type": "aws_route_table_association",
      "name": "public",
      "provider": "provider[\"registry.terraform.io/hashicorp/aws\"]",
      "instances": [
        {
          "index_key": 0,
          "schema_version": 0,
          "attributes": {
            "gateway_id": "",
            "id": "rtbassoc-03d3d3bfc0d6b6afa",
            "route_table_id": "rtb-0b5b1aaa944ef7f2b",
            "subnet_id": "subnet-02fbb6a2b6ba799e1",
            "timeouts": null
          },
          "sensitive_attributes": [],
          "identity_schema_version": 0,
          "private": "eyJlMmJmYjczMC1lY2FhLTExZTYtOGY4OC0zNDM2M2JjN2M0YzAiOnsiY3JlYXRlIjozMDAwMDAwMDAwMDAsImRlbGV0ZSI6MzAwMDAwMDAwMDAwLCJ1cGRhdGUiOjEyMDAwMDAwMDAwMH19",
          "dependencies": [
            "aws_internet_gateway.main",
            "aws_route_table.public",
            "aws_subnet.public",
            "aws_vpc.main"
          ]
        },
        {
          "index_key": 1,
          "schema_version": 0,
          "attributes": {
            "gateway_id": "",
            "id": "rtbassoc-0bcdf8ba9c461be19",
            "route_table_id": "rtb-0b5b1aaa944ef7f2b",
            "subnet_id": "subnet-099fe69e264deb069",
            "timeouts": null
          },
          "sensitive_attributes": [],
          "identity_schema_version": 0,
          "private": "eyJlMmJmYjczMC1lY2FhLTExZTYtOGY4OC0zNDM2M2JjN2M0YzAiOnsiY3JlYXRlIjozMDAwMDAwMDAwMDAsImRlbGV0ZSI6MzAwMDAwMDAwMDAwLCJ1cGRhdGUiOjEyMDAwMDAwMDAwMH19",
          "dependencies": [
            "aws_internet_gateway.main",
            "aws_route_table.public",
            "aws_subnet.public",
            "aws_vpc.main"
          ]
        }
      ]
    },
    {
      "mode": "managed",
      "type": "aws_s3_bucket",
      "name": "access_logs",
      "provider": "provider[\"registry.terraform.io/hashicorp/aws\"]",
      "instances": [
        {
          "schema_version": 0,
          "attributes": {
            "acceleration_status": "",
            "acl": null,
            "arn": "arn:aws:s3:::credentialmate-production-access-logs",
            "bucket": "credentialmate-production-access-logs",
            "bucket_domain_name": "credentialmate-production-access-logs.s3.amazonaws.com",
            "bucket_prefix": "",
            "bucket_regional_domain_name": "credentialmate-production-access-logs.s3.us-east-1.amazonaws.com",
            "cors_rule": [],
            "force_destroy": false,
            "grant": [
              {
                "id": "dc9ea3281ee1b24d0213a4298d141d82728f68c3601230761200d152587e75d0",
                "permissions": [
                  "FULL_CONTROL"
                ],
                "type": "CanonicalUser",
                "uri": ""
              }
            ],
            "hosted_zone_id": "Z3AQBSTGFYJSTF",
            "id": "credentialmate-production-access-logs",
            "lifecycle_rule": [],
            "logging": [],
            "object_lock_configuration": [],
            "object_lock_enabled": false,
            "policy": "{\"Statement\":[{\"Action\":\"s3:PutObject\",\"Effect\":\"Allow\",\"Principal\":{\"Service\":\"elasticloadbalancing.amazonaws.com\"},\"Resource\":\"arn:aws:s3:::credentialmate-production-access-logs/*\",\"Sid\":\"AWSLogDeliveryWrite\"},{\"Action\":\"s3:GetBucketAcl\",\"Effect\":\"Allow\",\"Principal\":{\"Service\":\"elasticloadbalancing.amazonaws.com\"},\"Resource\":\"arn:aws:s3:::credentialmate-production-access-logs\",\"Sid\":\"AWSLogDeliveryAclCheck\"}],\"Version\":\"2012-10-17\"}",
            "region": "us-east-1",
            "replication_configuration": [],
            "request_payer": "BucketOwner",
            "server_side_encryption_configuration": [
              {
                "rule": [
                  {
                    "apply_server_side_encryption_by_default": [
                      {
                        "kms_master_key_id": "",
                        "sse_algorithm": "AES256"
                      }
                    ],
                    "bucket_key_enabled": false
                  }
                ]
              }
            ],
            "tags": {
              "Name": "credentialmate-production-access-logs",
              "Purpose": "Access Logs"
            },
            "tags_all": {
              "CostCenter": "Infrastructure",
              "Environment": "production",
              "HIPAA": "true",
              "ManagedBy": "Terraform",
              "Name": "credentialmate-production-access-logs",
              "Project": "CredentialMate",
              "Purpose": "Access Logs"
            },
            "timeouts": null,
            "versioning": [
              {
                "enabled": true,
                "mfa_delete": false
              }
            ],
            "website": [],
            "website_domain": null,
            "website_endpoint": null
          },
          "sensitive_attributes": [],
          "identity_schema_version": 0,
          "private": "eyJlMmJmYjczMC1lY2FhLTExZTYtOGY4OC0zNDM2M2JjN2M0YzAiOnsiY3JlYXRlIjoxMjAwMDAwMDAwMDAwLCJkZWxldGUiOjM2MDAwMDAwMDAwMDAsInJlYWQiOjEyMDAwMDAwMDAwMDAsInVwZGF0ZSI6MTIwMDAwMDAwMDAwMH19"
        }
      ]
    },
    {
      "mode": "managed",
      "type": "aws_s3_bucket",
      "name": "documents",
      "provider": "provider[\"registry.terraform.io/hashicorp/aws\"]",
      "instances": [
        {
          "schema_version": 0,
          "attributes": {
            "acceleration_status": "",
            "acl": null,
            "arn": "arn:aws:s3:::credentialmate-production-documents",
            "bucket": "credentialmate-production-documents",
            "bucket_domain_name": "credentialmate-production-documents.s3.amazonaws.com",
            "bucket_prefix": "",
            "bucket_regional_domain_name": "credentialmate-production-documents.s3.us-east-1.amazonaws.com",
            "cors_rule": [
              {
                "allowed_headers": [
                  "*"
                ],
                "allowed_methods": [
                  "POST",
                  "GET",
                  "DELETE",
                  "PUT"
                ],
                "allowed_origins": [
                  "https://credentialmate.com"
                ],
                "expose_headers": [
                  "ETag"
                ],
                "max_age_seconds": 3000
              }
            ],
            "force_destroy": false,
            "grant": [
              {
                "id": "dc9ea3281ee1b24d0213a4298d141d82728f68c3601230761200d152587e75d0",
                "permissions": [
                  "FULL_CONTROL"
                ],
                "type": "CanonicalUser",
                "uri": ""
              }
            ],
            "hosted_zone_id": "Z3AQBSTGFYJSTF",
            "id": "credentialmate-production-documents",
            "lifecycle_rule": [
              {
                "abort_incomplete_multipart_upload_days": 0,
                "enabled": true,
                "expiration": [],
                "id": "transition-to-glacier",
                "noncurrent_version_expiration": [
                  {
                    "days": 365
                  }
                ],
                "noncurrent_version_transition": [
                  {
                    "days": 30,
                    "storage_class": "GLACIER"
                  }
                ],
                "prefix": "",
                "tags": {},
                "transition": [
                  {
                    "date": "",
                    "days": 180,
                    "storage_class": "DEEP_ARCHIVE"
                  },
                  {
                    "date": "",
                    "days": 90,
                    "storage_class": "GLACIER"
                  }
                ]
              }
            ],
            "logging": [
              {
                "target_bucket": "credentialmate-production-access-logs",
                "target_prefix": "documents/"
              }
            ],
            "object_lock_configuration": [],
            "object_lock_enabled": false,
            "policy": "{\"Statement\":[{\"Action\":[\"s3:GetObject\",\"s3:PutObject\",\"s3:DeleteObject\",\"s3:ListBucket\"],\"Effect\":\"Allow\",\"Principal\":{\"AWS\":\"arn:aws:iam::051826703172:role/credentialmate-production-ec2-app-role\"},\"Resource\":[\"arn:aws:s3:::credentialmate-production-documents\",\"arn:aws:s3:::credentialmate-production-documents/*\"],\"Sid\":\"AllowEC2Access\"},{\"Action\":\"s3:PutObject\",\"Condition\":{\"StringNotEquals\":{\"s3:x-amz-server-side-encryption\":\"aws:kms\"}},\"Effect\":\"Deny\",\"Principal\":\"*\",\"Resource\":\"arn:aws:s3:::credentialmate-production-documents/*\",\"Sid\":\"DenyUnencryptedObjectUploads\"},{\"Action\":\"s3:*\",\"Condition\":{\"Bool\":{\"aws:SecureTransport\":\"false\"}},\"Effect\":\"Deny\",\"Principal\":\"*\",\"Resource\":[\"arn:aws:s3:::credentialmate-production-documents\",\"arn:aws:s3:::credentialmate-production-documents/*\"],\"Sid\":\"DenyInsecureTransport\"}],\"Version\":\"2012-10-17\"}",
            "region": "us-east-1",
            "replication_configuration": [],
            "request_payer": "BucketOwner",
            "server_side_encryption_configuration": [
              {
                "rule": [
                  {
                    "apply_server_side_encryption_by_default": [
                      {
                        "kms_master_key_id": "arn:aws:kms:us-east-1:051826703172:key/95c2172c-1edf-4424-8549-d13158bca5c2",
                        "sse_algorithm": "aws:kms"
                      }
                    ],
                    "bucket_key_enabled": true
                  }
                ]
              }
            ],
            "tags": {
              "Compliance": "HIPAA",
              "Encryption": "AES-256",
              "Name": "credentialmate-production-documents",
              "Purpose": "Document Storage"
            },
            "tags_all": {
              "Compliance": "HIPAA",
              "CostCenter": "Infrastructure",
              "Encryption": "AES-256",
              "Environment": "production",
              "HIPAA": "true",
              "ManagedBy": "Terraform",
              "Name": "credentialmate-production-documents",
              "Project": "CredentialMate",
              "Purpose": "Document Storage"
            },
            "timeouts": null,
            "versioning": [
              {
                "enabled": true,
                "mfa_delete": false
              }
            ],
            "website": [],
            "website_domain": null,
            "website_endpoint": null
          },
          "sensitive_attributes": [],
          "identity_schema_version": 0,
          "private": "eyJlMmJmYjczMC1lY2FhLTExZTYtOGY4OC0zNDM2M2JjN2M0YzAiOnsiY3JlYXRlIjoxMjAwMDAwMDAwMDAwLCJkZWxldGUiOjM2MDAwMDAwMDAwMDAsInJlYWQiOjEyMDAwMDAwMDAwMDAsInVwZGF0ZSI6MTIwMDAwMDAwMDAwMH19"
        }
      ]
    },
    {
      "mode": "managed",
      "type": "aws_s3_bucket_cors_configuration",
      "name": "documents",
      "provider": "provider[\"registry.terraform.io/hashicorp/aws\"]",
      "instances": [
        {
          "schema_version": 0,
          "attributes": {
            "bucket": "credentialmate-production-documents",
            "cors_rule": [
              {
                "allowed_headers": [
                  "*"
                ],
                "allowed_methods": [
                  "DELETE",
                  "GET",
                  "POST",
                  "PUT"
                ],
                "allowed_origins": [
                  "https://credentialmate.com"
                ],
                "expose_headers": [
                  "ETag"
                ],
                "id": "",
                "max_age_seconds": 3000
              }
            ],
            "expected_bucket_owner": "",
            "id": "credentialmate-production-documents"
          },
          "sensitive_attributes": [],
          "identity_schema_version": 0,
          "private": "bnVsbA==",
          "dependencies": [
            "aws_s3_bucket.documents"
          ]
        }
      ]
    },
    {
      "mode": "managed",
      "type": "aws_s3_bucket_lifecycle_configuration",
      "name": "documents",
      "provider": "provider[\"registry.terraform.io/hashicorp/aws\"]",
      "instances": [
        {
          "schema_version": 1,
          "attributes": {
            "bucket": "credentialmate-production-documents",
            "expected_bucket_owner": "",
            "id": "credentialmate-production-documents",
            "rule": [
              {
                "abort_incomplete_multipart_upload": [],
                "expiration": [],
                "filter": [
                  {
                    "and": [],
                    "object_size_greater_than": null,
                    "object_size_less_than": null,
                    "prefix": "",
                    "tag": []
                  }
                ],
                "id": "transition-to-glacier",
                "noncurrent_version_expiration": [
                  {
                    "newer_noncurrent_versions": null,
                    "noncurrent_days": 365
                  }
                ],
                "noncurrent_version_transition": [
                  {
                    "newer_noncurrent_versions": null,
                    "noncurrent_days": 30,
                    "storage_class": "GLACIER"
                  }
                ],
                "prefix": "",
                "status": "Enabled",
                "transition": [
                  {
                    "date": null,
                    "days": 180,
                    "storage_class": "DEEP_ARCHIVE"
                  },
                  {
                    "date": null,
                    "days": 90,
                    "storage_class": "GLACIER"
                  }
                ]
              }
            ],
            "timeouts": null,
            "transition_default_minimum_object_size": "all_storage_classes_128K"
          },
          "sensitive_attributes": [],
          "identity_schema_version": 0,
          "dependencies": [
            "aws_s3_bucket.documents"
          ]
        }
      ]
    },
    {
      "mode": "managed",
      "type": "aws_s3_bucket_logging",
      "name": "documents",
      "provider": "provider[\"registry.terraform.io/hashicorp/aws\"]",
      "instances": [
        {
          "schema_version": 0,
          "attributes": {
            "bucket": "credentialmate-production-documents",
            "expected_bucket_owner": "",
            "id": "credentialmate-production-documents",
            "target_bucket": "credentialmate-production-access-logs",
            "target_grant": [],
            "target_object_key_format": [],
            "target_prefix": "documents/"
          },
          "sensitive_attributes": [],
          "identity_schema_version": 0,
          "private": "bnVsbA==",
          "dependencies": [
            "aws_s3_bucket.access_logs",
            "aws_s3_bucket.documents"
          ]
        }
      ]
    },
    {
      "mode": "managed",
      "type": "aws_s3_bucket_policy",
      "name": "access_logs",
      "provider": "provider[\"registry.terraform.io/hashicorp/aws\"]",
      "instances": [
        {
          "schema_version": 0,
          "attributes": {
            "bucket": "credentialmate-production-access-logs",
            "id": "credentialmate-production-access-logs",
            "policy": "{\"Statement\":[{\"Action\":\"s3:PutObject\",\"Effect\":\"Allow\",\"Principal\":{\"Service\":\"elasticloadbalancing.amazonaws.com\"},\"Resource\":\"arn:aws:s3:::credentialmate-production-access-logs/*\",\"Sid\":\"AWSLogDeliveryWrite\"},{\"Action\":\"s3:GetBucketAcl\",\"Effect\":\"Allow\",\"Principal\":{\"Service\":\"elasticloadbalancing.amazonaws.com\"},\"Resource\":\"arn:aws:s3:::credentialmate-production-access-logs\",\"Sid\":\"AWSLogDeliveryAclCheck\"}],\"Version\":\"2012-10-17\"}"
          },
          "sensitive_attributes": [],
          "identity_schema_version": 0,
          "private": "bnVsbA==",
          "dependencies": [
            "aws_s3_bucket.access_logs"
          ]
        }
      ]
    },
    {
      "mode": "managed",
      "type": "aws_s3_bucket_policy",
      "name": "documents",
      "provider": "provider[\"registry.terraform.io/hashicorp/aws\"]",
      "instances": [
        {
          "schema_version": 0,
          "attributes": {
            "bucket": "credentialmate-production-documents",
            "id": "credentialmate-production-documents",
            "policy": "{\"Statement\":[{\"Action\":[\"s3:GetObject\",\"s3:PutObject\",\"s3:DeleteObject\",\"s3:ListBucket\"],\"Effect\":\"Allow\",\"Principal\":{\"AWS\":\"arn:aws:iam::051826703172:role/credentialmate-production-ec2-app-role\"},\"Resource\":[\"arn:aws:s3:::credentialmate-production-documents\",\"arn:aws:s3:::credentialmate-production-documents/*\"],\"Sid\":\"AllowEC2Access\"},{\"Action\":\"s3:PutObject\",\"Condition\":{\"StringNotEquals\":{\"s3:x-amz-server-side-encryption\":\"aws:kms\"}},\"Effect\":\"Deny\",\"Principal\":\"*\",\"Resource\":\"arn:aws:s3:::credentialmate-production-documents/*\",\"Sid\":\"DenyUnencryptedObjectUploads\"},{\"Action\":\"s3:*\",\"Condition\":{\"Bool\":{\"aws:SecureTransport\":\"false\"}},\"Effect\":\"Deny\",\"Principal\":\"*\",\"Resource\":[\"arn:aws:s3:::credentialmate-production-documents\",\"arn:aws:s3:::credentialmate-production-documents/*\"],\"Sid\":\"DenyInsecureTransport\"}],\"Version\":\"2012-10-17\"}"
          },
          "sensitive_attributes": [],
          "identity_schema_version": 0,
          "private": "bnVsbA==",
          "dependencies": [
            "aws_iam_role.ec2_app",
            "aws_s3_bucket.documents"
          ]
        }
      ]
    },
    {
      "mode": "managed",
      "type": "aws_s3_bucket_public_access_block",
      "name": "access_logs",
      "provider": "provider[\"registry.terraform.io/hashicorp/aws\"]",
      "instances": [
        {
          "schema_version": 0,
          "attributes": {
            "block_public_acls": true,
            "block_public_policy": true,
            "bucket": "credentialmate-production-access-logs",
            "id": "credentialmate-production-access-logs",
            "ignore_public_acls": true,
            "restrict_public_buckets": true
          },
          "sensitive_attributes": [],
          "identity_schema_version": 0,
          "private": "bnVsbA==",
          "dependencies": [
            "aws_s3_bucket.access_logs"
          ]
        }
      ]
    },
    {
      "mode": "managed",
      "type": "aws_s3_bucket_public_access_block",
      "name": "documents",
      "provider": "provider[\"registry.terraform.io/hashicorp/aws\"]",
      "instances": [
        {
          "schema_version": 0,
          "attributes": {
            "block_public_acls": true,
            "block_public_policy": true,
            "bucket": "credentialmate-production-documents",
            "id": "credentialmate-production-documents",
            "ignore_public_acls": true,
            "restrict_public_buckets": true
          },
          "sensitive_attributes": [],
          "identity_schema_version": 0,
          "private": "bnVsbA==",
          "dependencies": [
            "aws_s3_bucket.documents"
          ]
        }
      ]
    },
    {
      "mode": "managed",
      "type": "aws_s3_bucket_server_side_encryption_configuration",
      "name": "access_logs",
      "provider": "provider[\"registry.terraform.io/hashicorp/aws\"]",
      "instances": [
        {
          "schema_version": 0,
          "attributes": {
            "bucket": "credentialmate-production-access-logs",
            "expected_bucket_owner": "",
            "id": "credentialmate-production-access-logs",
            "rule": [
              {
                "apply_server_side_encryption_by_default": [
                  {
                    "kms_master_key_id": "",
                    "sse_algorithm": "AES256"
                  }
                ],
                "bucket_key_enabled": false
              }
            ]
          },
          "sensitive_attributes": [],
          "identity_schema_version": 0,
          "private": "bnVsbA==",
          "dependencies": [
            "aws_s3_bucket.access_logs"
          ]
        }
      ]
    },
    {
      "mode": "managed",
      "type": "aws_s3_bucket_server_side_encryption_configuration",
      "name": "documents",
      "provider": "provider[\"registry.terraform.io/hashicorp/aws\"]",
      "instances": [
        {
          "schema_version": 0,
          "attributes": {
            "bucket": "credentialmate-production-documents",
            "expected_bucket_owner": "",
            "id": "credentialmate-production-documents",
            "rule": [
              {
                "apply_server_side_encryption_by_default": [
                  {
                    "kms_master_key_id": "arn:aws:kms:us-east-1:051826703172:key/95c2172c-1edf-4424-8549-d13158bca5c2",
                    "sse_algorithm": "aws:kms"
                  }
                ],
                "bucket_key_enabled": true
              }
            ]
          },
          "sensitive_attributes": [],
          "identity_schema_version": 0,
          "private": "bnVsbA==",
          "dependencies": [
            "aws_kms_key.s3",
            "aws_s3_bucket.documents"
          ]
        }
      ]
    },
    {
      "mode": "managed",
      "type": "aws_s3_bucket_versioning",
      "name": "access_logs",
      "provider": "provider[\"registry.terraform.io/hashicorp/aws\"]",
      "instances": [
        {
          "schema_version": 0,
          "attributes": {
            "bucket": "credentialmate-production-access-logs",
            "expected_bucket_owner": "",
            "id": "credentialmate-production-access-logs",
            "mfa": null,
            "versioning_configuration": [
              {
                "mfa_delete": "",
                "status": "Enabled"
              }
            ]
          },
          "sensitive_attributes": [],
          "identity_schema_version": 0,
          "private": "bnVsbA==",
          "dependencies": [
            "aws_s3_bucket.access_logs"
          ]
        }
      ]
    },
    {
      "mode": "managed",
      "type": "aws_s3_bucket_versioning",
      "name": "documents",
      "provider": "provider[\"registry.terraform.io/hashicorp/aws\"]",
      "instances": [
        {
          "schema_version": 0,
          "attributes": {
            "bucket": "credentialmate-production-documents",
            "expected_bucket_owner": "",
            "id": "credentialmate-production-documents",
            "mfa": null,
            "versioning_configuration": [
              {
                "mfa_delete": "",
                "status": "Enabled"
              }
            ]
          },
          "sensitive_attributes": [],
          "identity_schema_version": 0,
          "private": "bnVsbA==",
          "dependencies": [
            "aws_s3_bucket.documents"
          ]
        }
      ]
    },
    {
      "mode": "managed",
      "type": "aws_security_group",
      "name": "ec2_app",
      "provider": "provider[\"registry.terraform.io/hashicorp/aws\"]",
      "instances": [
        {
          "schema_version": 1,
          "attributes": {
            "arn": "arn:aws:ec2:us-east-1:051826703172:security-group/sg-05856489359c5e1e2",
            "description": "Security group for EC2 application servers",
            "egress": [
              {
                "cidr_blocks": [
                  "0.0.0.0/0"
                ],
                "description": "All outbound traffic",
                "from_port": 0,
                "ipv6_cidr_blocks": [],
                "prefix_list_ids": [],
                "protocol": "-1",
                "security_groups": [],
                "self": false,
                "to_port": 0
              }
            ],
            "id": "sg-05856489359c5e1e2",
            "ingress": [
              {
                "cidr_blocks": [
                  "0.0.0.0/0"
                ],
                "description": "HTTP from internet",
                "from_port": 80,
                "ipv6_cidr_blocks": [],
                "prefix_list_ids": [],
                "protocol": "tcp",
                "security_groups": [],
                "self": false,
                "to_port": 80
              },
              {
                "cidr_blocks": [
                  "0.0.0.0/0"
                ],
                "description": "HTTPS from internet",
                "from_port": 443,
                "ipv6_cidr_blocks": [],
                "prefix_list_ids": [],
                "protocol": "tcp",
                "security_groups": [],
                "self": false,
                "to_port": 443
              },
              {
                "cidr_blocks": [
                  "136.34.120.196/32"
                ],
                "description": "SSH from admin IP",
                "from_port": 22,
                "ipv6_cidr_blocks": [],
                "prefix_list_ids": [],
                "protocol": "tcp",
                "security_groups": [],
                "self": false,
                "to_port": 22
              }
            ],
            "name": "credentialmate-production-ec2-app-sg",
            "name_prefix": "",
            "owner_id": "051826703172",
            "revoke_rules_on_delete": false,
            "tags": {
              "Name": "credentialmate-production-ec2-app-sg"
            },
            "tags_all": {
              "CostCenter": "Infrastructure",
              "Environment": "production",
              "HIPAA": "true",
              "ManagedBy": "Terraform",
              "Name": "credentialmate-production-ec2-app-sg",
              "Project": "CredentialMate"
            },
            "timeouts": null,
            "vpc_id": "vpc-009c7a92b2822fd82"
          },
          "sensitive_attributes": [],
          "identity_schema_version": 0,
          "private": "eyJlMmJmYjczMC1lY2FhLTExZTYtOGY4OC0zNDM2M2JjN2M0YzAiOnsiY3JlYXRlIjo2MDAwMDAwMDAwMDAsImRlbGV0ZSI6OTAwMDAwMDAwMDAwfSwic2NoZW1hX3ZlcnNpb24iOiIxIn0=",
          "dependencies": [
            "aws_vpc.main"
          ],
          "create_before_destroy": true
        }
      ]
    },
    {
      "mode": "managed",
      "type": "aws_security_group",
      "name": "rds",
      "provider": "provider[\"registry.terraform.io/hashicorp/aws\"]",
      "instances": [
        {
          "schema_version": 1,
          "attributes": {
            "arn": "arn:aws:ec2:us-east-1:051826703172:security-group/sg-0d83b4b0337c84200",
            "description": "Security group for RDS PostgreSQL database",
            "egress": [
              {
                "cidr_blocks": [
                  "127.0.0.1/32"
                ],
                "description": "No outbound traffic allowed",
                "from_port": 0,
                "ipv6_cidr_blocks": [],
                "prefix_list_ids": [],
                "protocol": "-1",
                "security_groups": [],
                "self": false,
                "to_port": 0
              }
            ],
            "id": "sg-0d83b4b0337c84200",
            "ingress": [
              {
                "cidr_blocks": [],
                "description": "PostgreSQL from EC2 app servers",
                "from_port": 5432,
                "ipv6_cidr_blocks": [],
                "prefix_list_ids": [],
                "protocol": "tcp",
                "security_groups": [
                  "sg-05856489359c5e1e2"
                ],
                "self": false,
                "to_port": 5432
              }
            ],
            "name": "credentialmate-production-rds-sg",
            "name_prefix": "",
            "owner_id": "051826703172",
            "revoke_rules_on_delete": false,
            "tags": {
              "Name": "credentialmate-production-rds-sg"
            },
            "tags_all": {
              "CostCenter": "Infrastructure",
              "Environment": "production",
              "HIPAA": "true",
              "ManagedBy": "Terraform",
              "Name": "credentialmate-production-rds-sg",
              "Project": "CredentialMate"
            },
            "timeouts": null,
            "vpc_id": "vpc-009c7a92b2822fd82"
          },
          "sensitive_attributes": [],
          "identity_schema_version": 0,
          "private": "eyJlMmJmYjczMC1lY2FhLTExZTYtOGY4OC0zNDM2M2JjN2M0YzAiOnsiY3JlYXRlIjo2MDAwMDAwMDAwMDAsImRlbGV0ZSI6OTAwMDAwMDAwMDAwfSwic2NoZW1hX3ZlcnNpb24iOiIxIn0=",
          "dependencies": [
            "aws_security_group.ec2_app",
            "aws_vpc.main"
          ]
        }
      ]
    },
    {
      "mode": "managed",
      "type": "aws_security_group",
      "name": "redis",
      "provider": "provider[\"registry.terraform.io/hashicorp/aws\"]",
      "instances": [
        {
          "schema_version": 1,
          "attributes": {
            "arn": "arn:aws:ec2:us-east-1:051826703172:security-group/sg-0575ad315cf6a7a3b",
            "description": "Security group for Redis/ElastiCache",
            "egress": [
              {
                "cidr_blocks": [
                  "127.0.0.1/32"
                ],
                "description": "No outbound traffic allowed",
                "from_port": 0,
                "ipv6_cidr_blocks": [],
                "prefix_list_ids": [],
                "protocol": "-1",
                "security_groups": [],
                "self": false,
                "to_port": 0
              }
            ],
            "id": "sg-0575ad315cf6a7a3b",
            "ingress": [
              {
                "cidr_blocks": [],
                "description": "Redis from EC2 app servers",
                "from_port": 6379,
                "ipv6_cidr_blocks": [],
                "prefix_list_ids": [],
                "protocol": "tcp",
                "security_groups": [
                  "sg-05856489359c5e1e2"
                ],
                "self": false,
                "to_port": 6379
              }
            ],
            "name": "credentialmate-production-redis-sg",
            "name_prefix": "",
            "owner_id": "051826703172",
            "revoke_rules_on_delete": false,
            "tags": {
              "Name": "credentialmate-production-redis-sg"
            },
            "tags_all": {
              "CostCenter": "Infrastructure",
              "Environment": "production",
              "HIPAA": "true",
              "ManagedBy": "Terraform",
              "Name": "credentialmate-production-redis-sg",
              "Project": "CredentialMate"
            },
            "timeouts": null,
            "vpc_id": "vpc-009c7a92b2822fd82"
          },
          "sensitive_attributes": [],
          "identity_schema_version": 0,
          "private": "eyJlMmJmYjczMC1lY2FhLTExZTYtOGY4OC0zNDM2M2JjN2M0YzAiOnsiY3JlYXRlIjo2MDAwMDAwMDAwMDAsImRlbGV0ZSI6OTAwMDAwMDAwMDAwfSwic2NoZW1hX3ZlcnNpb24iOiIxIn0=",
          "dependencies": [
            "aws_security_group.ec2_app",
            "aws_vpc.main"
          ]
        }
      ]
    },
    {
      "mode": "managed",
      "type": "aws_security_group",
      "name": "vpc_endpoints",
      "provider": "provider[\"registry.terraform.io/hashicorp/aws\"]",
      "instances": [
        {
          "schema_version": 1,
          "attributes": {
            "arn": "arn:aws:ec2:us-east-1:051826703172:security-group/sg-0764bea1e735643ed",
            "description": "Security group for VPC endpoints",
            "egress": [
              {
                "cidr_blocks": [
                  "0.0.0.0/0"
                ],
                "description": "All outbound traffic",
                "from_port": 0,
                "ipv6_cidr_blocks": [],
                "prefix_list_ids": [],
                "protocol": "-1",
                "security_groups": [],
                "self": false,
                "to_port": 0
              }
            ],
            "id": "sg-0764bea1e735643ed",
            "ingress": [
              {
                "cidr_blocks": [
                  "10.0.0.0/16"
                ],
                "description": "HTTPS from VPC",
                "from_port": 443,
                "ipv6_cidr_blocks": [],
                "prefix_list_ids": [],
                "protocol": "tcp",
                "security_groups": [],
                "self": false,
                "to_port": 443
              }
            ],
            "name": "credentialmate-production-vpc-endpoints-sg",
            "name_prefix": "",
            "owner_id": "051826703172",
            "revoke_rules_on_delete": false,
            "tags": {
              "Name": "credentialmate-production-vpc-endpoints-sg"
            },
            "tags_all": {
              "CostCenter": "Infrastructure",
              "Environment": "production",
              "HIPAA": "true",
              "ManagedBy": "Terraform",
              "Name": "credentialmate-production-vpc-endpoints-sg",
              "Project": "CredentialMate"
            },
            "timeouts": null,
            "vpc_id": "vpc-009c7a92b2822fd82"
          },
          "sensitive_attributes": [],
          "identity_schema_version": 0,
          "private": "eyJlMmJmYjczMC1lY2FhLTExZTYtOGY4OC0zNDM2M2JjN2M0YzAiOnsiY3JlYXRlIjo2MDAwMDAwMDAwMDAsImRlbGV0ZSI6OTAwMDAwMDAwMDAwfSwic2NoZW1hX3ZlcnNpb24iOiIxIn0=",
          "dependencies": [
            "aws_vpc.main"
          ]
        }
      ]
    },
    {
      "mode": "managed",
      "type": "aws_subnet",
      "name": "private",
      "provider": "provider[\"registry.terraform.io/hashicorp/aws\"]",
      "instances": [
        {
          "index_key": 0,
          "schema_version": 1,
          "attributes": {
            "arn": "arn:aws:ec2:us-east-1:051826703172:subnet/subnet-0cb2c348da91d59dd",
            "assign_ipv6_address_on_creation": false,
            "availability_zone": "us-east-1a",
            "availability_zone_id": "use1-az6",
            "cidr_block": "10.0.10.0/24",
            "customer_owned_ipv4_pool": "",
            "enable_dns64": false,
            "enable_lni_at_device_index": 0,
            "enable_resource_name_dns_a_record_on_launch": false,
            "enable_resource_name_dns_aaaa_record_on_launch": false,
            "id": "subnet-0cb2c348da91d59dd",
            "ipv6_cidr_block": "",
            "ipv6_cidr_block_association_id": "",
            "ipv6_native": false,
            "map_customer_owned_ip_on_launch": false,
            "map_public_ip_on_launch": false,
            "outpost_arn": "",
            "owner_id": "051826703172",
            "private_dns_hostname_type_on_launch": "ip-name",
            "tags": {
              "Name": "credentialmate-production-private-subnet-1",
              "Type": "Private"
            },
            "tags_all": {
              "CostCenter": "Infrastructure",
              "Environment": "production",
              "HIPAA": "true",
              "ManagedBy": "Terraform",
              "Name": "credentialmate-production-private-subnet-1",
              "Project": "CredentialMate",
              "Type": "Private"
            },
            "timeouts": null,
            "vpc_id": "vpc-009c7a92b2822fd82"
          },
          "sensitive_attributes": [],
          "identity_schema_version": 0,
          "private": "eyJlMmJmYjczMC1lY2FhLTExZTYtOGY4OC0zNDM2M2JjN2M0YzAiOnsiY3JlYXRlIjo2MDAwMDAwMDAwMDAsImRlbGV0ZSI6MTIwMDAwMDAwMDAwMH0sInNjaGVtYV92ZXJzaW9uIjoiMSJ9",
          "dependencies": [
            "aws_vpc.main"
          ]
        },
        {
          "index_key": 1,
          "schema_version": 1,
          "attributes": {
            "arn": "arn:aws:ec2:us-east-1:051826703172:subnet/subnet-071034a9d6ecbba3c",
            "assign_ipv6_address_on_creation": false,
            "availability_zone": "us-east-1b",
            "availability_zone_id": "use1-az1",
            "cidr_block": "10.0.11.0/24",
            "customer_owned_ipv4_pool": "",
            "enable_dns64": false,
            "enable_lni_at_device_index": 0,
            "enable_resource_name_dns_a_record_on_launch": false,
            "enable_resource_name_dns_aaaa_record_on_launch": false,
            "id": "subnet-071034a9d6ecbba3c",
            "ipv6_cidr_block": "",
            "ipv6_cidr_block_association_id": "",
            "ipv6_native": false,
            "map_customer_owned_ip_on_launch": false,
            "map_public_ip_on_launch": false,
            "outpost_arn": "",
            "owner_id": "051826703172",
            "private_dns_hostname_type_on_launch": "ip-name",
            "tags": {
              "Name": "credentialmate-production-private-subnet-2",
              "Type": "Private"
            },
            "tags_all": {
              "CostCenter": "Infrastructure",
              "Environment": "production",
              "HIPAA": "true",
              "ManagedBy": "Terraform",
              "Name": "credentialmate-production-private-subnet-2",
              "Project": "CredentialMate",
              "Type": "Private"
            },
            "timeouts": null,
            "vpc_id": "vpc-009c7a92b2822fd82"
          },
          "sensitive_attributes": [],
          "identity_schema_version": 0,
          "private": "eyJlMmJmYjczMC1lY2FhLTExZTYtOGY4OC0zNDM2M2JjN2M0YzAiOnsiY3JlYXRlIjo2MDAwMDAwMDAwMDAsImRlbGV0ZSI6MTIwMDAwMDAwMDAwMH0sInNjaGVtYV92ZXJzaW9uIjoiMSJ9",
          "dependencies": [
            "aws_vpc.main"
          ]
        }
      ]
    },
    {
      "mode": "managed",
      "type": "aws_subnet",
      "name": "public",
      "provider": "provider[\"registry.terraform.io/hashicorp/aws\"]",
      "instances": [
        {
          "index_key": 0,
          "schema_version": 1,
          "attributes": {
            "arn": "arn:aws:ec2:us-east-1:051826703172:subnet/subnet-02fbb6a2b6ba799e1",
            "assign_ipv6_address_on_creation": false,
            "availability_zone": "us-east-1a",
            "availability_zone_id": "use1-az6",
            "cidr_block": "10.0.1.0/24",
            "customer_owned_ipv4_pool": "",
            "enable_dns64": false,
            "enable_lni_at_device_index": 0,
            "enable_resource_name_dns_a_record_on_launch": false,
            "enable_resource_name_dns_aaaa_record_on_launch": false,
            "id": "subnet-02fbb6a2b6ba799e1",
            "ipv6_cidr_block": "",
            "ipv6_cidr_block_association_id": "",
            "ipv6_native": false,
            "map_customer_owned_ip_on_launch": false,
            "map_public_ip_on_launch": true,
            "outpost_arn": "",
            "owner_id": "051826703172",
            "private_dns_hostname_type_on_launch": "ip-name",
            "tags": {
              "Name": "credentialmate-production-public-subnet-1",
              "Type": "Public"
            },
            "tags_all": {
              "CostCenter": "Infrastructure",
              "Environment": "production",
              "HIPAA": "true",
              "ManagedBy": "Terraform",
              "Name": "credentialmate-production-public-subnet-1",
              "Project": "CredentialMate",
              "Type": "Public"
            },
            "timeouts": null,
            "vpc_id": "vpc-009c7a92b2822fd82"
          },
          "sensitive_attributes": [],
          "identity_schema_version": 0,
          "private": "eyJlMmJmYjczMC1lY2FhLTExZTYtOGY4OC0zNDM2M2JjN2M0YzAiOnsiY3JlYXRlIjo2MDAwMDAwMDAwMDAsImRlbGV0ZSI6MTIwMDAwMDAwMDAwMH0sInNjaGVtYV92ZXJzaW9uIjoiMSJ9",
          "dependencies": [
            "aws_vpc.main"
          ],
          "create_before_destroy": true
        },
        {
          "index_key": 1,
          "schema_version": 1,
          "attributes": {
            "arn": "arn:aws:ec2:us-east-1:051826703172:subnet/subnet-099fe69e264deb069",
            "assign_ipv6_address_on_creation": false,
            "availability_zone": "us-east-1b",
            "availability_zone_id": "use1-az1",
            "cidr_block": "10.0.2.0/24",
            "customer_owned_ipv4_pool": "",
            "enable_dns64": false,
            "enable_lni_at_device_index": 0,
            "enable_resource_name_dns_a_record_on_launch": false,
            "enable_resource_name_dns_aaaa_record_on_launch": false,
            "id": "subnet-099fe69e264deb069",
            "ipv6_cidr_block": "",
            "ipv6_cidr_block_association_id": "",
            "ipv6_native": false,
            "map_customer_owned_ip_on_launch": false,
            "map_public_ip_on_launch": true,
            "outpost_arn": "",
            "owner_id": "051826703172",
            "private_dns_hostname_type_on_launch": "ip-name",
            "tags": {
              "Name": "credentialmate-production-public-subnet-2",
              "Type": "Public"
            },
            "tags_all": {
              "CostCenter": "Infrastructure",
              "Environment": "production",
              "HIPAA": "true",
              "ManagedBy": "Terraform",
              "Name": "credentialmate-production-public-subnet-2",
              "Project": "CredentialMate",
              "Type": "Public"
            },
            "timeouts": null,
            "vpc_id": "vpc-009c7a92b2822fd82"
          },
          "sensitive_attributes": [],
          "identity_schema_version": 0,
          "private": "eyJlMmJmYjczMC1lY2FhLTExZTYtOGY4OC0zNDM2M2JjN2M0YzAiOnsiY3JlYXRlIjo2MDAwMDAwMDAwMDAsImRlbGV0ZSI6MTIwMDAwMDAwMDAwMH0sInNjaGVtYV92ZXJzaW9uIjoiMSJ9",
          "dependencies": [
            "aws_vpc.main"
          ],
          "create_before_destroy": true
        }
      ]
    },
    {
      "mode": "managed",
      "type": "aws_vpc",
      "name": "main",
      "provider": "provider[\"registry.terraform.io/hashicorp/aws\"]",
      "instances": [
        {
          "schema_version": 1,
          "attributes": {
            "arn": "arn:aws:ec2:us-east-1:051826703172:vpc/vpc-009c7a92b2822fd82",
            "assign_generated_ipv6_cidr_block": false,
            "cidr_block": "10.0.0.0/16",
            "default_network_acl_id": "acl-0750d86ffc605ce48",
            "default_route_table_id": "rtb-0eaea38cf84830c0f",
            "default_security_group_id": "sg-04c56f69a9ca0271d",
            "dhcp_options_id": "dopt-0d84df16d4651e528",
            "enable_dns_hostnames": true,
            "enable_dns_support": true,
            "enable_network_address_usage_metrics": false,
            "id": "vpc-009c7a92b2822fd82",
            "instance_tenancy": "default",
            "ipv4_ipam_pool_id": null,
            "ipv4_netmask_length": null,
            "ipv6_association_id": "",
            "ipv6_cidr_block": "",
            "ipv6_cidr_block_network_border_group": "",
            "ipv6_ipam_pool_id": "",
            "ipv6_netmask_length": 0,
            "main_route_table_id": "rtb-0eaea38cf84830c0f",
            "owner_id": "051826703172",
            "tags": {
              "Name": "credentialmate-production-vpc"
            },
            "tags_all": {
              "CostCenter": "Infrastructure",
              "Environment": "production",
              "HIPAA": "true",
              "ManagedBy": "Terraform",
              "Name": "credentialmate-production-vpc",
              "Project": "CredentialMate"
            }
          },
          "sensitive_attributes": [],
          "identity_schema_version": 0,
          "private": "eyJzY2hlbWFfdmVyc2lvbiI6IjEifQ==",
          "create_before_destroy": true
        }
      ]
    },
    {
      "mode": "managed",
      "type": "aws_vpc_endpoint",
      "name": "ec2messages",
      "provider": "provider[\"registry.terraform.io/hashicorp/aws\"]",
      "instances": [
        {
          "schema_version": 0,
          "attributes": {
            "arn": "arn:aws:ec2:us-east-1:051826703172:vpc-endpoint/vpce-01176b74936a6898e",
            "auto_accept": null,
            "cidr_blocks": [],
            "dns_entry": [
              {
                "dns_name": "vpce-01176b74936a6898e-w7w2k7dp.ec2messages.us-east-1.vpce.amazonaws.com",
                "hosted_zone_id": "Z7HUB22UULQXV"
              },
              {
                "dns_name": "vpce-01176b74936a6898e-w7w2k7dp-us-east-1a.ec2messages.us-east-1.vpce.amazonaws.com",
                "hosted_zone_id": "Z7HUB22UULQXV"
              },
              {
                "dns_name": "vpce-01176b74936a6898e-w7w2k7dp-us-east-1b.ec2messages.us-east-1.vpce.amazonaws.com",
                "hosted_zone_id": "Z7HUB22UULQXV"
              },
              {
                "dns_name": "ec2messages.us-east-1.amazonaws.com",
                "hosted_zone_id": "Z04901293JVPXI8IRQUNQ"
              }
            ],
            "dns_options": [
              {
                "dns_record_ip_type": "ipv4",
                "private_dns_only_for_inbound_resolver_endpoint": false
              }
            ],
            "id": "vpce-01176b74936a6898e",
            "ip_address_type": "ipv4",
            "network_interface_ids": [
              "eni-05e0245a181f6a094",
              "eni-0ad1cc999dd6c2983"
            ],
            "owner_id": "051826703172",
            "policy": "{\"Statement\":[{\"Action\":\"*\",\"Effect\":\"Allow\",\"Principal\":\"*\",\"Resource\":\"*\"}]}",
            "prefix_list_id": null,
            "private_dns_enabled": true,
            "requester_managed": false,
            "resource_configuration_arn": "",
            "route_table_ids": [],
            "security_group_ids": [
              "sg-0764bea1e735643ed"
            ],
            "service_name": "com.amazonaws.us-east-1.ec2messages",
            "service_network_arn": "",
            "service_region": "us-east-1",
            "state": "available",
            "subnet_configuration": [
              {
                "ipv4": "10.0.10.138",
                "ipv6": "",
                "subnet_id": "subnet-0cb2c348da91d59dd"
              },
              {
                "ipv4": "10.0.11.141",
                "ipv6": "",
                "subnet_id": "subnet-071034a9d6ecbba3c"
              }
            ],
            "subnet_ids": [
              "subnet-071034a9d6ecbba3c",
              "subnet-0cb2c348da91d59dd"
            ],
            "tags": {
              "Name": "credentialmate-production-ec2messages-endpoint"
            },
            "tags_all": {
              "CostCenter": "Infrastructure",
              "Environment": "production",
              "HIPAA": "true",
              "ManagedBy": "Terraform",
              "Name": "credentialmate-production-ec2messages-endpoint",
              "Project": "CredentialMate"
            },
            "timeouts": null,
            "vpc_endpoint_type": "Interface",
            "vpc_id": "vpc-009c7a92b2822fd82"
          },
          "sensitive_attributes": [],
          "identity_schema_version": 0,
          "private": "eyJlMmJmYjczMC1lY2FhLTExZTYtOGY4OC0zNDM2M2JjN2M0YzAiOnsiY3JlYXRlIjo2MDAwMDAwMDAwMDAsImRlbGV0ZSI6NjAwMDAwMDAwMDAwLCJ1cGRhdGUiOjYwMDAwMDAwMDAwMH19",
          "dependencies": [
            "aws_security_group.vpc_endpoints",
            "aws_subnet.private",
            "aws_vpc.main"
          ]
        }
      ]
    },
    {
      "mode": "managed",
      "type": "aws_vpc_endpoint",
      "name": "ssm",
      "provider": "provider[\"registry.terraform.io/hashicorp/aws\"]",
      "instances": [
        {
          "schema_version": 0,
          "attributes": {
            "arn": "arn:aws:ec2:us-east-1:051826703172:vpc-endpoint/vpce-03509f9a1b64fdd56",
            "auto_accept": null,
            "cidr_blocks": [],
            "dns_entry": [
              {
                "dns_name": "vpce-03509f9a1b64fdd56-c02jdz9e.ssm.us-east-1.vpce.amazonaws.com",
                "hosted_zone_id": "Z7HUB22UULQXV"
              },
              {
                "dns_name": "vpce-03509f9a1b64fdd56-c02jdz9e-us-east-1a.ssm.us-east-1.vpce.amazonaws.com",
                "hosted_zone_id": "Z7HUB22UULQXV"
              },
              {
                "dns_name": "vpce-03509f9a1b64fdd56-c02jdz9e-us-east-1b.ssm.us-east-1.vpce.amazonaws.com",
                "hosted_zone_id": "Z7HUB22UULQXV"
              },
              {
                "dns_name": "ssm.us-east-1.amazonaws.com",
                "hosted_zone_id": "Z05643323UYPSKH5AORPF"
              },
              {
                "dns_name": "ssm.us-east-1.api.aws",
                "hosted_zone_id": "Z05652253C3RZ9J6TQP02"
              }
            ],
            "dns_options": [
              {
                "dns_record_ip_type": "ipv4",
                "private_dns_only_for_inbound_resolver_endpoint": false
              }
            ],
            "id": "vpce-03509f9a1b64fdd56",
            "ip_address_type": "ipv4",
            "network_interface_ids": [
              "eni-035f0ef76b4980735",
              "eni-0a50079a6e59ce223"
            ],
            "owner_id": "051826703172",
            "policy": "{\"Statement\":[{\"Action\":\"*\",\"Effect\":\"Allow\",\"Principal\":\"*\",\"Resource\":\"*\"}]}",
            "prefix_list_id": null,
            "private_dns_enabled": true,
            "requester_managed": false,
            "resource_configuration_arn": "",
            "route_table_ids": [],
            "security_group_ids": [
              "sg-0764bea1e735643ed"
            ],
            "service_name": "com.amazonaws.us-east-1.ssm",
            "service_network_arn": "",
            "service_region": "us-east-1",
            "state": "available",
            "subnet_configuration": [
              {
                "ipv4": "10.0.10.178",
                "ipv6": "",
                "subnet_id": "subnet-0cb2c348da91d59dd"
              },
              {
                "ipv4": "10.0.11.219",
                "ipv6": "",
                "subnet_id": "subnet-071034a9d6ecbba3c"
              }
            ],
            "subnet_ids": [
              "subnet-071034a9d6ecbba3c",
              "subnet-0cb2c348da91d59dd"
            ],
            "tags": {
              "Name": "credentialmate-production-ssm-endpoint"
            },
            "tags_all": {
              "CostCenter": "Infrastructure",
              "Environment": "production",
              "HIPAA": "true",
              "ManagedBy": "Terraform",
              "Name": "credentialmate-production-ssm-endpoint",
              "Project": "CredentialMate"
            },
            "timeouts": null,
            "vpc_endpoint_type": "Interface",
            "vpc_id": "vpc-009c7a92b2822fd82"
          },
          "sensitive_attributes": [],
          "identity_schema_version": 0,
          "private": "eyJlMmJmYjczMC1lY2FhLTExZTYtOGY4OC0zNDM2M2JjN2M0YzAiOnsiY3JlYXRlIjo2MDAwMDAwMDAwMDAsImRlbGV0ZSI6NjAwMDAwMDAwMDAwLCJ1cGRhdGUiOjYwMDAwMDAwMDAwMH19",
          "dependencies": [
            "aws_security_group.vpc_endpoints",
            "aws_subnet.private",
            "aws_vpc.main"
          ]
        }
      ]
    },
    {
      "mode": "managed",
      "type": "aws_vpc_endpoint",
      "name": "ssmmessages",
      "provider": "provider[\"registry.terraform.io/hashicorp/aws\"]",
      "instances": [
        {
          "schema_version": 0,
          "attributes": {
            "arn": "arn:aws:ec2:us-east-1:051826703172:vpc-endpoint/vpce-0f929301d0810cb3a",
            "auto_accept": null,
            "cidr_blocks": [],
            "dns_entry": [
              {
                "dns_name": "vpce-0f929301d0810cb3a-ppoy41ex.ssmmessages.us-east-1.vpce.amazonaws.com",
                "hosted_zone_id": "Z7HUB22UULQXV"
              },
              {
                "dns_name": "vpce-0f929301d0810cb3a-ppoy41ex-us-east-1b.ssmmessages.us-east-1.vpce.amazonaws.com",
                "hosted_zone_id": "Z7HUB22UULQXV"
              },
              {
                "dns_name": "vpce-0f929301d0810cb3a-ppoy41ex-us-east-1a.ssmmessages.us-east-1.vpce.amazonaws.com",
                "hosted_zone_id": "Z7HUB22UULQXV"
              },
              {
                "dns_name": "ssmmessages.us-east-1.amazonaws.com",
                "hosted_zone_id": "Z1038529171PNEWC000I"
              },
              {
                "dns_name": "ssmmessages.us-east-1.api.aws",
                "hosted_zone_id": "Z1037572AYV5I7RU8U9U"
              }
            ],
            "dns_options": [
              {
                "dns_record_ip_type": "ipv4",
                "private_dns_only_for_inbound_resolver_endpoint": false
              }
            ],
            "id": "vpce-0f929301d0810cb3a",
            "ip_address_type": "ipv4",
            "network_interface_ids": [
              "eni-09058a474f74073af",
              "eni-0ab7be67a9006e574"
            ],
            "owner_id": "051826703172",
            "policy": "{\"Statement\":[{\"Action\":\"*\",\"Effect\":\"Allow\",\"Principal\":\"*\",\"Resource\":\"*\"}]}",
            "prefix_list_id": null,
            "private_dns_enabled": true,
            "requester_managed": false,
            "resource_configuration_arn": "",
            "route_table_ids": [],
            "security_group_ids": [
              "sg-0764bea1e735643ed"
            ],
            "service_name": "com.amazonaws.us-east-1.ssmmessages",
            "service_network_arn": "",
            "service_region": "us-east-1",
            "state": "available",
            "subnet_configuration": [
              {
                "ipv4": "10.0.10.174",
                "ipv6": "",
                "subnet_id": "subnet-0cb2c348da91d59dd"
              },
              {
                "ipv4": "10.0.11.24",
                "ipv6": "",
                "subnet_id": "subnet-071034a9d6ecbba3c"
              }
            ],
            "subnet_ids": [
              "subnet-071034a9d6ecbba3c",
              "subnet-0cb2c348da91d59dd"
            ],
            "tags": {
              "Name": "credentialmate-production-ssmmessages-endpoint"
            },
            "tags_all": {
              "CostCenter": "Infrastructure",
              "Environment": "production",
              "HIPAA": "true",
              "ManagedBy": "Terraform",
              "Name": "credentialmate-production-ssmmessages-endpoint",
              "Project": "CredentialMate"
            },
            "timeouts": null,
            "vpc_endpoint_type": "Interface",
            "vpc_id": "vpc-009c7a92b2822fd82"
          },
          "sensitive_attributes": [],
          "identity_schema_version": 0,
          "private": "eyJlMmJmYjczMC1lY2FhLTExZTYtOGY4OC0zNDM2M2JjN2M0YzAiOnsiY3JlYXRlIjo2MDAwMDAwMDAwMDAsImRlbGV0ZSI6NjAwMDAwMDAwMDAwLCJ1cGRhdGUiOjYwMDAwMDAwMDAwMH19",
          "dependencies": [
            "aws_security_group.vpc_endpoints",
            "aws_subnet.private",
            "aws_vpc.main"
          ]
        }
      ]
    }
  ],
  "check_results": [
    {
      "object_kind": "var",
      "config_addr": "var.environment",
      "status": "pass",
      "objects": [
        {
          "object_addr": "var.environment",
          "status": "pass"
        }
      ]
    }
  ]
}
