{
  "version": 4,
  "terraform_version": "1.13.4",
  "serial": 18,
  "lineage": "dc82f181-d7eb-ab7e-5a8a-622f43667449",
  "outputs": {
    "iam_role_arn": {
      "value": "arn:aws:iam::051826703172:role/credentialmate-production-ec2-role",
      "type": "string"
    },
    "instance_id": {
      "value": "i-0bd4276dcec5e177f",
      "type": "string"
    },
    "next_steps": {
      "value": "\r\n============================================================================\r\nDEPLOYMENT COMPLETE - Next Steps\r\n============================================================================\r\n\r\n1. Update DNS (if not using Route 53):\r\n   Point credentialmate.com A record to: 98.90.20.53\r\n\r\n2. SSH into the instance:\r\n   ssh -i ~/.ssh/credentialmate-prod-key-2025.pem ec2-user@98.90.20.53\r\n\r\n3. Clone your repository:\r\n   cd /opt/credentialmate\r\n   git clone https://github.com/YOUR_ORG/credentialmate-app.git .\r\n\r\n4. Setup SSL (after DNS propagates):\r\n   sudo /opt/credentialmate/setup-ssl.sh\r\n\r\n5. Deploy the application:\r\n   /opt/credentialmate/deploy.sh\r\n\r\n6. Verify:\r\n   curl https://credentialmate.com/health\r\n\r\nEstimated monthly cost: $25-40\r\n============================================================================\r\n",
      "type": "string"
    },
    "public_dns": {
      "value": "ec2-98-90-20-53.compute-1.amazonaws.com",
      "type": "string"
    },
    "public_ip": {
      "value": "98.90.20.53",
      "type": "string"
    },
    "s3_bucket_arn": {
      "value": "arn:aws:s3:::credentialmate-production-documents",
      "type": "string"
    },
    "s3_bucket_name": {
      "value": "credentialmate-production-documents",
      "type": "string"
    },
    "secrets_manager_arns": {
      "value": {
        "aws_config": "arn:aws:secretsmanager:us-east-1:051826703172:secret:credentialmate/prod/aws-hAi9bG",
        "database": "arn:aws:secretsmanager:us-east-1:051826703172:secret:credentialmate/prod/database-UCpH5I",
        "encryption": "arn:aws:secretsmanager:us-east-1:051826703172:secret:credentialmate/prod/encryption-aEEMSH",
        "jwt": "arn:aws:secretsmanager:us-east-1:051826703172:secret:credentialmate/prod/jwt-hAi9bG"
      },
      "type": [
        "object",
        {
          "aws_config": "string",
          "database": "string",
          "encryption": "string",
          "jwt": "string"
        }
      ]
    },
    "security_group_id": {
      "value": "sg-058f715fdd253d46d",
      "type": "string"
    },
    "ssh_command": {
      "value": "ssh -i ~/.ssh/credentialmate-prod-key-2025.pem ec2-user@98.90.20.53",
      "type": "string"
    }
  },
  "resources": [
    {
      "mode": "data",
      "type": "aws_ami",
      "name": "amazon_linux",
      "provider": "provider[\"registry.terraform.io/hashicorp/aws\"]",
      "instances": [
        {
          "schema_version": 0,
          "attributes": {
            "architecture": "x86_64",
            "arn": "arn:aws:ec2:us-east-1::image/ami-03f4588dde8fcd614",
            "block_device_mappings": [
              {
                "device_name": "/dev/xvda",
                "ebs": {
                  "delete_on_termination": "true",
                  "encrypted": "false",
                  "iops": "3000",
                  "snapshot_id": "snap-071f0fdc44648c098",
                  "throughput": "125",
                  "volume_initialization_rate": "0",
                  "volume_size": "2",
                  "volume_type": "gp3"
                },
                "no_device": "",
                "virtual_name": ""
              }
            ],
            "boot_mode": "uefi-preferred",
            "creation_date": "2025-11-17T16:58:07.000Z",
            "deprecation_time": "2026-02-15T00:00:00.000Z",
            "description": "Amazon Linux 2023 AMI 2023.9.20251117.1 x86_64 Minimal HVM kernel-6.12",
            "ena_support": true,
            "executable_users": null,
            "filter": [
              {
                "name": "name",
                "values": [
                  "al2023-ami-*-x86_64"
                ]
              },
              {
                "name": "virtualization-type",
                "values": [
                  "hvm"
                ]
              }
            ],
            "hypervisor": "xen",
            "id": "ami-03f4588dde8fcd614",
            "image_id": "ami-03f4588dde8fcd614",
            "image_location": "amazon/al2023-ami-minimal-2023.9.20251117.1-kernel-6.12-x86_64",
            "image_owner_alias": "amazon",
            "image_type": "machine",
            "imds_support": "v2.0",
            "include_deprecated": false,
            "kernel_id": "",
            "last_launched_time": "",
            "most_recent": true,
            "name": "al2023-ami-minimal-2023.9.20251117.1-kernel-6.12-x86_64",
            "name_regex": null,
            "owner_id": "137112412989",
            "owners": [
              "amazon"
            ],
            "platform": "",
            "platform_details": "Linux/UNIX",
            "product_codes": [],
            "public": true,
            "ramdisk_id": "",
            "root_device_name": "/dev/xvda",
            "root_device_type": "ebs",
            "root_snapshot_id": "snap-071f0fdc44648c098",
            "sriov_net_support": "simple",
            "state": "available",
            "state_reason": {
              "code": "UNSET",
              "message": "UNSET"
            },
            "tags": {},
            "timeouts": null,
            "tpm_support": "",
            "uefi_data": null,
            "usage_operation": "RunInstances",
            "virtualization_type": "hvm"
          },
          "sensitive_attributes": [],
          "identity_schema_version": 0
        }
      ]
    },
    {
      "mode": "data",
      "type": "aws_subnets",
      "name": "default",
      "provider": "provider[\"registry.terraform.io/hashicorp/aws\"]",
      "instances": [
        {
          "schema_version": 0,
          "attributes": {
            "filter": [
              {
                "name": "vpc-id",
                "values": [
                  "vpc-0292eee792e306950"
                ]
              }
            ],
            "id": "us-east-1",
            "ids": [
              "subnet-0641633733ba9aca0",
              "subnet-0b1a1e488d01d3fdd",
              "subnet-01a94a9fabe1f229b",
              "subnet-01d8ae21de0b99e04",
              "subnet-08ab0be11ffe16070",
              "subnet-0318f05c1756ea4a0"
            ],
            "tags": null,
            "timeouts": null
          },
          "sensitive_attributes": [],
          "identity_schema_version": 0
        }
      ]
    },
    {
      "mode": "data",
      "type": "aws_vpc",
      "name": "default",
      "provider": "provider[\"registry.terraform.io/hashicorp/aws\"]",
      "instances": [
        {
          "schema_version": 0,
          "attributes": {
            "arn": "arn:aws:ec2:us-east-1:051826703172:vpc/vpc-0292eee792e306950",
            "cidr_block": "172.31.0.0/16",
            "cidr_block_associations": [
              {
                "association_id": "vpc-cidr-assoc-0b531dd3ac73a4d26",
                "cidr_block": "172.31.0.0/16",
                "state": "associated"
              }
            ],
            "default": true,
            "dhcp_options_id": "dopt-0d84df16d4651e528",
            "enable_dns_hostnames": true,
            "enable_dns_support": true,
            "enable_network_address_usage_metrics": false,
            "filter": null,
            "id": "vpc-0292eee792e306950",
            "instance_tenancy": "default",
            "ipv6_association_id": "",
            "ipv6_cidr_block": "",
            "main_route_table_id": "rtb-08f88600287ddc310",
            "owner_id": "051826703172",
            "state": null,
            "tags": {},
            "timeouts": null
          },
          "sensitive_attributes": [],
          "identity_schema_version": 0
        }
      ]
    },
    {
      "mode": "managed",
      "type": "aws_eip",
      "name": "app",
      "provider": "provider[\"registry.terraform.io/hashicorp/aws\"]",
      "instances": [
        {
          "schema_version": 0,
          "attributes": {
            "address": null,
            "allocation_id": "eipalloc-0381cb40cd60bd17b",
            "arn": "arn:aws:ec2:us-east-1:051826703172:elastic-ip/eipalloc-0381cb40cd60bd17b",
            "associate_with_private_ip": null,
            "association_id": "eipassoc-0768d0b33908fc29d",
            "carrier_ip": "",
            "customer_owned_ip": "",
            "customer_owned_ipv4_pool": "",
            "domain": "vpc",
            "id": "eipalloc-0381cb40cd60bd17b",
            "instance": "i-0bd4276dcec5e177f",
            "ipam_pool_id": null,
            "network_border_group": "us-east-1",
            "network_interface": "eni-0b5b14144b78c2fe3",
            "private_dns": "ip-172-31-64-195.ec2.internal",
            "private_ip": "172.31.64.195",
            "ptr_record": "",
            "public_dns": "ec2-98-90-20-53.compute-1.amazonaws.com",
            "public_ip": "98.90.20.53",
            "public_ipv4_pool": "amazon",
            "tags": {
              "Name": "credentialmate-production-eip"
            },
            "tags_all": {
              "Environment": "production",
              "ManagedBy": "Terraform",
              "Name": "credentialmate-production-eip",
              "Owner": "mylaiviet",
              "Project": "CredentialMate"
            },
            "timeouts": null,
            "vpc": true
          },
          "sensitive_attributes": [],
          "identity_schema_version": 0,
          "private": "eyJlMmJmYjczMC1lY2FhLTExZTYtOGY4OC0zNDM2M2JjN2M0YzAiOnsiZGVsZXRlIjoxODAwMDAwMDAwMDAsInJlYWQiOjkwMDAwMDAwMDAwMCwidXBkYXRlIjozMDAwMDAwMDAwMDB9fQ==",
          "dependencies": [
            "aws_iam_instance_profile.ec2_profile",
            "aws_iam_role.ec2_role",
            "aws_instance.app",
            "aws_s3_bucket.documents",
            "aws_security_group.app",
            "data.aws_ami.amazon_linux",
            "data.aws_subnets.default",
            "data.aws_vpc.default"
          ]
        }
      ]
    },
    {
      "mode": "managed",
      "type": "aws_iam_instance_profile",
      "name": "ec2_profile",
      "provider": "provider[\"registry.terraform.io/hashicorp/aws\"]",
      "instances": [
        {
          "schema_version": 0,
          "attributes": {
            "arn": "arn:aws:iam::051826703172:instance-profile/credentialmate-production-ec2-profile",
            "create_date": "2025-11-19T19:04:12Z",
            "id": "credentialmate-production-ec2-profile",
            "name": "credentialmate-production-ec2-profile",
            "name_prefix": "",
            "path": "/",
            "role": "credentialmate-production-ec2-role",
            "tags": null,
            "tags_all": {
              "Environment": "production",
              "ManagedBy": "Terraform",
              "Owner": "mylaiviet",
              "Project": "CredentialMate"
            },
            "unique_id": "AIPAQYEI4XNCLVE2YSDBF"
          },
          "sensitive_attributes": [],
          "identity_schema_version": 0,
          "private": "bnVsbA==",
          "dependencies": [
            "aws_iam_role.ec2_role"
          ]
        }
      ]
    },
    {
      "mode": "managed",
      "type": "aws_iam_role",
      "name": "ec2_role",
      "provider": "provider[\"registry.terraform.io/hashicorp/aws\"]",
      "instances": [
        {
          "schema_version": 0,
          "attributes": {
            "arn": "arn:aws:iam::051826703172:role/credentialmate-production-ec2-role",
            "assume_role_policy": "{\"Statement\":[{\"Action\":\"sts:AssumeRole\",\"Effect\":\"Allow\",\"Principal\":{\"Service\":\"ec2.amazonaws.com\"}}],\"Version\":\"2012-10-17\"}",
            "create_date": "2025-11-19T19:04:11Z",
            "description": "",
            "force_detach_policies": false,
            "id": "credentialmate-production-ec2-role",
            "inline_policy": [],
            "managed_policy_arns": [],
            "max_session_duration": 3600,
            "name": "credentialmate-production-ec2-role",
            "name_prefix": "",
            "path": "/",
            "permissions_boundary": "",
            "tags": null,
            "tags_all": {
              "Environment": "production",
              "ManagedBy": "Terraform",
              "Owner": "mylaiviet",
              "Project": "CredentialMate"
            },
            "unique_id": "AROAQYEI4XNCEED74E6UC"
          },
          "sensitive_attributes": [],
          "identity_schema_version": 0,
          "private": "bnVsbA=="
        }
      ]
    },
    {
      "mode": "managed",
      "type": "aws_iam_role_policy",
      "name": "ec2_policy",
      "provider": "provider[\"registry.terraform.io/hashicorp/aws\"]",
      "instances": [
        {
          "schema_version": 0,
          "attributes": {
            "id": "credentialmate-production-ec2-role:credentialmate-production-ec2-policy",
            "name": "credentialmate-production-ec2-policy",
            "name_prefix": "",
            "policy": "{\"Version\":\"2012-10-17\",\"Statement\":[{\"Action\":[\"s3:GetObject\",\"s3:PutObject\",\"s3:DeleteObject\",\"s3:ListBucket\"],\"Effect\":\"Allow\",\"Resource\":[\"arn:aws:s3:::credentialmate-production-documents\",\"arn:aws:s3:::credentialmate-production-documents/*\"]},{\"Action\":[\"secretsmanager:GetSecretValue\"],\"Effect\":\"Allow\",\"Resource\":[\"arn:aws:secretsmanager:us-east-1:*:secret:credentialmate/*\"]},{\"Action\":[\"bedrock:InvokeModel\"],\"Effect\":\"Allow\",\"Resource\":\"*\"},{\"Action\":[\"ses:SendEmail\",\"ses:SendRawEmail\"],\"Effect\":\"Allow\",\"Resource\":\"*\"},{\"Action\":[\"logs:CreateLogGroup\",\"logs:CreateLogStream\",\"logs:PutLogEvents\"],\"Effect\":\"Allow\",\"Resource\":\"*\"}]}",
            "role": "credentialmate-production-ec2-role"
          },
          "sensitive_attributes": [],
          "identity_schema_version": 0,
          "private": "bnVsbA==",
          "dependencies": [
            "aws_iam_role.ec2_role",
            "aws_s3_bucket.documents"
          ]
        }
      ]
    },
    {
      "mode": "managed",
      "type": "aws_instance",
      "name": "app",
      "provider": "provider[\"registry.terraform.io/hashicorp/aws\"]",
      "instances": [
        {
          "schema_version": 1,
          "attributes": {
            "ami": "ami-03f4588dde8fcd614",
            "arn": "arn:aws:ec2:us-east-1:051826703172:instance/i-0bd4276dcec5e177f",
            "associate_public_ip_address": true,
            "availability_zone": "us-east-1f",
            "capacity_reservation_specification": [
              {
                "capacity_reservation_preference": "open",
                "capacity_reservation_target": []
              }
            ],
            "cpu_core_count": 1,
            "cpu_options": [
              {
                "amd_sev_snp": "",
                "core_count": 1,
                "threads_per_core": 2
              }
            ],
            "cpu_threads_per_core": 2,
            "credit_specification": [
              {
                "cpu_credits": "unlimited"
              }
            ],
            "disable_api_stop": false,
            "disable_api_termination": false,
            "ebs_block_device": [],
            "ebs_optimized": false,
            "enable_primary_ipv6": null,
            "enclave_options": [
              {
                "enabled": false
              }
            ],
            "ephemeral_block_device": [],
            "get_password_data": false,
            "hibernation": false,
            "host_id": "",
            "host_resource_group_arn": null,
            "iam_instance_profile": "credentialmate-production-ec2-profile",
            "id": "i-0bd4276dcec5e177f",
            "instance_initiated_shutdown_behavior": "stop",
            "instance_lifecycle": "",
            "instance_market_options": [],
            "instance_state": "running",
            "instance_type": "t3.small",
            "ipv6_address_count": 0,
            "ipv6_addresses": [],
            "key_name": "credentialmate-prod-key-2025",
            "launch_template": [],
            "maintenance_options": [
              {
                "auto_recovery": "default"
              }
            ],
            "metadata_options": [
              {
                "http_endpoint": "enabled",
                "http_protocol_ipv6": "disabled",
                "http_put_response_hop_limit": 2,
                "http_tokens": "required",
                "instance_metadata_tags": "disabled"
              }
            ],
            "monitoring": false,
            "network_interface": [],
            "outpost_arn": "",
            "password_data": "",
            "placement_group": "",
            "placement_partition_number": 0,
            "primary_network_interface_id": "eni-0b5b14144b78c2fe3",
            "private_dns": "ip-172-31-64-195.ec2.internal",
            "private_dns_name_options": [
              {
                "enable_resource_name_dns_a_record": false,
                "enable_resource_name_dns_aaaa_record": false,
                "hostname_type": "ip-name"
              }
            ],
            "private_ip": "172.31.64.195",
            "public_dns": "ec2-98-92-83-238.compute-1.amazonaws.com",
            "public_ip": "98.92.83.238",
            "root_block_device": [
              {
                "delete_on_termination": true,
                "device_name": "/dev/xvda",
                "encrypted": true,
                "iops": 3000,
                "kms_key_id": "arn:aws:kms:us-east-1:051826703172:key/d11ed787-423a-4fba-8c50-34049cea3cb0",
                "tags": null,
                "tags_all": {
                  "Environment": "production",
                  "ManagedBy": "Terraform",
                  "Owner": "mylaiviet",
                  "Project": "CredentialMate"
                },
                "throughput": 125,
                "volume_id": "vol-02bcc87be181c335e",
                "volume_size": 20,
                "volume_type": "gp3"
              }
            ],
            "secondary_private_ips": [],
            "security_groups": [
              "credentialmate-production-sg"
            ],
            "source_dest_check": true,
            "spot_instance_request_id": "",
            "subnet_id": "subnet-0641633733ba9aca0",
            "tags": {
              "Name": "credentialmate-production-app"
            },
            "tags_all": {
              "Environment": "production",
              "ManagedBy": "Terraform",
              "Name": "credentialmate-production-app",
              "Owner": "mylaiviet",
              "Project": "CredentialMate"
            },
            "tenancy": "default",
            "timeouts": null,
            "user_data": "a99c4bfa3bc79ac84922203865bee872ffebf12e",
            "user_data_base64": null,
            "user_data_replace_on_change": false,
            "volume_tags": null,
            "vpc_security_group_ids": [
              "sg-058f715fdd253d46d"
            ]
          },
          "sensitive_attributes": [
            [
              {
                "type": "get_attr",
                "value": "user_data"
              }
            ]
          ],
          "identity_schema_version": 0,
          "private": "eyJlMmJmYjczMC1lY2FhLTExZTYtOGY4OC0zNDM2M2JjN2M0YzAiOnsiY3JlYXRlIjo2MDAwMDAwMDAwMDAsImRlbGV0ZSI6MTIwMDAwMDAwMDAwMCwicmVhZCI6OTAwMDAwMDAwMDAwLCJ1cGRhdGUiOjYwMDAwMDAwMDAwMH0sInNjaGVtYV92ZXJzaW9uIjoiMSJ9",
          "dependencies": [
            "aws_iam_instance_profile.ec2_profile",
            "aws_iam_role.ec2_role",
            "aws_s3_bucket.documents",
            "aws_security_group.app",
            "data.aws_ami.amazon_linux",
            "data.aws_subnets.default",
            "data.aws_vpc.default"
          ]
        }
      ]
    },
    {
      "mode": "managed",
      "type": "aws_s3_bucket",
      "name": "documents",
      "provider": "provider[\"registry.terraform.io/hashicorp/aws\"]",
      "instances": [
        {
          "schema_version": 0,
          "attributes": {
            "acceleration_status": "",
            "acl": null,
            "arn": "arn:aws:s3:::credentialmate-production-documents",
            "bucket": "credentialmate-production-documents",
            "bucket_domain_name": "credentialmate-production-documents.s3.amazonaws.com",
            "bucket_prefix": "",
            "bucket_regional_domain_name": "credentialmate-production-documents.s3.us-east-1.amazonaws.com",
            "cors_rule": [],
            "force_destroy": false,
            "grant": [
              {
                "id": "dc9ea3281ee1b24d0213a4298d141d82728f68c3601230761200d152587e75d0",
                "permissions": [
                  "FULL_CONTROL"
                ],
                "type": "CanonicalUser",
                "uri": ""
              }
            ],
            "hosted_zone_id": "Z3AQBSTGFYJSTF",
            "id": "credentialmate-production-documents",
            "lifecycle_rule": [],
            "logging": [],
            "object_lock_configuration": [],
            "object_lock_enabled": false,
            "policy": "",
            "region": "us-east-1",
            "replication_configuration": [],
            "request_payer": "BucketOwner",
            "server_side_encryption_configuration": [
              {
                "rule": [
                  {
                    "apply_server_side_encryption_by_default": [
                      {
                        "kms_master_key_id": "",
                        "sse_algorithm": "AES256"
                      }
                    ],
                    "bucket_key_enabled": false
                  }
                ]
              }
            ],
            "tags": {
              "Name": "credentialmate-production-documents"
            },
            "tags_all": {
              "Environment": "production",
              "ManagedBy": "Terraform",
              "Name": "credentialmate-production-documents",
              "Owner": "mylaiviet",
              "Project": "CredentialMate"
            },
            "timeouts": null,
            "versioning": [
              {
                "enabled": false,
                "mfa_delete": false
              }
            ],
            "website": [],
            "website_domain": null,
            "website_endpoint": null
          },
          "sensitive_attributes": [],
          "identity_schema_version": 0,
          "private": "eyJlMmJmYjczMC1lY2FhLTExZTYtOGY4OC0zNDM2M2JjN2M0YzAiOnsiY3JlYXRlIjoxMjAwMDAwMDAwMDAwLCJkZWxldGUiOjM2MDAwMDAwMDAwMDAsInJlYWQiOjEyMDAwMDAwMDAwMDAsInVwZGF0ZSI6MTIwMDAwMDAwMDAwMH19"
        }
      ]
    },
    {
      "mode": "managed",
      "type": "aws_s3_bucket_public_access_block",
      "name": "documents",
      "provider": "provider[\"registry.terraform.io/hashicorp/aws\"]",
      "instances": [
        {
          "schema_version": 0,
          "attributes": {
            "block_public_acls": true,
            "block_public_policy": true,
            "bucket": "credentialmate-production-documents",
            "id": "credentialmate-production-documents",
            "ignore_public_acls": true,
            "restrict_public_buckets": true
          },
          "sensitive_attributes": [],
          "identity_schema_version": 0,
          "private": "bnVsbA==",
          "dependencies": [
            "aws_s3_bucket.documents"
          ]
        }
      ]
    },
    {
      "mode": "managed",
      "type": "aws_s3_bucket_server_side_encryption_configuration",
      "name": "documents",
      "provider": "provider[\"registry.terraform.io/hashicorp/aws\"]",
      "instances": [
        {
          "schema_version": 0,
          "attributes": {
            "bucket": "credentialmate-production-documents",
            "expected_bucket_owner": "",
            "id": "credentialmate-production-documents",
            "rule": [
              {
                "apply_server_side_encryption_by_default": [
                  {
                    "kms_master_key_id": "",
                    "sse_algorithm": "AES256"
                  }
                ],
                "bucket_key_enabled": null
              }
            ]
          },
          "sensitive_attributes": [],
          "identity_schema_version": 0,
          "private": "bnVsbA==",
          "dependencies": [
            "aws_s3_bucket.documents"
          ]
        }
      ]
    },
    {
      "mode": "managed",
      "type": "aws_s3_bucket_versioning",
      "name": "documents",
      "provider": "provider[\"registry.terraform.io/hashicorp/aws\"]",
      "instances": [
        {
          "schema_version": 0,
          "attributes": {
            "bucket": "credentialmate-production-documents",
            "expected_bucket_owner": "",
            "id": "credentialmate-production-documents",
            "mfa": null,
            "versioning_configuration": [
              {
                "mfa_delete": "",
                "status": "Enabled"
              }
            ]
          },
          "sensitive_attributes": [],
          "identity_schema_version": 0,
          "private": "bnVsbA==",
          "dependencies": [
            "aws_s3_bucket.documents"
          ]
        }
      ]
    },
    {
      "mode": "managed",
      "type": "aws_secretsmanager_secret",
      "name": "aws_config",
      "provider": "provider[\"registry.terraform.io/hashicorp/aws\"]",
      "instances": [
        {
          "schema_version": 0,
          "attributes": {
            "arn": "arn:aws:secretsmanager:us-east-1:051826703172:secret:credentialmate/prod/aws-hAi9bG",
            "description": "",
            "force_overwrite_replica_secret": false,
            "id": "arn:aws:secretsmanager:us-east-1:051826703172:secret:credentialmate/prod/aws-hAi9bG",
            "kms_key_id": "",
            "name": "credentialmate/prod/aws",
            "name_prefix": "",
            "policy": "",
            "recovery_window_in_days": 30,
            "replica": [],
            "tags": {
              "Name": "credentialmate-aws-config-secret"
            },
            "tags_all": {
              "Environment": "production",
              "ManagedBy": "Terraform",
              "Name": "credentialmate-aws-config-secret",
              "Owner": "mylaiviet",
              "Project": "CredentialMate"
            }
          },
          "sensitive_attributes": [],
          "identity_schema_version": 0,
          "private": "bnVsbA=="
        }
      ]
    },
    {
      "mode": "managed",
      "type": "aws_secretsmanager_secret",
      "name": "database",
      "provider": "provider[\"registry.terraform.io/hashicorp/aws\"]",
      "instances": [
        {
          "schema_version": 0,
          "attributes": {
            "arn": "arn:aws:secretsmanager:us-east-1:051826703172:secret:credentialmate/prod/database-UCpH5I",
            "description": "",
            "force_overwrite_replica_secret": false,
            "id": "arn:aws:secretsmanager:us-east-1:051826703172:secret:credentialmate/prod/database-UCpH5I",
            "kms_key_id": "",
            "name": "credentialmate/prod/database",
            "name_prefix": "",
            "policy": "",
            "recovery_window_in_days": 30,
            "replica": [],
            "tags": {
              "Name": "credentialmate-database-secret"
            },
            "tags_all": {
              "Environment": "production",
              "ManagedBy": "Terraform",
              "Name": "credentialmate-database-secret",
              "Owner": "mylaiviet",
              "Project": "CredentialMate"
            }
          },
          "sensitive_attributes": [],
          "identity_schema_version": 0,
          "private": "bnVsbA=="
        }
      ]
    },
    {
      "mode": "managed",
      "type": "aws_secretsmanager_secret",
      "name": "encryption",
      "provider": "provider[\"registry.terraform.io/hashicorp/aws\"]",
      "instances": [
        {
          "schema_version": 0,
          "attributes": {
            "arn": "arn:aws:secretsmanager:us-east-1:051826703172:secret:credentialmate/prod/encryption-aEEMSH",
            "description": "",
            "force_overwrite_replica_secret": false,
            "id": "arn:aws:secretsmanager:us-east-1:051826703172:secret:credentialmate/prod/encryption-aEEMSH",
            "kms_key_id": "",
            "name": "credentialmate/prod/encryption",
            "name_prefix": "",
            "policy": "",
            "recovery_window_in_days": 30,
            "replica": [],
            "tags": {
              "Name": "credentialmate-encryption-secret"
            },
            "tags_all": {
              "Environment": "production",
              "ManagedBy": "Terraform",
              "Name": "credentialmate-encryption-secret",
              "Owner": "mylaiviet",
              "Project": "CredentialMate"
            }
          },
          "sensitive_attributes": [],
          "identity_schema_version": 0,
          "private": "bnVsbA=="
        }
      ]
    },
    {
      "mode": "managed",
      "type": "aws_secretsmanager_secret",
      "name": "jwt",
      "provider": "provider[\"registry.terraform.io/hashicorp/aws\"]",
      "instances": [
        {
          "schema_version": 0,
          "attributes": {
            "arn": "arn:aws:secretsmanager:us-east-1:051826703172:secret:credentialmate/prod/jwt-hAi9bG",
            "description": "",
            "force_overwrite_replica_secret": false,
            "id": "arn:aws:secretsmanager:us-east-1:051826703172:secret:credentialmate/prod/jwt-hAi9bG",
            "kms_key_id": "",
            "name": "credentialmate/prod/jwt",
            "name_prefix": "",
            "policy": "",
            "recovery_window_in_days": 30,
            "replica": [],
            "tags": {
              "Name": "credentialmate-jwt-secret"
            },
            "tags_all": {
              "Environment": "production",
              "ManagedBy": "Terraform",
              "Name": "credentialmate-jwt-secret",
              "Owner": "mylaiviet",
              "Project": "CredentialMate"
            }
          },
          "sensitive_attributes": [],
          "identity_schema_version": 0,
          "private": "bnVsbA=="
        }
      ]
    },
    {
      "mode": "managed",
      "type": "aws_secretsmanager_secret_version",
      "name": "aws_config",
      "provider": "provider[\"registry.terraform.io/hashicorp/aws\"]",
      "instances": [
        {
          "schema_version": 0,
          "attributes": {
            "arn": "arn:aws:secretsmanager:us-east-1:051826703172:secret:credentialmate/prod/aws-hAi9bG",
            "has_secret_string_wo": null,
            "id": "arn:aws:secretsmanager:us-east-1:051826703172:secret:credentialmate/prod/aws-hAi9bG|terraform-20251119190412861800000008",
            "secret_binary": "",
            "secret_id": "arn:aws:secretsmanager:us-east-1:051826703172:secret:credentialmate/prod/aws-hAi9bG",
            "secret_string": "{\"region\":\"us-east-1\",\"s3_bucket\":\"credentialmate-production-documents\"}",
            "secret_string_wo": null,
            "secret_string_wo_version": null,
            "version_id": "terraform-20251119190412861800000008",
            "version_stages": [
              "AWSCURRENT"
            ]
          },
          "sensitive_attributes": [
            [
              {
                "type": "get_attr",
                "value": "secret_binary"
              }
            ],
            [
              {
                "type": "get_attr",
                "value": "secret_string"
              }
            ],
            [
              {
                "type": "get_attr",
                "value": "secret_string_wo"
              }
            ]
          ],
          "identity_schema_version": 0,
          "private": "bnVsbA==",
          "dependencies": [
            "aws_s3_bucket.documents",
            "aws_secretsmanager_secret.aws_config"
          ]
        }
      ]
    },
    {
      "mode": "managed",
      "type": "aws_secretsmanager_secret_version",
      "name": "database",
      "provider": "provider[\"registry.terraform.io/hashicorp/aws\"]",
      "instances": [
        {
          "schema_version": 0,
          "attributes": {
            "arn": "arn:aws:secretsmanager:us-east-1:051826703172:secret:credentialmate/prod/database-UCpH5I",
            "has_secret_string_wo": null,
            "id": "arn:aws:secretsmanager:us-east-1:051826703172:secret:credentialmate/prod/database-UCpH5I|terraform-20251119190411897600000005",
            "secret_binary": "",
            "secret_id": "arn:aws:secretsmanager:us-east-1:051826703172:secret:credentialmate/prod/database-UCpH5I",
            "secret_string": "{\"connection_string\":\"postgresql://credentialmate:To9gYyqyZAJVYObE6EK5kFLHLF8gWCTV@localhost:5432/credentialmate\",\"database\":\"credentialmate\",\"host\":\"localhost\",\"password\":\"To9gYyqyZAJVYObE6EK5kFLHLF8gWCTV\",\"port\":\"5432\",\"username\":\"credentialmate\"}",
            "secret_string_wo": null,
            "secret_string_wo_version": null,
            "version_id": "terraform-20251119190411897600000005",
            "version_stages": []
          },
          "sensitive_attributes": [
            [
              {
                "type": "get_attr",
                "value": "secret_binary"
              }
            ],
            [
              {
                "type": "get_attr",
                "value": "secret_string"
              }
            ],
            [
              {
                "type": "get_attr",
                "value": "secret_string_wo"
              }
            ]
          ],
          "identity_schema_version": 0,
          "private": "bnVsbA==",
          "dependencies": [
            "aws_secretsmanager_secret.database"
          ]
        }
      ]
    },
    {
      "mode": "managed",
      "type": "aws_secretsmanager_secret_version",
      "name": "encryption",
      "provider": "provider[\"registry.terraform.io/hashicorp/aws\"]",
      "instances": [
        {
          "schema_version": 0,
          "attributes": {
            "arn": "arn:aws:secretsmanager:us-east-1:051826703172:secret:credentialmate/prod/encryption-aEEMSH",
            "has_secret_string_wo": null,
            "id": "arn:aws:secretsmanager:us-east-1:051826703172:secret:credentialmate/prod/encryption-aEEMSH|terraform-20251119190411925000000007",
            "secret_binary": "",
            "secret_id": "arn:aws:secretsmanager:us-east-1:051826703172:secret:credentialmate/prod/encryption-aEEMSH",
            "secret_string": "{\"key\":\"vTCV7-H4BW0hHgGT23pUt8OPUhT42YiDSk3WthoWDqw=\"}",
            "secret_string_wo": null,
            "secret_string_wo_version": null,
            "version_id": "terraform-20251119190411925000000007",
            "version_stages": [
              "AWSCURRENT"
            ]
          },
          "sensitive_attributes": [
            [
              {
                "type": "get_attr",
                "value": "secret_binary"
              }
            ],
            [
              {
                "type": "get_attr",
                "value": "secret_string"
              }
            ],
            [
              {
                "type": "get_attr",
                "value": "secret_string_wo"
              }
            ]
          ],
          "identity_schema_version": 0,
          "private": "bnVsbA==",
          "dependencies": [
            "aws_secretsmanager_secret.encryption"
          ]
        }
      ]
    },
    {
      "mode": "managed",
      "type": "aws_secretsmanager_secret_version",
      "name": "jwt",
      "provider": "provider[\"registry.terraform.io/hashicorp/aws\"]",
      "instances": [
        {
          "schema_version": 0,
          "attributes": {
            "arn": "arn:aws:secretsmanager:us-east-1:051826703172:secret:credentialmate/prod/jwt-hAi9bG",
            "has_secret_string_wo": null,
            "id": "arn:aws:secretsmanager:us-east-1:051826703172:secret:credentialmate/prod/jwt-hAi9bG|terraform-20251119190411897600000006",
            "secret_binary": "",
            "secret_id": "arn:aws:secretsmanager:us-east-1:051826703172:secret:credentialmate/prod/jwt-hAi9bG",
            "secret_string": "{\"secret_key\":\"556a6066ca113ae1755f73915277bb0ea759052997cc14b830b9802a9d41af39\"}",
            "secret_string_wo": null,
            "secret_string_wo_version": null,
            "version_id": "terraform-20251119190411897600000006",
            "version_stages": []
          },
          "sensitive_attributes": [
            [
              {
                "type": "get_attr",
                "value": "secret_binary"
              }
            ],
            [
              {
                "type": "get_attr",
                "value": "secret_string"
              }
            ],
            [
              {
                "type": "get_attr",
                "value": "secret_string_wo"
              }
            ]
          ],
          "identity_schema_version": 0,
          "private": "bnVsbA==",
          "dependencies": [
            "aws_secretsmanager_secret.jwt"
          ]
        }
      ]
    },
    {
      "mode": "managed",
      "type": "aws_security_group",
      "name": "app",
      "provider": "provider[\"registry.terraform.io/hashicorp/aws\"]",
      "instances": [
        {
          "schema_version": 1,
          "attributes": {
            "arn": "arn:aws:ec2:us-east-1:051826703172:security-group/sg-058f715fdd253d46d",
            "description": "Security group for CredentialMate EC2 instance",
            "egress": [
              {
                "cidr_blocks": [
                  "0.0.0.0/0"
                ],
                "description": "",
                "from_port": 0,
                "ipv6_cidr_blocks": [],
                "prefix_list_ids": [],
                "protocol": "-1",
                "security_groups": [],
                "self": false,
                "to_port": 0
              }
            ],
            "id": "sg-058f715fdd253d46d",
            "ingress": [
              {
                "cidr_blocks": [
                  "0.0.0.0/0"
                ],
                "description": "HTTP access",
                "from_port": 80,
                "ipv6_cidr_blocks": [],
                "prefix_list_ids": [],
                "protocol": "tcp",
                "security_groups": [],
                "self": false,
                "to_port": 80
              },
              {
                "cidr_blocks": [
                  "0.0.0.0/0"
                ],
                "description": "HTTPS access",
                "from_port": 443,
                "ipv6_cidr_blocks": [],
                "prefix_list_ids": [],
                "protocol": "tcp",
                "security_groups": [],
                "self": false,
                "to_port": 443
              },
              {
                "cidr_blocks": [
                  "136.34.120.196/32"
                ],
                "description": "SSH access",
                "from_port": 22,
                "ipv6_cidr_blocks": [],
                "prefix_list_ids": [],
                "protocol": "tcp",
                "security_groups": [],
                "self": false,
                "to_port": 22
              }
            ],
            "name": "credentialmate-production-sg",
            "name_prefix": "",
            "owner_id": "051826703172",
            "revoke_rules_on_delete": false,
            "tags": {
              "Name": "credentialmate-production-sg"
            },
            "tags_all": {
              "Environment": "production",
              "ManagedBy": "Terraform",
              "Name": "credentialmate-production-sg",
              "Owner": "mylaiviet",
              "Project": "CredentialMate"
            },
            "timeouts": null,
            "vpc_id": "vpc-0292eee792e306950"
          },
          "sensitive_attributes": [],
          "identity_schema_version": 0,
          "private": "eyJlMmJmYjczMC1lY2FhLTExZTYtOGY4OC0zNDM2M2JjN2M0YzAiOnsiY3JlYXRlIjo2MDAwMDAwMDAwMDAsImRlbGV0ZSI6OTAwMDAwMDAwMDAwfSwic2NoZW1hX3ZlcnNpb24iOiIxIn0=",
          "dependencies": [
            "data.aws_vpc.default"
          ]
        }
      ]
    }
  ],
  "check_results": null
}
